// !$*UTF8*$!
{
	archiveVersion = 1;
	classes = {
	};
	objectVersion = 56;
	objects = {

/* Begin PBXBuildFile section */
		5A087F632A350E1300BDCA99 /* Metal.framework in Frameworks */ = {isa = PBXBuildFile; fileRef = 5A426A1F2A2E84EF00EE9F46 /* Metal.framework */; };
		5A087F642A350E2000BDCA99 /* Foundation.framework in Frameworks */ = {isa = PBXBuildFile; fileRef = 5A426A2B2A2E857500EE9F46 /* Foundation.framework */; };
		5A087F652A350E2600BDCA99 /* QuartzCore.framework in Frameworks */ = {isa = PBXBuildFile; fileRef = 5A426A292A2E856200EE9F46 /* QuartzCore.framework */; };
		5A32C0742A64887D002327BC /* 05.png in Resources */ = {isa = PBXBuildFile; fileRef = 5A32C0722A64887C002327BC /* 05.png */; };
		5A32C0752A64887D002327BC /* 05.png in Resources */ = {isa = PBXBuildFile; fileRef = 5A32C0722A64887C002327BC /* 05.png */; };
		5A32C0762A64887D002327BC /* 06.png in Resources */ = {isa = PBXBuildFile; fileRef = 5A32C0732A64887D002327BC /* 06.png */; };
		5A32C0772A64887D002327BC /* 06.png in Resources */ = {isa = PBXBuildFile; fileRef = 5A32C0732A64887D002327BC /* 06.png */; };
		5A32C0782A648D7A002327BC /* cone.obj in Resources */ = {isa = PBXBuildFile; fileRef = 5A7E016F2A4B8FD20002592C /* cone.obj */; };
		5A32C0792A648D7A002327BC /* bunny-fine.obj in Resources */ = {isa = PBXBuildFile; fileRef = 5A7E01702A4B8FD20002592C /* bunny-fine.obj */; };
		5A32C07A2A648D7A002327BC /* bunny.obj in Resources */ = {isa = PBXBuildFile; fileRef = 5A7E01712A4B8FD20002592C /* bunny.obj */; };
		5A32C07B2A648D7A002327BC /* cube.obj in Resources */ = {isa = PBXBuildFile; fileRef = 5A7E01722A4B8FD20002592C /* cube.obj */; };
		5A32C07C2A648D7A002327BC /* teapot.obj in Resources */ = {isa = PBXBuildFile; fileRef = 5A7E01732A4B8FD20002592C /* teapot.obj */; };
		5A32C07D2A648D7A002327BC /* cylinder.obj in Resources */ = {isa = PBXBuildFile; fileRef = 5A7E01742A4B8FD20002592C /* cylinder.obj */; };
		5A32C07E2A648D7A002327BC /* floor.mtl in Resources */ = {isa = PBXBuildFile; fileRef = 5A7E01762A4B8FD20002592C /* floor.mtl */; };
		5A32C07F2A648D7A002327BC /* plate4.obj in Resources */ = {isa = PBXBuildFile; fileRef = 5A7E01772A4B8FD20002592C /* plate4.obj */; };
		5A32C0802A648D7A002327BC /* plate1.obj in Resources */ = {isa = PBXBuildFile; fileRef = 5A7E01782A4B8FD20002592C /* plate1.obj */; };
		5A32C0812A648D7A002327BC /* plate2.obj in Resources */ = {isa = PBXBuildFile; fileRef = 5A7E01792A4B8FD20002592C /* plate2.obj */; };
		5A32C0822A648D7A002327BC /* plate3.obj in Resources */ = {isa = PBXBuildFile; fileRef = 5A7E017A2A4B8FD20002592C /* plate3.obj */; };
		5A32C0832A648D7A002327BC /* plate4.mtl in Resources */ = {isa = PBXBuildFile; fileRef = 5A7E017B2A4B8FD20002592C /* plate4.mtl */; };
		5A32C0842A648D7A002327BC /* floor.obj in Resources */ = {isa = PBXBuildFile; fileRef = 5A7E017C2A4B8FD20002592C /* floor.obj */; };
		5A32C0852A648D7A002327BC /* plate2.mtl in Resources */ = {isa = PBXBuildFile; fileRef = 5A7E017D2A4B8FD20002592C /* plate2.mtl */; };
		5A32C0862A648D7A002327BC /* plate3.mtl in Resources */ = {isa = PBXBuildFile; fileRef = 5A7E017E2A4B8FD20002592C /* plate3.mtl */; };
		5A32C0872A648D7A002327BC /* plate1.mtl in Resources */ = {isa = PBXBuildFile; fileRef = 5A7E017F2A4B8FD20002592C /* plate1.mtl */; };
		5A32C0882A648D7A002327BC /* kloppenheim_06_4k.hdr in Resources */ = {isa = PBXBuildFile; fileRef = 5A7E01812A4B8FD20002592C /* kloppenheim_06_4k.hdr */; };
		5A43D6FD2A37ABC60048C4B4 /* Foundation.framework in Frameworks */ = {isa = PBXBuildFile; fileRef = 5A426A2B2A2E857500EE9F46 /* Foundation.framework */; };
		5A43D6FE2A37ABCD0048C4B4 /* Metal.framework in Frameworks */ = {isa = PBXBuildFile; fileRef = 5A426A1F2A2E84EF00EE9F46 /* Metal.framework */; };
		5A43D7032A37B1CE0048C4B4 /* QuartzCore.framework in Frameworks */ = {isa = PBXBuildFile; fileRef = 5A426A292A2E856200EE9F46 /* QuartzCore.framework */; };
		5A60DFB42A659E4F001FE68D /* ModelIO.framework in Frameworks */ = {isa = PBXBuildFile; fileRef = 5A60DFB32A659E4F001FE68D /* ModelIO.framework */; };
		5A60DFB52A659E5E001FE68D /* ModelIO.framework in Frameworks */ = {isa = PBXBuildFile; fileRef = 5A60DFB32A659E4F001FE68D /* ModelIO.framework */; };
		5A60DFB72A659E65001FE68D /* MetalKit.framework in Frameworks */ = {isa = PBXBuildFile; fileRef = 5A60DFB62A659E65001FE68D /* MetalKit.framework */; };
		5A61A28C2A3B8E0D00D9DA5B /* Shaders.metal in Sources */ = {isa = PBXBuildFile; fileRef = 5A61A1FD2A3B85D400D9DA5B /* Shaders.metal */; };
		5A61A28D2A3B8E0D00D9DA5B /* Transforms.mm in Sources */ = {isa = PBXBuildFile; fileRef = 5A61A1FF2A3B85D400D9DA5B /* Transforms.mm */; };
		5A61A28E2A3B8E0D00D9DA5B /* RenderScene.mm in Sources */ = {isa = PBXBuildFile; fileRef = 5A61A2002A3B85D400D9DA5B /* RenderScene.mm */; };
		5A61A28F2A3B8E0D00D9DA5B /* Renderer.mm in Sources */ = {isa = PBXBuildFile; fileRef = 5A61A2022A3B85D400D9DA5B /* Renderer.mm */; };
		5A61A2902A3B8E2C00D9DA5B /* AppDelegate.m in Sources */ = {isa = PBXBuildFile; fileRef = 5A61A2192A3B8A7E00D9DA5B /* AppDelegate.m */; };
		5A61A2912A3B8E2C00D9DA5B /* mimosa.m in Sources */ = {isa = PBXBuildFile; fileRef = 5A61A2162A3B8A7E00D9DA5B /* mimosa.m */; };
		5A61A2922A3B8E2C00D9DA5B /* ViewController.mm in Sources */ = {isa = PBXBuildFile; fileRef = 5A61A2182A3B8A7E00D9DA5B /* ViewController.mm */; };
		5A61A2932A3B8E3B00D9DA5B /* Assets.xcassets in Resources */ = {isa = PBXBuildFile; fileRef = 5A61A21D2A3B8B2600D9DA5B /* Assets.xcassets */; };
		5A69C77A2A67278C00ABA62B /* 07.png in Resources */ = {isa = PBXBuildFile; fileRef = 5A69C7792A67278C00ABA62B /* 07.png */; };
		5A69C77B2A67278C00ABA62B /* 07.png in Resources */ = {isa = PBXBuildFile; fileRef = 5A69C7792A67278C00ABA62B /* 07.png */; };
		5A705A8B2A65CB0C00C05171 /* Shaders.metal in Sources */ = {isa = PBXBuildFile; fileRef = 5A61A1FD2A3B85D400D9DA5B /* Shaders.metal */; };
		5A705A8C2A65CB0C00C05171 /* Transforms.mm in Sources */ = {isa = PBXBuildFile; fileRef = 5A61A1FF2A3B85D400D9DA5B /* Transforms.mm */; };
		5A705A8D2A65CB0C00C05171 /* RenderScene.mm in Sources */ = {isa = PBXBuildFile; fileRef = 5A61A2002A3B85D400D9DA5B /* RenderScene.mm */; };
		5A705A8E2A65CB0C00C05171 /* Renderer.mm in Sources */ = {isa = PBXBuildFile; fileRef = 5A61A2022A3B85D400D9DA5B /* Renderer.mm */; };
		5A705A8F2A65CB0C00C05171 /* ViewController.mm in Sources */ = {isa = PBXBuildFile; fileRef = 5A61A2182A3B8A7E00D9DA5B /* ViewController.mm */; };
		5A705A902A65CB0C00C05171 /* ContentView.swift in Sources */ = {isa = PBXBuildFile; fileRef = 5AD975082A49D6D700168B28 /* ContentView.swift */; };
		5A705A912A65CB0C00C05171 /* Mimosa_SwiftApp.swift in Sources */ = {isa = PBXBuildFile; fileRef = 5AD975062A49D6D700168B28 /* Mimosa_SwiftApp.swift */; };
		5A705A952A65CB0C00C05171 /* ModelIO.framework in Frameworks */ = {isa = PBXBuildFile; fileRef = 5A60DFB32A659E4F001FE68D /* ModelIO.framework */; };
		5A705A962A65CB0C00C05171 /* MetalKit.framework in Frameworks */ = {isa = PBXBuildFile; fileRef = 5AE195512A44A7C200DD9520 /* MetalKit.framework */; };
		5A705A982A65CB0C00C05171 /* cone.obj in Resources */ = {isa = PBXBuildFile; fileRef = 5A7E016F2A4B8FD20002592C /* cone.obj */; };
		5A705A992A65CB0C00C05171 /* bunny-fine.obj in Resources */ = {isa = PBXBuildFile; fileRef = 5A7E01702A4B8FD20002592C /* bunny-fine.obj */; };
		5A705A9A2A65CB0C00C05171 /* bunny.obj in Resources */ = {isa = PBXBuildFile; fileRef = 5A7E01712A4B8FD20002592C /* bunny.obj */; };
		5A705A9B2A65CB0C00C05171 /* cube.obj in Resources */ = {isa = PBXBuildFile; fileRef = 5A7E01722A4B8FD20002592C /* cube.obj */; };
		5A705A9C2A65CB0C00C05171 /* teapot.obj in Resources */ = {isa = PBXBuildFile; fileRef = 5A7E01732A4B8FD20002592C /* teapot.obj */; };
		5A705A9D2A65CB0C00C05171 /* cylinder.obj in Resources */ = {isa = PBXBuildFile; fileRef = 5A7E01742A4B8FD20002592C /* cylinder.obj */; };
		5A705A9E2A65CB0C00C05171 /* floor.mtl in Resources */ = {isa = PBXBuildFile; fileRef = 5A7E01762A4B8FD20002592C /* floor.mtl */; };
		5A705A9F2A65CB0C00C05171 /* plate4.obj in Resources */ = {isa = PBXBuildFile; fileRef = 5A7E01772A4B8FD20002592C /* plate4.obj */; };
		5A705AA02A65CB0C00C05171 /* plate1.obj in Resources */ = {isa = PBXBuildFile; fileRef = 5A7E01782A4B8FD20002592C /* plate1.obj */; };
		5A705AA12A65CB0C00C05171 /* plate2.obj in Resources */ = {isa = PBXBuildFile; fileRef = 5A7E01792A4B8FD20002592C /* plate2.obj */; };
		5A705AA22A65CB0C00C05171 /* plate3.obj in Resources */ = {isa = PBXBuildFile; fileRef = 5A7E017A2A4B8FD20002592C /* plate3.obj */; };
		5A705AA32A65CB0C00C05171 /* plate4.mtl in Resources */ = {isa = PBXBuildFile; fileRef = 5A7E017B2A4B8FD20002592C /* plate4.mtl */; };
		5A705AA42A65CB0C00C05171 /* floor.obj in Resources */ = {isa = PBXBuildFile; fileRef = 5A7E017C2A4B8FD20002592C /* floor.obj */; };
		5A705AA52A65CB0C00C05171 /* plate2.mtl in Resources */ = {isa = PBXBuildFile; fileRef = 5A7E017D2A4B8FD20002592C /* plate2.mtl */; };
		5A705AA62A65CB0C00C05171 /* plate3.mtl in Resources */ = {isa = PBXBuildFile; fileRef = 5A7E017E2A4B8FD20002592C /* plate3.mtl */; };
		5A705AA72A65CB0C00C05171 /* plate1.mtl in Resources */ = {isa = PBXBuildFile; fileRef = 5A7E017F2A4B8FD20002592C /* plate1.mtl */; };
		5A705AA82A65CB0C00C05171 /* kloppenheim_06_4k.hdr in Resources */ = {isa = PBXBuildFile; fileRef = 5A7E01812A4B8FD20002592C /* kloppenheim_06_4k.hdr */; };
		5A705AA92A65CB0C00C05171 /* 05.png in Resources */ = {isa = PBXBuildFile; fileRef = 5A32C0722A64887C002327BC /* 05.png */; };
		5A705AAA2A65CB0C00C05171 /* 03.png in Resources */ = {isa = PBXBuildFile; fileRef = 5AD9752F2A49FEB900168B28 /* 03.png */; };
		5A705AAB2A65CB0C00C05171 /* 01.png in Resources */ = {isa = PBXBuildFile; fileRef = 5AD975312A49FEB900168B28 /* 01.png */; };
		5A705AAC2A65CB0C00C05171 /* RenderScene.storyboard in Resources */ = {isa = PBXBuildFile; fileRef = 5AD9752C2A49E8A800168B28 /* RenderScene.storyboard */; };
		5A705AAD2A65CB0C00C05171 /* bunny_cloud.vdb in Resources */ = {isa = PBXBuildFile; fileRef = 5A75D8112A5DFDE50072532A /* bunny_cloud.vdb */; };
		5A705AAE2A65CB0C00C05171 /* 02.png in Resources */ = {isa = PBXBuildFile; fileRef = 5AD975302A49FEB900168B28 /* 02.png */; };
		5A705AAF2A65CB0C00C05171 /* cloud_01.vdb in Resources */ = {isa = PBXBuildFile; fileRef = 5A75D8122A5DFDE50072532A /* cloud_01.vdb */; };
		5A705AB02A65CB0C00C05171 /* 04.png in Resources */ = {isa = PBXBuildFile; fileRef = 5A9EAB4F2A57438500873B56 /* 04.png */; };
		5A705AB12A65CB0C00C05171 /* 06.png in Resources */ = {isa = PBXBuildFile; fileRef = 5A32C0732A64887D002327BC /* 06.png */; };
		5A705AB22A65CB0C00C05171 /* Preview Assets.xcassets in Resources */ = {isa = PBXBuildFile; fileRef = 5AD9750E2A49D6D900168B28 /* Preview Assets.xcassets */; };
		5A705AB32A65CB0C00C05171 /* Assets.xcassets in Resources */ = {isa = PBXBuildFile; fileRef = 5AD9750A2A49D6D900168B28 /* Assets.xcassets */; };
		5A75D8132A5DFDE50072532A /* bunny_cloud.vdb in Resources */ = {isa = PBXBuildFile; fileRef = 5A75D8112A5DFDE50072532A /* bunny_cloud.vdb */; };
		5A75D8142A5DFDE50072532A /* bunny_cloud.vdb in Resources */ = {isa = PBXBuildFile; fileRef = 5A75D8112A5DFDE50072532A /* bunny_cloud.vdb */; };
		5A75D8152A5DFDE50072532A /* cloud_01.vdb in Resources */ = {isa = PBXBuildFile; fileRef = 5A75D8122A5DFDE50072532A /* cloud_01.vdb */; };
		5A75D8162A5DFDE50072532A /* cloud_01.vdb in Resources */ = {isa = PBXBuildFile; fileRef = 5A75D8122A5DFDE50072532A /* cloud_01.vdb */; };
		5A7E01822A4B8FEA0002592C /* cone.obj in Resources */ = {isa = PBXBuildFile; fileRef = 5A7E016F2A4B8FD20002592C /* cone.obj */; };
		5A7E01832A4B8FEA0002592C /* bunny-fine.obj in Resources */ = {isa = PBXBuildFile; fileRef = 5A7E01702A4B8FD20002592C /* bunny-fine.obj */; };
		5A7E01842A4B8FEA0002592C /* bunny.obj in Resources */ = {isa = PBXBuildFile; fileRef = 5A7E01712A4B8FD20002592C /* bunny.obj */; };
		5A7E01852A4B8FEA0002592C /* cube.obj in Resources */ = {isa = PBXBuildFile; fileRef = 5A7E01722A4B8FD20002592C /* cube.obj */; };
		5A7E01862A4B8FEA0002592C /* teapot.obj in Resources */ = {isa = PBXBuildFile; fileRef = 5A7E01732A4B8FD20002592C /* teapot.obj */; };
		5A7E01872A4B8FEA0002592C /* cylinder.obj in Resources */ = {isa = PBXBuildFile; fileRef = 5A7E01742A4B8FD20002592C /* cylinder.obj */; };
		5A7E01882A4B8FEA0002592C /* floor.mtl in Resources */ = {isa = PBXBuildFile; fileRef = 5A7E01762A4B8FD20002592C /* floor.mtl */; };
		5A7E01892A4B8FEA0002592C /* plate4.obj in Resources */ = {isa = PBXBuildFile; fileRef = 5A7E01772A4B8FD20002592C /* plate4.obj */; };
		5A7E018A2A4B8FEA0002592C /* plate1.obj in Resources */ = {isa = PBXBuildFile; fileRef = 5A7E01782A4B8FD20002592C /* plate1.obj */; };
		5A7E018B2A4B8FEA0002592C /* plate2.obj in Resources */ = {isa = PBXBuildFile; fileRef = 5A7E01792A4B8FD20002592C /* plate2.obj */; };
		5A7E018C2A4B8FEA0002592C /* plate3.obj in Resources */ = {isa = PBXBuildFile; fileRef = 5A7E017A2A4B8FD20002592C /* plate3.obj */; };
		5A7E018D2A4B8FEA0002592C /* plate4.mtl in Resources */ = {isa = PBXBuildFile; fileRef = 5A7E017B2A4B8FD20002592C /* plate4.mtl */; };
		5A7E018E2A4B8FEA0002592C /* floor.obj in Resources */ = {isa = PBXBuildFile; fileRef = 5A7E017C2A4B8FD20002592C /* floor.obj */; };
		5A7E018F2A4B8FEA0002592C /* plate2.mtl in Resources */ = {isa = PBXBuildFile; fileRef = 5A7E017D2A4B8FD20002592C /* plate2.mtl */; };
		5A7E01902A4B8FEA0002592C /* plate3.mtl in Resources */ = {isa = PBXBuildFile; fileRef = 5A7E017E2A4B8FD20002592C /* plate3.mtl */; };
		5A7E01912A4B8FEA0002592C /* plate1.mtl in Resources */ = {isa = PBXBuildFile; fileRef = 5A7E017F2A4B8FD20002592C /* plate1.mtl */; };
		5A7E01922A4B8FEA0002592C /* kloppenheim_06_4k.hdr in Resources */ = {isa = PBXBuildFile; fileRef = 5A7E01812A4B8FD20002592C /* kloppenheim_06_4k.hdr */; };
		5A7E01932A4B8FFC0002592C /* cone.obj in Resources */ = {isa = PBXBuildFile; fileRef = 5A7E016F2A4B8FD20002592C /* cone.obj */; };
		5A7E01942A4B8FFC0002592C /* bunny-fine.obj in Resources */ = {isa = PBXBuildFile; fileRef = 5A7E01702A4B8FD20002592C /* bunny-fine.obj */; };
		5A7E01952A4B8FFC0002592C /* bunny.obj in Resources */ = {isa = PBXBuildFile; fileRef = 5A7E01712A4B8FD20002592C /* bunny.obj */; };
		5A7E01962A4B8FFC0002592C /* cube.obj in Resources */ = {isa = PBXBuildFile; fileRef = 5A7E01722A4B8FD20002592C /* cube.obj */; };
		5A7E01972A4B8FFC0002592C /* teapot.obj in Resources */ = {isa = PBXBuildFile; fileRef = 5A7E01732A4B8FD20002592C /* teapot.obj */; };
		5A7E01982A4B8FFC0002592C /* cylinder.obj in Resources */ = {isa = PBXBuildFile; fileRef = 5A7E01742A4B8FD20002592C /* cylinder.obj */; };
		5A7E01992A4B8FFC0002592C /* floor.mtl in Resources */ = {isa = PBXBuildFile; fileRef = 5A7E01762A4B8FD20002592C /* floor.mtl */; };
		5A7E019A2A4B8FFC0002592C /* plate4.obj in Resources */ = {isa = PBXBuildFile; fileRef = 5A7E01772A4B8FD20002592C /* plate4.obj */; };
		5A7E019B2A4B8FFC0002592C /* plate1.obj in Resources */ = {isa = PBXBuildFile; fileRef = 5A7E01782A4B8FD20002592C /* plate1.obj */; };
		5A7E019C2A4B8FFC0002592C /* plate2.obj in Resources */ = {isa = PBXBuildFile; fileRef = 5A7E01792A4B8FD20002592C /* plate2.obj */; };
		5A7E019D2A4B8FFC0002592C /* plate3.obj in Resources */ = {isa = PBXBuildFile; fileRef = 5A7E017A2A4B8FD20002592C /* plate3.obj */; };
		5A7E019E2A4B8FFC0002592C /* plate4.mtl in Resources */ = {isa = PBXBuildFile; fileRef = 5A7E017B2A4B8FD20002592C /* plate4.mtl */; };
		5A7E019F2A4B8FFC0002592C /* floor.obj in Resources */ = {isa = PBXBuildFile; fileRef = 5A7E017C2A4B8FD20002592C /* floor.obj */; };
		5A7E01A02A4B8FFC0002592C /* plate2.mtl in Resources */ = {isa = PBXBuildFile; fileRef = 5A7E017D2A4B8FD20002592C /* plate2.mtl */; };
		5A7E01A12A4B8FFC0002592C /* plate3.mtl in Resources */ = {isa = PBXBuildFile; fileRef = 5A7E017E2A4B8FD20002592C /* plate3.mtl */; };
		5A7E01A22A4B8FFC0002592C /* plate1.mtl in Resources */ = {isa = PBXBuildFile; fileRef = 5A7E017F2A4B8FD20002592C /* plate1.mtl */; };
		5A7E01A32A4B8FFC0002592C /* kloppenheim_06_4k.hdr in Resources */ = {isa = PBXBuildFile; fileRef = 5A7E01812A4B8FD20002592C /* kloppenheim_06_4k.hdr */; };
		5A9EAB502A57438500873B56 /* 04.png in Resources */ = {isa = PBXBuildFile; fileRef = 5A9EAB4F2A57438500873B56 /* 04.png */; };
		5AD974A72A475E8E00168B28 /* Main.storyboard in Resources */ = {isa = PBXBuildFile; fileRef = 5AD974A82A475E8E00168B28 /* Main.storyboard */; };
		5AD975072A49D6D700168B28 /* Mimosa_SwiftApp.swift in Sources */ = {isa = PBXBuildFile; fileRef = 5AD975062A49D6D700168B28 /* Mimosa_SwiftApp.swift */; };
		5AD975092A49D6D700168B28 /* ContentView.swift in Sources */ = {isa = PBXBuildFile; fileRef = 5AD975082A49D6D700168B28 /* ContentView.swift */; };
		5AD9750B2A49D6D900168B28 /* Assets.xcassets in Resources */ = {isa = PBXBuildFile; fileRef = 5AD9750A2A49D6D900168B28 /* Assets.xcassets */; };
		5AD9750F2A49D6D900168B28 /* Preview Assets.xcassets in Resources */ = {isa = PBXBuildFile; fileRef = 5AD9750E2A49D6D900168B28 /* Preview Assets.xcassets */; };
		5AD975132A49D8C000168B28 /* Shaders.metal in Sources */ = {isa = PBXBuildFile; fileRef = 5A61A1FD2A3B85D400D9DA5B /* Shaders.metal */; };
		5AD975142A49D8C000168B28 /* Transforms.mm in Sources */ = {isa = PBXBuildFile; fileRef = 5A61A1FF2A3B85D400D9DA5B /* Transforms.mm */; };
		5AD975152A49D8C000168B28 /* RenderScene.mm in Sources */ = {isa = PBXBuildFile; fileRef = 5A61A2002A3B85D400D9DA5B /* RenderScene.mm */; };
		5AD975162A49D8C000168B28 /* Renderer.mm in Sources */ = {isa = PBXBuildFile; fileRef = 5A61A2022A3B85D400D9DA5B /* Renderer.mm */; };
		5AD975172A49D8C000168B28 /* ViewController.mm in Sources */ = {isa = PBXBuildFile; fileRef = 5A61A2182A3B8A7E00D9DA5B /* ViewController.mm */; };
		5AD975182A49D8CD00168B28 /* MetalKit.framework in Frameworks */ = {isa = PBXBuildFile; fileRef = 5AE195512A44A7C200DD9520 /* MetalKit.framework */; };
		5AD9752D2A49E8A800168B28 /* RenderScene.storyboard in Resources */ = {isa = PBXBuildFile; fileRef = 5AD9752C2A49E8A800168B28 /* RenderScene.storyboard */; };
		5AD975322A49FEB900168B28 /* 03.png in Resources */ = {isa = PBXBuildFile; fileRef = 5AD9752F2A49FEB900168B28 /* 03.png */; };
		5AD975332A49FEB900168B28 /* 02.png in Resources */ = {isa = PBXBuildFile; fileRef = 5AD975302A49FEB900168B28 /* 02.png */; };
		5AD975342A49FEBA00168B28 /* 01.png in Resources */ = {isa = PBXBuildFile; fileRef = 5AD975312A49FEB900168B28 /* 01.png */; };
		5AD9754A2A4A30F400168B28 /* Shaders.metal in Sources */ = {isa = PBXBuildFile; fileRef = 5A61A1FD2A3B85D400D9DA5B /* Shaders.metal */; };
		5AD9754B2A4A30F400168B28 /* Transforms.mm in Sources */ = {isa = PBXBuildFile; fileRef = 5A61A1FF2A3B85D400D9DA5B /* Transforms.mm */; };
		5AD9754C2A4A30F400168B28 /* RenderScene.mm in Sources */ = {isa = PBXBuildFile; fileRef = 5A61A2002A3B85D400D9DA5B /* RenderScene.mm */; };
		5AD9754D2A4A30F400168B28 /* Renderer.mm in Sources */ = {isa = PBXBuildFile; fileRef = 5A61A2022A3B85D400D9DA5B /* Renderer.mm */; };
		5AD9754E2A4A30F400168B28 /* ViewController.mm in Sources */ = {isa = PBXBuildFile; fileRef = 5A61A2182A3B8A7E00D9DA5B /* ViewController.mm */; };
		5AD9754F2A4A30F400168B28 /* ContentView.swift in Sources */ = {isa = PBXBuildFile; fileRef = 5AD975082A49D6D700168B28 /* ContentView.swift */; };
		5AD975502A4A30F400168B28 /* Mimosa_SwiftApp.swift in Sources */ = {isa = PBXBuildFile; fileRef = 5AD975062A49D6D700168B28 /* Mimosa_SwiftApp.swift */; };
		5AD975532A4A30F400168B28 /* MetalKit.framework in Frameworks */ = {isa = PBXBuildFile; fileRef = 5AE195512A44A7C200DD9520 /* MetalKit.framework */; };
		5AD975552A4A30F400168B28 /* 03.png in Resources */ = {isa = PBXBuildFile; fileRef = 5AD9752F2A49FEB900168B28 /* 03.png */; };
		5AD975612A4A30F400168B28 /* 01.png in Resources */ = {isa = PBXBuildFile; fileRef = 5AD975312A49FEB900168B28 /* 01.png */; };
		5AD975652A4A30F400168B28 /* RenderScene.storyboard in Resources */ = {isa = PBXBuildFile; fileRef = 5AD9752C2A49E8A800168B28 /* RenderScene.storyboard */; };
		5AD975672A4A30F400168B28 /* 02.png in Resources */ = {isa = PBXBuildFile; fileRef = 5AD975302A49FEB900168B28 /* 02.png */; };
		5AD975692A4A30F400168B28 /* Preview Assets.xcassets in Resources */ = {isa = PBXBuildFile; fileRef = 5AD9750E2A49D6D900168B28 /* Preview Assets.xcassets */; };
		5AD9756A2A4A30F400168B28 /* Assets.xcassets in Resources */ = {isa = PBXBuildFile; fileRef = 5AD9750A2A49D6D900168B28 /* Assets.xcassets */; };
		5AE195432A44A47100DD9520 /* Main.storyboard in Resources */ = {isa = PBXBuildFile; fileRef = 5AE195412A44A47100DD9520 /* Main.storyboard */; };
		5AE195452A44A47300DD9520 /* Assets.xcassets in Resources */ = {isa = PBXBuildFile; fileRef = 5AE195442A44A47300DD9520 /* Assets.xcassets */; };
		5AE195482A44A47300DD9520 /* LaunchScreen.storyboard in Resources */ = {isa = PBXBuildFile; fileRef = 5AE195462A44A47300DD9520 /* LaunchScreen.storyboard */; };
		5AE195522A44A7C200DD9520 /* MetalKit.framework in Frameworks */ = {isa = PBXBuildFile; fileRef = 5AE195512A44A7C200DD9520 /* MetalKit.framework */; };
		5AE195642A44A7F600DD9520 /* Transforms.mm in Sources */ = {isa = PBXBuildFile; fileRef = 5A61A1FF2A3B85D400D9DA5B /* Transforms.mm */; };
		5AE195652A44A7F600DD9520 /* RenderScene.mm in Sources */ = {isa = PBXBuildFile; fileRef = 5A61A2002A3B85D400D9DA5B /* RenderScene.mm */; };
		5AE195662A44A7F600DD9520 /* Renderer.mm in Sources */ = {isa = PBXBuildFile; fileRef = 5A61A2022A3B85D400D9DA5B /* Renderer.mm */; };
		5AE195672A44A87300DD9520 /* mimosa.m in Sources */ = {isa = PBXBuildFile; fileRef = 5A61A2162A3B8A7E00D9DA5B /* mimosa.m */; };
		5AE195692A44A8F200DD9520 /* ViewController.mm in Sources */ = {isa = PBXBuildFile; fileRef = 5A61A2182A3B8A7E00D9DA5B /* ViewController.mm */; };
		5AE1956A2A44AF2800DD9520 /* Shaders.metal in Sources */ = {isa = PBXBuildFile; fileRef = 5A61A1FD2A3B85D400D9DA5B /* Shaders.metal */; };
		5AE1956B2A44AF5900DD9520 /* AppDelegate.m in Sources */ = {isa = PBXBuildFile; fileRef = 5A61A2192A3B8A7E00D9DA5B /* AppDelegate.m */; };
		5AFC0F0E2A66E91200569E5A /* libopenvdb.10.0.1.dylib in Frameworks */ = {isa = PBXBuildFile; fileRef = 5AFC0F0D2A66E91200569E5A /* libopenvdb.10.0.1.dylib */; };
		5AFC0F0F2A66E92300569E5A /* libopenvdb.10.0.1.dylib in Embed Libraries */ = {isa = PBXBuildFile; fileRef = 5AFC0F0D2A66E91200569E5A /* libopenvdb.10.0.1.dylib */; settings = {ATTRIBUTES = (CodeSignOnCopy, ); }; };
/* End PBXBuildFile section */

/* Begin PBXCopyFilesBuildPhase section */
		5A087F592A350CA000BDCA99 /* CopyFiles */ = {
			isa = PBXCopyFilesBuildPhase;
			buildActionMask = 2147483647;
			dstPath = /usr/share/man/man1/;
			dstSubfolderSpec = 0;
			files = (
			);
			runOnlyForDeploymentPostprocessing = 1;
		};
		5A43D6F42A37AB5A0048C4B4 /* CopyFiles */ = {
			isa = PBXCopyFilesBuildPhase;
			buildActionMask = 2147483647;
			dstPath = /usr/share/man/man1/;
			dstSubfolderSpec = 0;
			files = (
			);
			runOnlyForDeploymentPostprocessing = 1;
		};
		5A75D8192A5DFFFD0072532A /* Embed Libraries */ = {
			isa = PBXCopyFilesBuildPhase;
			buildActionMask = 2147483647;
			dstPath = "";
			dstSubfolderSpec = 10;
			files = (
				5AFC0F0F2A66E92300569E5A /* libopenvdb.10.0.1.dylib in Embed Libraries */,
			);
			name = "Embed Libraries";
			runOnlyForDeploymentPostprocessing = 0;
		};
/* End PBXCopyFilesBuildPhase section */

/* Begin PBXFileReference section */
		5A087F5B2A350CA000BDCA99 /* helloMetal */ = {isa = PBXFileReference; explicitFileType = "compiled.mach-o.executable"; includeInIndex = 0; path = helloMetal; sourceTree = BUILT_PRODUCTS_DIR; };
		5A32C0722A64887C002327BC /* 05.png */ = {isa = PBXFileReference; lastKnownFileType = image.png; path = 05.png; sourceTree = "<group>"; };
		5A32C0732A64887D002327BC /* 06.png */ = {isa = PBXFileReference; lastKnownFileType = image.png; path = 06.png; sourceTree = "<group>"; };
		5A426A1F2A2E84EF00EE9F46 /* Metal.framework */ = {isa = PBXFileReference; lastKnownFileType = wrapper.framework; name = Metal.framework; path = System/Library/Frameworks/Metal.framework; sourceTree = SDKROOT; };
		5A426A292A2E856200EE9F46 /* QuartzCore.framework */ = {isa = PBXFileReference; lastKnownFileType = wrapper.framework; name = QuartzCore.framework; path = System/Library/Frameworks/QuartzCore.framework; sourceTree = SDKROOT; };
		5A426A2B2A2E857500EE9F46 /* Foundation.framework */ = {isa = PBXFileReference; lastKnownFileType = wrapper.framework; name = Foundation.framework; path = System/Library/Frameworks/Foundation.framework; sourceTree = SDKROOT; };
		5A43D6F62A37AB5A0048C4B4 /* helloRayTracing */ = {isa = PBXFileReference; explicitFileType = "compiled.mach-o.executable"; includeInIndex = 0; path = helloRayTracing; sourceTree = BUILT_PRODUCTS_DIR; };
		5A60DFB32A659E4F001FE68D /* ModelIO.framework */ = {isa = PBXFileReference; lastKnownFileType = wrapper.framework; name = ModelIO.framework; path = System/Library/Frameworks/ModelIO.framework; sourceTree = SDKROOT; };
		5A60DFB62A659E65001FE68D /* MetalKit.framework */ = {isa = PBXFileReference; lastKnownFileType = wrapper.framework; name = MetalKit.framework; path = System/Library/Frameworks/MetalKit.framework; sourceTree = SDKROOT; };
		5A61A1FC2A3B85D400D9DA5B /* Renderer.h */ = {isa = PBXFileReference; fileEncoding = 4; lastKnownFileType = sourcecode.c.h; path = Renderer.h; sourceTree = "<group>"; };
		5A61A1FD2A3B85D400D9DA5B /* Shaders.metal */ = {isa = PBXFileReference; fileEncoding = 4; lastKnownFileType = sourcecode.metal; path = Shaders.metal; sourceTree = "<group>"; };
		5A61A1FE2A3B85D400D9DA5B /* ShaderTypes.h */ = {isa = PBXFileReference; fileEncoding = 4; lastKnownFileType = sourcecode.c.h; path = ShaderTypes.h; sourceTree = "<group>"; };
		5A61A1FF2A3B85D400D9DA5B /* Transforms.mm */ = {isa = PBXFileReference; fileEncoding = 4; lastKnownFileType = sourcecode.cpp.objcpp; path = Transforms.mm; sourceTree = "<group>"; };
		5A61A2002A3B85D400D9DA5B /* RenderScene.mm */ = {isa = PBXFileReference; fileEncoding = 4; lastKnownFileType = sourcecode.cpp.objcpp; path = RenderScene.mm; sourceTree = "<group>"; };
		5A61A2012A3B85D400D9DA5B /* Transforms.h */ = {isa = PBXFileReference; fileEncoding = 4; lastKnownFileType = sourcecode.c.h; path = Transforms.h; sourceTree = "<group>"; };
		5A61A2022A3B85D400D9DA5B /* Renderer.mm */ = {isa = PBXFileReference; fileEncoding = 4; lastKnownFileType = sourcecode.cpp.objcpp; path = Renderer.mm; sourceTree = "<group>"; };
		5A61A2032A3B85D400D9DA5B /* RenderScene.h */ = {isa = PBXFileReference; fileEncoding = 4; lastKnownFileType = sourcecode.c.h; path = RenderScene.h; sourceTree = "<group>"; };
		5A61A20B2A3B85FD00D9DA5B /* Base */ = {isa = PBXFileReference; lastKnownFileType = file.storyboard; name = Base; path = Base.lproj/LaunchScreen.storyboard; sourceTree = "<group>"; };
		5A61A20D2A3B85FD00D9DA5B /* Base */ = {isa = PBXFileReference; lastKnownFileType = file.storyboard; name = Base; path = Base.lproj/Main.storyboard; sourceTree = "<group>"; };
		5A61A20E2A3B85FD00D9DA5B /* Info.plist */ = {isa = PBXFileReference; fileEncoding = 4; lastKnownFileType = text.plist.xml; path = Info.plist; sourceTree = "<group>"; };
		5A61A2122A3B85FD00D9DA5B /* Info.plist */ = {isa = PBXFileReference; fileEncoding = 4; lastKnownFileType = text.plist.xml; path = Info.plist; sourceTree = "<group>"; };
		5A61A2152A3B8A7E00D9DA5B /* AppDelegate.h */ = {isa = PBXFileReference; fileEncoding = 4; lastKnownFileType = sourcecode.c.h; path = AppDelegate.h; sourceTree = "<group>"; };
		5A61A2162A3B8A7E00D9DA5B /* mimosa.m */ = {isa = PBXFileReference; fileEncoding = 4; lastKnownFileType = sourcecode.c.objc; path = mimosa.m; sourceTree = "<group>"; };
		5A61A2172A3B8A7E00D9DA5B /* ViewController.h */ = {isa = PBXFileReference; fileEncoding = 4; lastKnownFileType = sourcecode.c.h; path = ViewController.h; sourceTree = "<group>"; };
		5A61A2182A3B8A7E00D9DA5B /* ViewController.mm */ = {isa = PBXFileReference; fileEncoding = 4; lastKnownFileType = sourcecode.cpp.objcpp; path = ViewController.mm; sourceTree = "<group>"; };
		5A61A2192A3B8A7E00D9DA5B /* AppDelegate.m */ = {isa = PBXFileReference; fileEncoding = 4; lastKnownFileType = sourcecode.c.objc; path = AppDelegate.m; sourceTree = "<group>"; };
		5A61A21D2A3B8B2600D9DA5B /* Assets.xcassets */ = {isa = PBXFileReference; lastKnownFileType = folder.assetcatalog; path = Assets.xcassets; sourceTree = "<group>"; };
		5A61A2792A3B8DBC00D9DA5B /* Mimosa.app */ = {isa = PBXFileReference; explicitFileType = wrapper.application; includeInIndex = 0; path = Mimosa.app; sourceTree = BUILT_PRODUCTS_DIR; };
		5A66136B2A4CCE15006C2900 /* importantSampling2D.cpp */ = {isa = PBXFileReference; lastKnownFileType = sourcecode.cpp.cpp; path = importantSampling2D.cpp; sourceTree = "<group>"; };
		5A69C7792A67278C00ABA62B /* 07.png */ = {isa = PBXFileReference; lastKnownFileType = image.png; path = 07.png; sourceTree = "<group>"; };
		5A705AB72A65CB0C00C05171 /* Mimosa-Swift-Mac copy.app */ = {isa = PBXFileReference; explicitFileType = wrapper.application; includeInIndex = 0; path = "Mimosa-Swift-Mac copy.app"; sourceTree = BUILT_PRODUCTS_DIR; };
		5A75D8112A5DFDE50072532A /* bunny_cloud.vdb */ = {isa = PBXFileReference; lastKnownFileType = file; path = bunny_cloud.vdb; sourceTree = "<group>"; };
		5A75D8122A5DFDE50072532A /* cloud_01.vdb */ = {isa = PBXFileReference; lastKnownFileType = file; path = cloud_01.vdb; sourceTree = "<group>"; };
		5A7E016F2A4B8FD20002592C /* cone.obj */ = {isa = PBXFileReference; lastKnownFileType = text; path = cone.obj; sourceTree = "<group>"; };
		5A7E01702A4B8FD20002592C /* bunny-fine.obj */ = {isa = PBXFileReference; lastKnownFileType = text; path = "bunny-fine.obj"; sourceTree = "<group>"; };
		5A7E01712A4B8FD20002592C /* bunny.obj */ = {isa = PBXFileReference; lastKnownFileType = text; path = bunny.obj; sourceTree = "<group>"; };
		5A7E01722A4B8FD20002592C /* cube.obj */ = {isa = PBXFileReference; lastKnownFileType = text; path = cube.obj; sourceTree = "<group>"; };
		5A7E01732A4B8FD20002592C /* teapot.obj */ = {isa = PBXFileReference; lastKnownFileType = text; path = teapot.obj; sourceTree = "<group>"; };
		5A7E01742A4B8FD20002592C /* cylinder.obj */ = {isa = PBXFileReference; lastKnownFileType = text; path = cylinder.obj; sourceTree = "<group>"; };
		5A7E01762A4B8FD20002592C /* floor.mtl */ = {isa = PBXFileReference; lastKnownFileType = text; path = floor.mtl; sourceTree = "<group>"; };
		5A7E01772A4B8FD20002592C /* plate4.obj */ = {isa = PBXFileReference; lastKnownFileType = text; path = plate4.obj; sourceTree = "<group>"; };
		5A7E01782A4B8FD20002592C /* plate1.obj */ = {isa = PBXFileReference; lastKnownFileType = text; path = plate1.obj; sourceTree = "<group>"; };
		5A7E01792A4B8FD20002592C /* plate2.obj */ = {isa = PBXFileReference; lastKnownFileType = text; path = plate2.obj; sourceTree = "<group>"; };
		5A7E017A2A4B8FD20002592C /* plate3.obj */ = {isa = PBXFileReference; lastKnownFileType = text; path = plate3.obj; sourceTree = "<group>"; };
		5A7E017B2A4B8FD20002592C /* plate4.mtl */ = {isa = PBXFileReference; lastKnownFileType = text; path = plate4.mtl; sourceTree = "<group>"; };
		5A7E017C2A4B8FD20002592C /* floor.obj */ = {isa = PBXFileReference; lastKnownFileType = text; path = floor.obj; sourceTree = "<group>"; };
		5A7E017D2A4B8FD20002592C /* plate2.mtl */ = {isa = PBXFileReference; lastKnownFileType = text; path = plate2.mtl; sourceTree = "<group>"; };
		5A7E017E2A4B8FD20002592C /* plate3.mtl */ = {isa = PBXFileReference; lastKnownFileType = text; path = plate3.mtl; sourceTree = "<group>"; };
		5A7E017F2A4B8FD20002592C /* plate1.mtl */ = {isa = PBXFileReference; lastKnownFileType = text; path = plate1.mtl; sourceTree = "<group>"; };
		5A7E01812A4B8FD20002592C /* kloppenheim_06_4k.hdr */ = {isa = PBXFileReference; lastKnownFileType = file; path = kloppenheim_06_4k.hdr; sourceTree = "<group>"; };
		5A7E01A42A4B91390002592C /* ImageIO.framework */ = {isa = PBXFileReference; lastKnownFileType = wrapper.framework; name = ImageIO.framework; path = System/Library/Frameworks/ImageIO.framework; sourceTree = SDKROOT; };
		5A84AFFA2A3DFD6E00100842 /* README.md */ = {isa = PBXFileReference; fileEncoding = 4; lastKnownFileType = net.daringfireball.markdown; path = README.md; sourceTree = "<group>"; };
		5A9EAB4F2A57438500873B56 /* 04.png */ = {isa = PBXFileReference; lastKnownFileType = image.png; path = 04.png; sourceTree = "<group>"; };
		5AD974A82A475E8E00168B28 /* Main.storyboard */ = {isa = PBXFileReference; lastKnownFileType = file.storyboard; path = Main.storyboard; sourceTree = "<group>"; };
		5AD975042A49D6D700168B28 /* Mimosa-Swift.app */ = {isa = PBXFileReference; explicitFileType = wrapper.application; includeInIndex = 0; path = "Mimosa-Swift.app"; sourceTree = BUILT_PRODUCTS_DIR; };
		5AD975062A49D6D700168B28 /* Mimosa_SwiftApp.swift */ = {isa = PBXFileReference; lastKnownFileType = sourcecode.swift; path = Mimosa_SwiftApp.swift; sourceTree = "<group>"; };
		5AD975082A49D6D700168B28 /* ContentView.swift */ = {isa = PBXFileReference; lastKnownFileType = sourcecode.swift; path = ContentView.swift; sourceTree = "<group>"; };
		5AD9750A2A49D6D900168B28 /* Assets.xcassets */ = {isa = PBXFileReference; lastKnownFileType = folder.assetcatalog; path = Assets.xcassets; sourceTree = "<group>"; };
		5AD9750C2A49D6D900168B28 /* Mimosa_Swift.entitlements */ = {isa = PBXFileReference; lastKnownFileType = text.plist.entitlements; path = Mimosa_Swift.entitlements; sourceTree = "<group>"; };
		5AD9750E2A49D6D900168B28 /* Preview Assets.xcassets */ = {isa = PBXFileReference; lastKnownFileType = folder.assetcatalog; path = "Preview Assets.xcassets"; sourceTree = "<group>"; };
		5AD9752A2A49DAA000168B28 /* -Bridging-Header.h */ = {isa = PBXFileReference; lastKnownFileType = sourcecode.c.h; path = "-Bridging-Header.h"; sourceTree = "<group>"; };
		5AD9752C2A49E8A800168B28 /* RenderScene.storyboard */ = {isa = PBXFileReference; fileEncoding = 4; lastKnownFileType = file.storyboard; path = RenderScene.storyboard; sourceTree = "<group>"; };
		5AD9752F2A49FEB900168B28 /* 03.png */ = {isa = PBXFileReference; lastKnownFileType = image.png; path = 03.png; sourceTree = "<group>"; };
		5AD975302A49FEB900168B28 /* 02.png */ = {isa = PBXFileReference; lastKnownFileType = image.png; path = 02.png; sourceTree = "<group>"; };
		5AD975312A49FEB900168B28 /* 01.png */ = {isa = PBXFileReference; lastKnownFileType = image.png; path = 01.png; sourceTree = "<group>"; };
		5AD9756E2A4A30F400168B28 /* Mimosa-Swift-Mac.app */ = {isa = PBXFileReference; explicitFileType = wrapper.application; includeInIndex = 0; path = "Mimosa-Swift-Mac.app"; sourceTree = BUILT_PRODUCTS_DIR; };
		5AE195362A44A47100DD9520 /* Mimosa-IOS.app */ = {isa = PBXFileReference; explicitFileType = wrapper.application; includeInIndex = 0; path = "Mimosa-IOS.app"; sourceTree = BUILT_PRODUCTS_DIR; };
		5AE195422A44A47100DD9520 /* Base */ = {isa = PBXFileReference; lastKnownFileType = file.storyboard; name = Base; path = Base.lproj/Main.storyboard; sourceTree = "<group>"; };
		5AE195442A44A47300DD9520 /* Assets.xcassets */ = {isa = PBXFileReference; lastKnownFileType = folder.assetcatalog; path = Assets.xcassets; sourceTree = "<group>"; };
		5AE195472A44A47300DD9520 /* Base */ = {isa = PBXFileReference; lastKnownFileType = file.storyboard; name = Base; path = Base.lproj/LaunchScreen.storyboard; sourceTree = "<group>"; };
		5AE195492A44A47300DD9520 /* Info.plist */ = {isa = PBXFileReference; lastKnownFileType = text.plist.xml; path = Info.plist; sourceTree = "<group>"; };
		5AE195512A44A7C200DD9520 /* MetalKit.framework */ = {isa = PBXFileReference; lastKnownFileType = wrapper.framework; name = MetalKit.framework; path = Platforms/iPhoneOS.platform/Developer/SDKs/iPhoneOS17.0.sdk/System/Library/Frameworks/MetalKit.framework; sourceTree = DEVELOPER_DIR; };
		5AE1956C2A44B48800DD9520 /* SceneDelegate.h */ = {isa = PBXFileReference; fileEncoding = 4; lastKnownFileType = sourcecode.c.h; path = SceneDelegate.h; sourceTree = "<group>"; };
		5AE1956D2A44B4BB00DD9520 /* SceneDelegate.m */ = {isa = PBXFileReference; fileEncoding = 4; lastKnownFileType = sourcecode.c.objc; path = SceneDelegate.m; sourceTree = "<group>"; };
		5AFC0F0D2A66E91200569E5A /* libopenvdb.10.0.1.dylib */ = {isa = PBXFileReference; lastKnownFileType = "compiled.mach-o.dylib"; name = libopenvdb.10.0.1.dylib; path = ../../../../usr/local/lib/libopenvdb.10.0.1.dylib; sourceTree = "<group>"; };
/* End PBXFileReference section */

/* Begin PBXFrameworksBuildPhase section */
		5A087F582A350CA000BDCA99 /* Frameworks */ = {
			isa = PBXFrameworksBuildPhase;
			buildActionMask = 2147483647;
			files = (
				5A087F632A350E1300BDCA99 /* Metal.framework in Frameworks */,
				5A087F642A350E2000BDCA99 /* Foundation.framework in Frameworks */,
				5A087F652A350E2600BDCA99 /* QuartzCore.framework in Frameworks */,
			);
			runOnlyForDeploymentPostprocessing = 0;
		};
		5A43D6F32A37AB5A0048C4B4 /* Frameworks */ = {
			isa = PBXFrameworksBuildPhase;
			buildActionMask = 2147483647;
			files = (
				5A43D7032A37B1CE0048C4B4 /* QuartzCore.framework in Frameworks */,
				5A43D6FE2A37ABCD0048C4B4 /* Metal.framework in Frameworks */,
				5A43D6FD2A37ABC60048C4B4 /* Foundation.framework in Frameworks */,
			);
			runOnlyForDeploymentPostprocessing = 0;
		};
		5A61A2762A3B8DBC00D9DA5B /* Frameworks */ = {
			isa = PBXFrameworksBuildPhase;
			buildActionMask = 2147483647;
			files = (
				5AFC0F0E2A66E91200569E5A /* libopenvdb.10.0.1.dylib in Frameworks */,
				5A60DFB72A659E65001FE68D /* MetalKit.framework in Frameworks */,
				5A60DFB52A659E5E001FE68D /* ModelIO.framework in Frameworks */,
			);
			runOnlyForDeploymentPostprocessing = 0;
		};
		5A705A922A65CB0C00C05171 /* Frameworks */ = {
			isa = PBXFrameworksBuildPhase;
			buildActionMask = 2147483647;
			files = (
				5A705A952A65CB0C00C05171 /* ModelIO.framework in Frameworks */,
				5A705A962A65CB0C00C05171 /* MetalKit.framework in Frameworks */,
			);
			runOnlyForDeploymentPostprocessing = 0;
		};
		5AD975012A49D6D700168B28 /* Frameworks */ = {
			isa = PBXFrameworksBuildPhase;
			buildActionMask = 2147483647;
			files = (
				5AD975182A49D8CD00168B28 /* MetalKit.framework in Frameworks */,
			);
			runOnlyForDeploymentPostprocessing = 0;
		};
		5AD975512A4A30F400168B28 /* Frameworks */ = {
			isa = PBXFrameworksBuildPhase;
			buildActionMask = 2147483647;
			files = (
				5A60DFB42A659E4F001FE68D /* ModelIO.framework in Frameworks */,
				5AD975532A4A30F400168B28 /* MetalKit.framework in Frameworks */,
			);
			runOnlyForDeploymentPostprocessing = 0;
		};
		5AE195332A44A47100DD9520 /* Frameworks */ = {
			isa = PBXFrameworksBuildPhase;
			buildActionMask = 2147483647;
			files = (
				5AE195522A44A7C200DD9520 /* MetalKit.framework in Frameworks */,
			);
			runOnlyForDeploymentPostprocessing = 0;
		};
/* End PBXFrameworksBuildPhase section */

/* Begin PBXGroup section */
		5A426A0B2A2E845900EE9F46 = {
			isa = PBXGroup;
			children = (
				5A66136A2A4CCDED006C2900 /* Notes */,
				5A7E016D2A4B8FD20002592C /* Resources */,
				5A84AFFA2A3DFD6E00100842 /* README.md */,
				5A61A1FB2A3B85D400D9DA5B /* Renderer */,
				5A426A162A2E845900EE9F46 /* Mimosa */,
				5AE195372A44A47100DD9520 /* Mimosa-IOS */,
				5AD975052A49D6D700168B28 /* Mimosa-Swift */,
				5A426A152A2E845900EE9F46 /* Products */,
				5A426A1E2A2E84EF00EE9F46 /* Frameworks */,
			);
			sourceTree = "<group>";
		};
		5A426A152A2E845900EE9F46 /* Products */ = {
			isa = PBXGroup;
			children = (
				5A087F5B2A350CA000BDCA99 /* helloMetal */,
				5A43D6F62A37AB5A0048C4B4 /* helloRayTracing */,
				5A61A2792A3B8DBC00D9DA5B /* Mimosa.app */,
				5AE195362A44A47100DD9520 /* Mimosa-IOS.app */,
				5AD975042A49D6D700168B28 /* Mimosa-Swift.app */,
				5AD9756E2A4A30F400168B28 /* Mimosa-Swift-Mac.app */,
				5A705AB72A65CB0C00C05171 /* Mimosa-Swift-Mac copy.app */,
			);
			name = Products;
			sourceTree = "<group>";
		};
		5A426A162A2E845900EE9F46 /* Mimosa */ = {
			isa = PBXGroup;
			children = (
				5AE1956D2A44B4BB00DD9520 /* SceneDelegate.m */,
				5AE1956C2A44B48800DD9520 /* SceneDelegate.h */,
				5A61A21D2A3B8B2600D9DA5B /* Assets.xcassets */,
				5A61A2152A3B8A7E00D9DA5B /* AppDelegate.h */,
				5A61A2192A3B8A7E00D9DA5B /* AppDelegate.m */,
				5A61A2162A3B8A7E00D9DA5B /* mimosa.m */,
				5A61A2172A3B8A7E00D9DA5B /* ViewController.h */,
				5A61A2182A3B8A7E00D9DA5B /* ViewController.mm */,
				5A61A2092A3B85FD00D9DA5B /* iOS */,
				5A61A20F2A3B85FD00D9DA5B /* macOS */,
			);
			path = Mimosa;
			sourceTree = "<group>";
		};
		5A426A1E2A2E84EF00EE9F46 /* Frameworks */ = {
			isa = PBXGroup;
			children = (
				5AFC0F0D2A66E91200569E5A /* libopenvdb.10.0.1.dylib */,
				5A60DFB62A659E65001FE68D /* MetalKit.framework */,
				5A60DFB32A659E4F001FE68D /* ModelIO.framework */,
				5A7E01A42A4B91390002592C /* ImageIO.framework */,
				5AE195512A44A7C200DD9520 /* MetalKit.framework */,
				5A426A2B2A2E857500EE9F46 /* Foundation.framework */,
				5A426A292A2E856200EE9F46 /* QuartzCore.framework */,
				5A426A1F2A2E84EF00EE9F46 /* Metal.framework */,
			);
			name = Frameworks;
			sourceTree = "<group>";
		};
		5A61A1FB2A3B85D400D9DA5B /* Renderer */ = {
			isa = PBXGroup;
			children = (
				5A61A1FC2A3B85D400D9DA5B /* Renderer.h */,
				5A61A1FD2A3B85D400D9DA5B /* Shaders.metal */,
				5A61A1FE2A3B85D400D9DA5B /* ShaderTypes.h */,
				5A61A1FF2A3B85D400D9DA5B /* Transforms.mm */,
				5A61A2002A3B85D400D9DA5B /* RenderScene.mm */,
				5A61A2012A3B85D400D9DA5B /* Transforms.h */,
				5A61A2022A3B85D400D9DA5B /* Renderer.mm */,
				5A61A2032A3B85D400D9DA5B /* RenderScene.h */,
			);
			path = Renderer;
			sourceTree = "<group>";
		};
		5A61A2092A3B85FD00D9DA5B /* iOS */ = {
			isa = PBXGroup;
			children = (
				5A61A20A2A3B85FD00D9DA5B /* LaunchScreen.storyboard */,
				5A61A20C2A3B85FD00D9DA5B /* Main.storyboard */,
				5A61A20E2A3B85FD00D9DA5B /* Info.plist */,
			);
			path = iOS;
			sourceTree = "<group>";
		};
		5A61A20F2A3B85FD00D9DA5B /* macOS */ = {
			isa = PBXGroup;
			children = (
				5AD974A82A475E8E00168B28 /* Main.storyboard */,
				5A61A2122A3B85FD00D9DA5B /* Info.plist */,
			);
			path = macOS;
			sourceTree = "<group>";
		};
		5A66136A2A4CCDED006C2900 /* Notes */ = {
			isa = PBXGroup;
			children = (
				5A66136B2A4CCE15006C2900 /* importantSampling2D.cpp */,
			);
			path = Notes;
			sourceTree = "<group>";
		};
		5A75D8102A5DFDE50072532A /* VDB */ = {
			isa = PBXGroup;
			children = (
				5A75D8112A5DFDE50072532A /* bunny_cloud.vdb */,
				5A75D8122A5DFDE50072532A /* cloud_01.vdb */,
			);
			path = VDB;
			sourceTree = "<group>";
		};
		5A7E016D2A4B8FD20002592C /* Resources */ = {
			isa = PBXGroup;
			children = (
				5A75D8102A5DFDE50072532A /* VDB */,
				5A7E016E2A4B8FD20002592C /* Model */,
				5A7E01802A4B8FD20002592C /* Texture */,
			);
			path = Resources;
			sourceTree = "<group>";
		};
		5A7E016E2A4B8FD20002592C /* Model */ = {
			isa = PBXGroup;
			children = (
				5A7E016F2A4B8FD20002592C /* cone.obj */,
				5A7E01702A4B8FD20002592C /* bunny-fine.obj */,
				5A7E01712A4B8FD20002592C /* bunny.obj */,
				5A7E01722A4B8FD20002592C /* cube.obj */,
				5A7E01732A4B8FD20002592C /* teapot.obj */,
				5A7E01742A4B8FD20002592C /* cylinder.obj */,
				5A7E01752A4B8FD20002592C /* veach */,
			);
			path = Model;
			sourceTree = "<group>";
		};
		5A7E01752A4B8FD20002592C /* veach */ = {
			isa = PBXGroup;
			children = (
				5A7E01762A4B8FD20002592C /* floor.mtl */,
				5A7E01772A4B8FD20002592C /* plate4.obj */,
				5A7E01782A4B8FD20002592C /* plate1.obj */,
				5A7E01792A4B8FD20002592C /* plate2.obj */,
				5A7E017A2A4B8FD20002592C /* plate3.obj */,
				5A7E017B2A4B8FD20002592C /* plate4.mtl */,
				5A7E017C2A4B8FD20002592C /* floor.obj */,
				5A7E017D2A4B8FD20002592C /* plate2.mtl */,
				5A7E017E2A4B8FD20002592C /* plate3.mtl */,
				5A7E017F2A4B8FD20002592C /* plate1.mtl */,
			);
			path = veach;
			sourceTree = "<group>";
		};
		5A7E01802A4B8FD20002592C /* Texture */ = {
			isa = PBXGroup;
			children = (
				5A7E01812A4B8FD20002592C /* kloppenheim_06_4k.hdr */,
			);
			path = Texture;
			sourceTree = "<group>";
		};
		5AD975052A49D6D700168B28 /* Mimosa-Swift */ = {
			isa = PBXGroup;
			children = (
				5AD9752E2A49FDB800168B28 /* scene_image */,
				5AD9752C2A49E8A800168B28 /* RenderScene.storyboard */,
				5AD975062A49D6D700168B28 /* Mimosa_SwiftApp.swift */,
				5AD975082A49D6D700168B28 /* ContentView.swift */,
				5AD9752A2A49DAA000168B28 /* -Bridging-Header.h */,
				5AD9750A2A49D6D900168B28 /* Assets.xcassets */,
				5AD9750C2A49D6D900168B28 /* Mimosa_Swift.entitlements */,
				5AD9750D2A49D6D900168B28 /* Preview Content */,
			);
			path = "Mimosa-Swift";
			sourceTree = "<group>";
		};
		5AD9750D2A49D6D900168B28 /* Preview Content */ = {
			isa = PBXGroup;
			children = (
				5AD9750E2A49D6D900168B28 /* Preview Assets.xcassets */,
			);
			path = "Preview Content";
			sourceTree = "<group>";
		};
		5AD9752E2A49FDB800168B28 /* scene_image */ = {
			isa = PBXGroup;
			children = (
				5A69C7792A67278C00ABA62B /* 07.png */,
				5A32C0722A64887C002327BC /* 05.png */,
				5A32C0732A64887D002327BC /* 06.png */,
				5A9EAB4F2A57438500873B56 /* 04.png */,
				5AD975312A49FEB900168B28 /* 01.png */,
				5AD975302A49FEB900168B28 /* 02.png */,
				5AD9752F2A49FEB900168B28 /* 03.png */,
			);
			path = scene_image;
			sourceTree = "<group>";
		};
		5AE195372A44A47100DD9520 /* Mimosa-IOS */ = {
			isa = PBXGroup;
			children = (
				5AE195412A44A47100DD9520 /* Main.storyboard */,
				5AE195442A44A47300DD9520 /* Assets.xcassets */,
				5AE195462A44A47300DD9520 /* LaunchScreen.storyboard */,
				5AE195492A44A47300DD9520 /* Info.plist */,
			);
			path = "Mimosa-IOS";
			sourceTree = "<group>";
		};
/* End PBXGroup section */

/* Begin PBXNativeTarget section */
		5A087F5A2A350CA000BDCA99 /* helloMetal */ = {
			isa = PBXNativeTarget;
			buildConfigurationList = 5A087F5F2A350CA000BDCA99 /* Build configuration list for PBXNativeTarget "helloMetal" */;
			buildPhases = (
				5A087F572A350CA000BDCA99 /* Sources */,
				5A087F582A350CA000BDCA99 /* Frameworks */,
				5A087F592A350CA000BDCA99 /* CopyFiles */,
			);
			buildRules = (
			);
			dependencies = (
			);
			name = helloMetal;
			productName = helloMetal;
			productReference = 5A087F5B2A350CA000BDCA99 /* helloMetal */;
			productType = "com.apple.product-type.tool";
		};
		5A43D6F52A37AB5A0048C4B4 /* helloRayTracing */ = {
			isa = PBXNativeTarget;
			buildConfigurationList = 5A43D6FC2A37AB5B0048C4B4 /* Build configuration list for PBXNativeTarget "helloRayTracing" */;
			buildPhases = (
				5A43D6F22A37AB5A0048C4B4 /* Sources */,
				5A43D6F32A37AB5A0048C4B4 /* Frameworks */,
				5A43D6F42A37AB5A0048C4B4 /* CopyFiles */,
			);
			buildRules = (
			);
			dependencies = (
			);
			name = helloRayTracing;
			productName = helloRayTracing;
			productReference = 5A43D6F62A37AB5A0048C4B4 /* helloRayTracing */;
			productType = "com.apple.product-type.tool";
		};
		5A61A2782A3B8DBC00D9DA5B /* Mimosa */ = {
			isa = PBXNativeTarget;
			buildConfigurationList = 5A61A2892A3B8DBE00D9DA5B /* Build configuration list for PBXNativeTarget "Mimosa" */;
			buildPhases = (
				5A61A2752A3B8DBC00D9DA5B /* Sources */,
				5A61A2762A3B8DBC00D9DA5B /* Frameworks */,
				5A61A2772A3B8DBC00D9DA5B /* Resources */,
				5A75D8192A5DFFFD0072532A /* Embed Libraries */,
			);
			buildRules = (
			);
			dependencies = (
			);
			name = Mimosa;
			productName = Mimosa;
			productReference = 5A61A2792A3B8DBC00D9DA5B /* Mimosa.app */;
			productType = "com.apple.product-type.application";
		};
		5A705A892A65CB0C00C05171 /* Mimosa-Swift-Mac copy */ = {
			isa = PBXNativeTarget;
			buildConfigurationList = 5A705AB42A65CB0C00C05171 /* Build configuration list for PBXNativeTarget "Mimosa-Swift-Mac copy" */;
			buildPhases = (
				5A705A8A2A65CB0C00C05171 /* Sources */,
				5A705A922A65CB0C00C05171 /* Frameworks */,
				5A705A972A65CB0C00C05171 /* Resources */,
			);
			buildRules = (
			);
			dependencies = (
			);
			name = "Mimosa-Swift-Mac copy";
			productName = "Mimosa-Swift";
			productReference = 5A705AB72A65CB0C00C05171 /* Mimosa-Swift-Mac copy.app */;
			productType = "com.apple.product-type.application";
		};
		5AD975032A49D6D700168B28 /* Mimosa-Swift */ = {
			isa = PBXNativeTarget;
			buildConfigurationList = 5AD975122A49D6D900168B28 /* Build configuration list for PBXNativeTarget "Mimosa-Swift" */;
			buildPhases = (
				5AD975002A49D6D700168B28 /* Sources */,
				5AD975012A49D6D700168B28 /* Frameworks */,
				5AD975022A49D6D700168B28 /* Resources */,
			);
			buildRules = (
			);
			dependencies = (
			);
			name = "Mimosa-Swift";
			productName = "Mimosa-Swift";
			productReference = 5AD975042A49D6D700168B28 /* Mimosa-Swift.app */;
			productType = "com.apple.product-type.application";
		};
		5AD975482A4A30F400168B28 /* Mimosa-Swift-Mac */ = {
			isa = PBXNativeTarget;
			buildConfigurationList = 5AD9756B2A4A30F400168B28 /* Build configuration list for PBXNativeTarget "Mimosa-Swift-Mac" */;
			buildPhases = (
				5AD975492A4A30F400168B28 /* Sources */,
				5AD975512A4A30F400168B28 /* Frameworks */,
				5AD975542A4A30F400168B28 /* Resources */,
			);
			buildRules = (
			);
			dependencies = (
			);
			name = "Mimosa-Swift-Mac";
			productName = "Mimosa-Swift";
			productReference = 5AD9756E2A4A30F400168B28 /* Mimosa-Swift-Mac.app */;
			productType = "com.apple.product-type.application";
		};
		5AE195352A44A47100DD9520 /* Mimosa-IOS */ = {
			isa = PBXNativeTarget;
			buildConfigurationList = 5AE1954E2A44A47300DD9520 /* Build configuration list for PBXNativeTarget "Mimosa-IOS" */;
			buildPhases = (
				5AE195322A44A47100DD9520 /* Sources */,
				5AE195332A44A47100DD9520 /* Frameworks */,
				5AE195342A44A47100DD9520 /* Resources */,
			);
			buildRules = (
			);
			dependencies = (
			);
			name = "Mimosa-IOS";
			productName = "Mimosa-IOS";
			productReference = 5AE195362A44A47100DD9520 /* Mimosa-IOS.app */;
			productType = "com.apple.product-type.application";
		};
/* End PBXNativeTarget section */

/* Begin PBXProject section */
		5A426A0C2A2E845900EE9F46 /* Project object */ = {
			isa = PBXProject;
			attributes = {
				BuildIndependentTargetsInParallel = 1;
				LastSwiftUpdateCheck = 1500;
				LastUpgradeCheck = 1500;
				TargetAttributes = {
					5A087F5A2A350CA000BDCA99 = {
						CreatedOnToolsVersion = 14.3.1;
					};
					5A43D6F52A37AB5A0048C4B4 = {
						CreatedOnToolsVersion = 14.3.1;
					};
					5A61A2782A3B8DBC00D9DA5B = {
						CreatedOnToolsVersion = 14.3.1;
					};
					5AD975032A49D6D700168B28 = {
						CreatedOnToolsVersion = 15.0;
					};
					5AE195352A44A47100DD9520 = {
						CreatedOnToolsVersion = 15.0;
					};
				};
			};
			buildConfigurationList = 5A426A0F2A2E845900EE9F46 /* Build configuration list for PBXProject "Mimosa" */;
			compatibilityVersion = "Xcode 14.0";
			developmentRegion = en;
			hasScannedForEncodings = 0;
			knownRegions = (
				en,
				Base,
			);
			mainGroup = 5A426A0B2A2E845900EE9F46;
			productRefGroup = 5A426A152A2E845900EE9F46 /* Products */;
			projectDirPath = "";
			projectRoot = "";
			targets = (
				5A61A2782A3B8DBC00D9DA5B /* Mimosa */,
				5AD975482A4A30F400168B28 /* Mimosa-Swift-Mac */,
				5AE195352A44A47100DD9520 /* Mimosa-IOS */,
				5A087F5A2A350CA000BDCA99 /* helloMetal */,
				5A43D6F52A37AB5A0048C4B4 /* helloRayTracing */,
				5AD975032A49D6D700168B28 /* Mimosa-Swift */,
				5A705A892A65CB0C00C05171 /* Mimosa-Swift-Mac copy */,
			);
		};
/* End PBXProject section */

/* Begin PBXResourcesBuildPhase section */
		5A61A2772A3B8DBC00D9DA5B /* Resources */ = {
			isa = PBXResourcesBuildPhase;
			buildActionMask = 2147483647;
			files = (
				5A32C0742A64887D002327BC /* 05.png in Resources */,
				5A7E01822A4B8FEA0002592C /* cone.obj in Resources */,
				5A7E01832A4B8FEA0002592C /* bunny-fine.obj in Resources */,
				5A7E01842A4B8FEA0002592C /* bunny.obj in Resources */,
				5A7E01852A4B8FEA0002592C /* cube.obj in Resources */,
				5A7E01862A4B8FEA0002592C /* teapot.obj in Resources */,
				5A7E01872A4B8FEA0002592C /* cylinder.obj in Resources */,
				5A7E01882A4B8FEA0002592C /* floor.mtl in Resources */,
				5A7E01892A4B8FEA0002592C /* plate4.obj in Resources */,
				5A7E018A2A4B8FEA0002592C /* plate1.obj in Resources */,
				5A7E018B2A4B8FEA0002592C /* plate2.obj in Resources */,
				5A7E018C2A4B8FEA0002592C /* plate3.obj in Resources */,
				5A7E018D2A4B8FEA0002592C /* plate4.mtl in Resources */,
				5A7E018E2A4B8FEA0002592C /* floor.obj in Resources */,
				5A7E018F2A4B8FEA0002592C /* plate2.mtl in Resources */,
				5A7E01902A4B8FEA0002592C /* plate3.mtl in Resources */,
				5A75D8132A5DFDE50072532A /* bunny_cloud.vdb in Resources */,
				5A7E01912A4B8FEA0002592C /* plate1.mtl in Resources */,
				5A7E01922A4B8FEA0002592C /* kloppenheim_06_4k.hdr in Resources */,
				5A32C0762A64887D002327BC /* 06.png in Resources */,
				5A61A2932A3B8E3B00D9DA5B /* Assets.xcassets in Resources */,
				5AD974A72A475E8E00168B28 /* Main.storyboard in Resources */,
				5A75D8152A5DFDE50072532A /* cloud_01.vdb in Resources */,
			);
			runOnlyForDeploymentPostprocessing = 0;
		};
		5A705A972A65CB0C00C05171 /* Resources */ = {
			isa = PBXResourcesBuildPhase;
			buildActionMask = 2147483647;
			files = (
				5A705A982A65CB0C00C05171 /* cone.obj in Resources */,
				5A705A992A65CB0C00C05171 /* bunny-fine.obj in Resources */,
				5A705A9A2A65CB0C00C05171 /* bunny.obj in Resources */,
				5A705A9B2A65CB0C00C05171 /* cube.obj in Resources */,
				5A705A9C2A65CB0C00C05171 /* teapot.obj in Resources */,
				5A705A9D2A65CB0C00C05171 /* cylinder.obj in Resources */,
				5A705A9E2A65CB0C00C05171 /* floor.mtl in Resources */,
				5A705A9F2A65CB0C00C05171 /* plate4.obj in Resources */,
				5A705AA02A65CB0C00C05171 /* plate1.obj in Resources */,
				5A705AA12A65CB0C00C05171 /* plate2.obj in Resources */,
				5A705AA22A65CB0C00C05171 /* plate3.obj in Resources */,
				5A705AA32A65CB0C00C05171 /* plate4.mtl in Resources */,
				5A705AA42A65CB0C00C05171 /* floor.obj in Resources */,
				5A705AA52A65CB0C00C05171 /* plate2.mtl in Resources */,
				5A705AA62A65CB0C00C05171 /* plate3.mtl in Resources */,
				5A705AA72A65CB0C00C05171 /* plate1.mtl in Resources */,
				5A705AA82A65CB0C00C05171 /* kloppenheim_06_4k.hdr in Resources */,
				5A705AA92A65CB0C00C05171 /* 05.png in Resources */,
				5A705AAA2A65CB0C00C05171 /* 03.png in Resources */,
				5A705AAB2A65CB0C00C05171 /* 01.png in Resources */,
				5A705AAC2A65CB0C00C05171 /* RenderScene.storyboard in Resources */,
				5A705AAD2A65CB0C00C05171 /* bunny_cloud.vdb in Resources */,
				5A705AAE2A65CB0C00C05171 /* 02.png in Resources */,
				5A705AAF2A65CB0C00C05171 /* cloud_01.vdb in Resources */,
				5A705AB02A65CB0C00C05171 /* 04.png in Resources */,
				5A705AB12A65CB0C00C05171 /* 06.png in Resources */,
				5A705AB22A65CB0C00C05171 /* Preview Assets.xcassets in Resources */,
				5A705AB32A65CB0C00C05171 /* Assets.xcassets in Resources */,
			);
			runOnlyForDeploymentPostprocessing = 0;
		};
		5AD975022A49D6D700168B28 /* Resources */ = {
			isa = PBXResourcesBuildPhase;
			buildActionMask = 2147483647;
			files = (
				5A69C77B2A67278C00ABA62B /* 07.png in Resources */,
				5A7E01932A4B8FFC0002592C /* cone.obj in Resources */,
				5A7E01942A4B8FFC0002592C /* bunny-fine.obj in Resources */,
				5A7E01952A4B8FFC0002592C /* bunny.obj in Resources */,
				5A7E01962A4B8FFC0002592C /* cube.obj in Resources */,
				5A7E01972A4B8FFC0002592C /* teapot.obj in Resources */,
				5A7E01982A4B8FFC0002592C /* cylinder.obj in Resources */,
				5A7E01992A4B8FFC0002592C /* floor.mtl in Resources */,
				5A7E019A2A4B8FFC0002592C /* plate4.obj in Resources */,
				5A7E019B2A4B8FFC0002592C /* plate1.obj in Resources */,
				5A7E019C2A4B8FFC0002592C /* plate2.obj in Resources */,
				5A7E019D2A4B8FFC0002592C /* plate3.obj in Resources */,
				5A7E019E2A4B8FFC0002592C /* plate4.mtl in Resources */,
				5A7E019F2A4B8FFC0002592C /* floor.obj in Resources */,
				5A7E01A02A4B8FFC0002592C /* plate2.mtl in Resources */,
				5A7E01A12A4B8FFC0002592C /* plate3.mtl in Resources */,
				5A7E01A22A4B8FFC0002592C /* plate1.mtl in Resources */,
				5A7E01A32A4B8FFC0002592C /* kloppenheim_06_4k.hdr in Resources */,
				5AD975322A49FEB900168B28 /* 03.png in Resources */,
				5AD975342A49FEBA00168B28 /* 01.png in Resources */,
				5AD9752D2A49E8A800168B28 /* RenderScene.storyboard in Resources */,
				5AD975332A49FEB900168B28 /* 02.png in Resources */,
				5AD9750F2A49D6D900168B28 /* Preview Assets.xcassets in Resources */,
				5AD9750B2A49D6D900168B28 /* Assets.xcassets in Resources */,
			);
			runOnlyForDeploymentPostprocessing = 0;
		};
		5AD975542A4A30F400168B28 /* Resources */ = {
			isa = PBXResourcesBuildPhase;
			buildActionMask = 2147483647;
			files = (
				5A32C0782A648D7A002327BC /* cone.obj in Resources */,
				5A32C0792A648D7A002327BC /* bunny-fine.obj in Resources */,
				5A32C07A2A648D7A002327BC /* bunny.obj in Resources */,
				5A32C07B2A648D7A002327BC /* cube.obj in Resources */,
				5A32C07C2A648D7A002327BC /* teapot.obj in Resources */,
				5A32C07D2A648D7A002327BC /* cylinder.obj in Resources */,
				5A32C07E2A648D7A002327BC /* floor.mtl in Resources */,
				5A32C07F2A648D7A002327BC /* plate4.obj in Resources */,
				5A32C0802A648D7A002327BC /* plate1.obj in Resources */,
				5A69C77A2A67278C00ABA62B /* 07.png in Resources */,
				5A32C0812A648D7A002327BC /* plate2.obj in Resources */,
				5A32C0822A648D7A002327BC /* plate3.obj in Resources */,
				5A32C0832A648D7A002327BC /* plate4.mtl in Resources */,
				5A32C0842A648D7A002327BC /* floor.obj in Resources */,
				5A32C0852A648D7A002327BC /* plate2.mtl in Resources */,
				5A32C0862A648D7A002327BC /* plate3.mtl in Resources */,
				5A32C0872A648D7A002327BC /* plate1.mtl in Resources */,
				5A32C0882A648D7A002327BC /* kloppenheim_06_4k.hdr in Resources */,
				5A32C0752A64887D002327BC /* 05.png in Resources */,
				5AD975552A4A30F400168B28 /* 03.png in Resources */,
				5AD975612A4A30F400168B28 /* 01.png in Resources */,
				5AD975652A4A30F400168B28 /* RenderScene.storyboard in Resources */,
				5A75D8142A5DFDE50072532A /* bunny_cloud.vdb in Resources */,
				5AD975672A4A30F400168B28 /* 02.png in Resources */,
				5A75D8162A5DFDE50072532A /* cloud_01.vdb in Resources */,
				5A9EAB502A57438500873B56 /* 04.png in Resources */,
				5A32C0772A64887D002327BC /* 06.png in Resources */,
				5AD975692A4A30F400168B28 /* Preview Assets.xcassets in Resources */,
				5AD9756A2A4A30F400168B28 /* Assets.xcassets in Resources */,
			);
			runOnlyForDeploymentPostprocessing = 0;
		};
		5AE195342A44A47100DD9520 /* Resources */ = {
			isa = PBXResourcesBuildPhase;
			buildActionMask = 2147483647;
			files = (
				5AE195482A44A47300DD9520 /* LaunchScreen.storyboard in Resources */,
				5AE195452A44A47300DD9520 /* Assets.xcassets in Resources */,
				5AE195432A44A47100DD9520 /* Main.storyboard in Resources */,
			);
			runOnlyForDeploymentPostprocessing = 0;
		};
/* End PBXResourcesBuildPhase section */

/* Begin PBXSourcesBuildPhase section */
		5A087F572A350CA000BDCA99 /* Sources */ = {
			isa = PBXSourcesBuildPhase;
			buildActionMask = 2147483647;
			files = (
			);
			runOnlyForDeploymentPostprocessing = 0;
		};
		5A43D6F22A37AB5A0048C4B4 /* Sources */ = {
			isa = PBXSourcesBuildPhase;
			buildActionMask = 2147483647;
			files = (
			);
			runOnlyForDeploymentPostprocessing = 0;
		};
		5A61A2752A3B8DBC00D9DA5B /* Sources */ = {
			isa = PBXSourcesBuildPhase;
			buildActionMask = 2147483647;
			files = (
				5A61A2902A3B8E2C00D9DA5B /* AppDelegate.m in Sources */,
				5A61A2912A3B8E2C00D9DA5B /* mimosa.m in Sources */,
				5A61A2922A3B8E2C00D9DA5B /* ViewController.mm in Sources */,
				5A61A28C2A3B8E0D00D9DA5B /* Shaders.metal in Sources */,
				5A61A28D2A3B8E0D00D9DA5B /* Transforms.mm in Sources */,
				5A61A28E2A3B8E0D00D9DA5B /* RenderScene.mm in Sources */,
				5A61A28F2A3B8E0D00D9DA5B /* Renderer.mm in Sources */,
			);
			runOnlyForDeploymentPostprocessing = 0;
		};
		5A705A8A2A65CB0C00C05171 /* Sources */ = {
			isa = PBXSourcesBuildPhase;
			buildActionMask = 2147483647;
			files = (
				5A705A8B2A65CB0C00C05171 /* Shaders.metal in Sources */,
				5A705A8C2A65CB0C00C05171 /* Transforms.mm in Sources */,
				5A705A8D2A65CB0C00C05171 /* RenderScene.mm in Sources */,
				5A705A8E2A65CB0C00C05171 /* Renderer.mm in Sources */,
				5A705A8F2A65CB0C00C05171 /* ViewController.mm in Sources */,
				5A705A902A65CB0C00C05171 /* ContentView.swift in Sources */,
				5A705A912A65CB0C00C05171 /* Mimosa_SwiftApp.swift in Sources */,
			);
			runOnlyForDeploymentPostprocessing = 0;
		};
		5AD975002A49D6D700168B28 /* Sources */ = {
			isa = PBXSourcesBuildPhase;
			buildActionMask = 2147483647;
			files = (
				5AD975132A49D8C000168B28 /* Shaders.metal in Sources */,
				5AD975142A49D8C000168B28 /* Transforms.mm in Sources */,
				5AD975152A49D8C000168B28 /* RenderScene.mm in Sources */,
				5AD975162A49D8C000168B28 /* Renderer.mm in Sources */,
				5AD975172A49D8C000168B28 /* ViewController.mm in Sources */,
				5AD975092A49D6D700168B28 /* ContentView.swift in Sources */,
				5AD975072A49D6D700168B28 /* Mimosa_SwiftApp.swift in Sources */,
			);
			runOnlyForDeploymentPostprocessing = 0;
		};
		5AD975492A4A30F400168B28 /* Sources */ = {
			isa = PBXSourcesBuildPhase;
			buildActionMask = 2147483647;
			files = (
				5AD9754A2A4A30F400168B28 /* Shaders.metal in Sources */,
				5AD9754B2A4A30F400168B28 /* Transforms.mm in Sources */,
				5AD9754C2A4A30F400168B28 /* RenderScene.mm in Sources */,
				5AD9754D2A4A30F400168B28 /* Renderer.mm in Sources */,
				5AD9754E2A4A30F400168B28 /* ViewController.mm in Sources */,
				5AD9754F2A4A30F400168B28 /* ContentView.swift in Sources */,
				5AD975502A4A30F400168B28 /* Mimosa_SwiftApp.swift in Sources */,
			);
			runOnlyForDeploymentPostprocessing = 0;
		};
		5AE195322A44A47100DD9520 /* Sources */ = {
			isa = PBXSourcesBuildPhase;
			buildActionMask = 2147483647;
			files = (
				5AE1956B2A44AF5900DD9520 /* AppDelegate.m in Sources */,
				5AE1956A2A44AF2800DD9520 /* Shaders.metal in Sources */,
				5AE195692A44A8F200DD9520 /* ViewController.mm in Sources */,
				5AE195672A44A87300DD9520 /* mimosa.m in Sources */,
				5AE195642A44A7F600DD9520 /* Transforms.mm in Sources */,
				5AE195652A44A7F600DD9520 /* RenderScene.mm in Sources */,
				5AE195662A44A7F600DD9520 /* Renderer.mm in Sources */,
			);
			runOnlyForDeploymentPostprocessing = 0;
		};
/* End PBXSourcesBuildPhase section */

/* Begin PBXVariantGroup section */
		5A61A20A2A3B85FD00D9DA5B /* LaunchScreen.storyboard */ = {
			isa = PBXVariantGroup;
			children = (
				5A61A20B2A3B85FD00D9DA5B /* Base */,
			);
			name = LaunchScreen.storyboard;
			sourceTree = "<group>";
		};
		5A61A20C2A3B85FD00D9DA5B /* Main.storyboard */ = {
			isa = PBXVariantGroup;
			children = (
				5A61A20D2A3B85FD00D9DA5B /* Base */,
			);
			name = Main.storyboard;
			sourceTree = "<group>";
		};
		5AE195412A44A47100DD9520 /* Main.storyboard */ = {
			isa = PBXVariantGroup;
			children = (
				5AE195422A44A47100DD9520 /* Base */,
			);
			name = Main.storyboard;
			sourceTree = "<group>";
		};
		5AE195462A44A47300DD9520 /* LaunchScreen.storyboard */ = {
			isa = PBXVariantGroup;
			children = (
				5AE195472A44A47300DD9520 /* Base */,
			);
			name = LaunchScreen.storyboard;
			sourceTree = "<group>";
		};
/* End PBXVariantGroup section */

/* Begin XCBuildConfiguration section */
		5A087F602A350CA000BDCA99 /* Debug */ = {
			isa = XCBuildConfiguration;
			buildSettings = {
				CODE_SIGN_STYLE = Automatic;
				DEAD_CODE_STRIPPING = YES;
				DEVELOPMENT_TEAM = CAB432FF98;
				ENABLE_HARDENED_RUNTIME = YES;
				HEADER_SEARCH_PATHS = "/Users/quinton/Documents/Mimosa/metal-cpp";
				PRODUCT_NAME = "$(TARGET_NAME)";
			};
			name = Debug;
		};
		5A087F612A350CA000BDCA99 /* Release */ = {
			isa = XCBuildConfiguration;
			buildSettings = {
				CODE_SIGN_STYLE = Automatic;
				DEAD_CODE_STRIPPING = YES;
				DEVELOPMENT_TEAM = CAB432FF98;
				ENABLE_HARDENED_RUNTIME = YES;
				HEADER_SEARCH_PATHS = "/Users/quinton/Documents/Mimosa/metal-cpp";
				PRODUCT_NAME = "$(TARGET_NAME)";
			};
			name = Release;
		};
		5A426A192A2E845900EE9F46 /* Debug */ = {
			isa = XCBuildConfiguration;
			buildSettings = {
				ALWAYS_SEARCH_USER_PATHS = NO;
				CLANG_ANALYZER_NONNULL = YES;
				CLANG_ANALYZER_NUMBER_OBJECT_CONVERSION = YES_AGGRESSIVE;
				CLANG_CXX_LANGUAGE_STANDARD = "gnu++20";
				CLANG_ENABLE_MODULES = YES;
				CLANG_ENABLE_OBJC_ARC = YES;
				CLANG_ENABLE_OBJC_WEAK = YES;
				CLANG_WARN_BLOCK_CAPTURE_AUTORELEASING = YES;
				CLANG_WARN_BOOL_CONVERSION = YES;
				CLANG_WARN_COMMA = YES;
				CLANG_WARN_CONSTANT_CONVERSION = YES;
				CLANG_WARN_DEPRECATED_OBJC_IMPLEMENTATIONS = YES;
				CLANG_WARN_DIRECT_OBJC_ISA_USAGE = YES_ERROR;
				CLANG_WARN_DOCUMENTATION_COMMENTS = YES;
				CLANG_WARN_EMPTY_BODY = YES;
				CLANG_WARN_ENUM_CONVERSION = YES;
				CLANG_WARN_INFINITE_RECURSION = YES;
				CLANG_WARN_INT_CONVERSION = YES;
				CLANG_WARN_NON_LITERAL_NULL_CONVERSION = YES;
				CLANG_WARN_OBJC_IMPLICIT_RETAIN_SELF = YES;
				CLANG_WARN_OBJC_LITERAL_CONVERSION = YES;
				CLANG_WARN_OBJC_ROOT_CLASS = YES_ERROR;
				CLANG_WARN_QUOTED_INCLUDE_IN_FRAMEWORK_HEADER = YES;
				CLANG_WARN_RANGE_LOOP_ANALYSIS = YES;
				CLANG_WARN_STRICT_PROTOTYPES = YES;
				CLANG_WARN_SUSPICIOUS_MOVE = YES;
				CLANG_WARN_UNGUARDED_AVAILABILITY = YES_AGGRESSIVE;
				CLANG_WARN_UNREACHABLE_CODE = YES;
				CLANG_WARN__DUPLICATE_METHOD_MATCH = YES;
				COPY_PHASE_STRIP = NO;
				DEAD_CODE_STRIPPING = YES;
				DEBUG_INFORMATION_FORMAT = dwarf;
				ENABLE_STRICT_OBJC_MSGSEND = YES;
				ENABLE_TESTABILITY = YES;
				GCC_C_LANGUAGE_STANDARD = gnu11;
				GCC_DYNAMIC_NO_PIC = NO;
				GCC_NO_COMMON_BLOCKS = YES;
				GCC_OPTIMIZATION_LEVEL = 0;
				GCC_PREPROCESSOR_DEFINITIONS = (
					"DEBUG=1",
					"$(inherited)",
				);
				GCC_WARN_64_TO_32_BIT_CONVERSION = YES;
				GCC_WARN_ABOUT_RETURN_TYPE = YES_ERROR;
				GCC_WARN_UNDECLARED_SELECTOR = YES;
				GCC_WARN_UNINITIALIZED_AUTOS = YES_AGGRESSIVE;
				GCC_WARN_UNUSED_FUNCTION = YES;
				GCC_WARN_UNUSED_VARIABLE = YES;
				HEADER_SEARCH_PATHS = /Users/quinton/Documents/Mimosa/Mimosa;
				MACOSX_DEPLOYMENT_TARGET = 13.3;
				MTL_ENABLE_DEBUG_INFO = INCLUDE_SOURCE;
				MTL_FAST_MATH = YES;
				ONLY_ACTIVE_ARCH = YES;
				SDKROOT = macosx;
			};
			name = Debug;
		};
		5A426A1A2A2E845900EE9F46 /* Release */ = {
			isa = XCBuildConfiguration;
			buildSettings = {
				ALWAYS_SEARCH_USER_PATHS = NO;
				CLANG_ANALYZER_NONNULL = YES;
				CLANG_ANALYZER_NUMBER_OBJECT_CONVERSION = YES_AGGRESSIVE;
				CLANG_CXX_LANGUAGE_STANDARD = "gnu++20";
				CLANG_ENABLE_MODULES = YES;
				CLANG_ENABLE_OBJC_ARC = YES;
				CLANG_ENABLE_OBJC_WEAK = YES;
				CLANG_WARN_BLOCK_CAPTURE_AUTORELEASING = YES;
				CLANG_WARN_BOOL_CONVERSION = YES;
				CLANG_WARN_COMMA = YES;
				CLANG_WARN_CONSTANT_CONVERSION = YES;
				CLANG_WARN_DEPRECATED_OBJC_IMPLEMENTATIONS = YES;
				CLANG_WARN_DIRECT_OBJC_ISA_USAGE = YES_ERROR;
				CLANG_WARN_DOCUMENTATION_COMMENTS = YES;
				CLANG_WARN_EMPTY_BODY = YES;
				CLANG_WARN_ENUM_CONVERSION = YES;
				CLANG_WARN_INFINITE_RECURSION = YES;
				CLANG_WARN_INT_CONVERSION = YES;
				CLANG_WARN_NON_LITERAL_NULL_CONVERSION = YES;
				CLANG_WARN_OBJC_IMPLICIT_RETAIN_SELF = YES;
				CLANG_WARN_OBJC_LITERAL_CONVERSION = YES;
				CLANG_WARN_OBJC_ROOT_CLASS = YES_ERROR;
				CLANG_WARN_QUOTED_INCLUDE_IN_FRAMEWORK_HEADER = YES;
				CLANG_WARN_RANGE_LOOP_ANALYSIS = YES;
				CLANG_WARN_STRICT_PROTOTYPES = YES;
				CLANG_WARN_SUSPICIOUS_MOVE = YES;
				CLANG_WARN_UNGUARDED_AVAILABILITY = YES_AGGRESSIVE;
				CLANG_WARN_UNREACHABLE_CODE = YES;
				CLANG_WARN__DUPLICATE_METHOD_MATCH = YES;
				COPY_PHASE_STRIP = NO;
				DEAD_CODE_STRIPPING = YES;
				DEBUG_INFORMATION_FORMAT = "dwarf-with-dsym";
				ENABLE_NS_ASSERTIONS = NO;
				ENABLE_STRICT_OBJC_MSGSEND = YES;
				GCC_C_LANGUAGE_STANDARD = gnu11;
				GCC_NO_COMMON_BLOCKS = YES;
				GCC_WARN_64_TO_32_BIT_CONVERSION = YES;
				GCC_WARN_ABOUT_RETURN_TYPE = YES_ERROR;
				GCC_WARN_UNDECLARED_SELECTOR = YES;
				GCC_WARN_UNINITIALIZED_AUTOS = YES_AGGRESSIVE;
				GCC_WARN_UNUSED_FUNCTION = YES;
				GCC_WARN_UNUSED_VARIABLE = YES;
				HEADER_SEARCH_PATHS = /Users/quinton/Documents/Mimosa/Mimosa;
				MACOSX_DEPLOYMENT_TARGET = 13.3;
				MTL_ENABLE_DEBUG_INFO = NO;
				MTL_FAST_MATH = YES;
				SDKROOT = macosx;
			};
			name = Release;
		};
		5A43D6FA2A37AB5B0048C4B4 /* Debug */ = {
			isa = XCBuildConfiguration;
			buildSettings = {
				CODE_SIGN_STYLE = Automatic;
				DEAD_CODE_STRIPPING = YES;
				DEVELOPMENT_TEAM = CAB432FF98;
				ENABLE_HARDENED_RUNTIME = YES;
				HEADER_SEARCH_PATHS = (
					"/Users/quinton/Documents/Mimosa/metal-cpp",
					"/Users/quinton/Documents/Mimosa/metal-cpp-extensions",
				);
				PRODUCT_NAME = "$(TARGET_NAME)";
			};
			name = Debug;
		};
		5A43D6FB2A37AB5B0048C4B4 /* Release */ = {
			isa = XCBuildConfiguration;
			buildSettings = {
				CODE_SIGN_STYLE = Automatic;
				DEAD_CODE_STRIPPING = YES;
				DEVELOPMENT_TEAM = CAB432FF98;
				ENABLE_HARDENED_RUNTIME = YES;
				HEADER_SEARCH_PATHS = (
					"/Users/quinton/Documents/Mimosa/metal-cpp",
					"/Users/quinton/Documents/Mimosa/metal-cpp-extensions",
				);
				PRODUCT_NAME = "$(TARGET_NAME)";
			};
			name = Release;
		};
		5A61A28A2A3B8DBE00D9DA5B /* Debug */ = {
			isa = XCBuildConfiguration;
			buildSettings = {
				ASSETCATALOG_COMPILER_APPICON_NAME = AppIcon;
				ASSETCATALOG_COMPILER_GLOBAL_ACCENT_COLOR_NAME = AccentColor;
				ASSETCATALOG_COMPILER_INCLUDE_ALL_APPICON_ASSETS = NO;
				CODE_SIGN_ENTITLEMENTS = Mimosa/Mimosa.entitlements;
				CODE_SIGN_STYLE = Automatic;
				COMBINE_HIDPI_IMAGES = YES;
				CURRENT_PROJECT_VERSION = 1;
				DEAD_CODE_STRIPPING = YES;
				DEVELOPMENT_ASSET_PATHS = Mimosa/Assets.xcassets;
				DEVELOPMENT_TEAM = CAB432FF98;
				ENABLE_HARDENED_RUNTIME = YES;
				GCC_PREPROCESSOR_DEFINITIONS = (
					"$(inherited)",
					"SUPPORTS_METAL_3=1",
				);
				GENERATE_INFOPLIST_FILE = YES;
				INFOPLIST_KEY_NSHumanReadableCopyright = "";
				INFOPLIST_KEY_NSMainStoryboardFile = Main;
				INFOPLIST_KEY_NSPrincipalClass = NSApplication;
				INFOPLIST_KEY_UILaunchStoryboardName = "";
				LD_RUNPATH_SEARCH_PATHS = (
					"$(inherited)",
					"@executable_path/../Frameworks",
				);
				LIBRARY_SEARCH_PATHS = (
					"$(inherited)",
					/usr/local/Cellar/tbb/2021.9.0/lib,
					/usr/local/lib,
				);
				MACOSX_DEPLOYMENT_TARGET = 13.0;
				MARKETING_VERSION = 1.0;
				MTL_OPTIMIZATION_LEVEL = default;
				MTL_PREPROCESSOR_DEFINITIONS = "SUPPORTS_METAL_3=1";
				OTHER_LDFLAGS = (
					"-ltbb",
					"-lopenvdb",
				);
				PRODUCT_BUNDLE_IDENTIFIER = Q.Mimosa;
				PRODUCT_NAME = "$(TARGET_NAME)";
				SWIFT_EMIT_LOC_STRINGS = YES;
				SYSTEM_HEADER_SEARCH_PATHS = (
					/usr/local/Cellar/tbb/2021.9.0/include,
					/usr/local/Cellar/boost/1.82.0_1/include,
					/usr/local/Cellar/openvdb/10.0.1_2/include,
				);
			};
			name = Debug;
		};
		5A61A28B2A3B8DBE00D9DA5B /* Release */ = {
			isa = XCBuildConfiguration;
			buildSettings = {
				ASSETCATALOG_COMPILER_APPICON_NAME = AppIcon;
				ASSETCATALOG_COMPILER_GLOBAL_ACCENT_COLOR_NAME = AccentColor;
				ASSETCATALOG_COMPILER_INCLUDE_ALL_APPICON_ASSETS = NO;
				CODE_SIGN_ENTITLEMENTS = Mimosa/Mimosa.entitlements;
				CODE_SIGN_STYLE = Automatic;
				COMBINE_HIDPI_IMAGES = YES;
				CURRENT_PROJECT_VERSION = 1;
				DEAD_CODE_STRIPPING = YES;
				DEVELOPMENT_ASSET_PATHS = Mimosa/Assets.xcassets;
				DEVELOPMENT_TEAM = CAB432FF98;
				ENABLE_HARDENED_RUNTIME = YES;
				GCC_OPTIMIZATION_LEVEL = s;
				GCC_PREPROCESSOR_DEFINITIONS = "SUPPORTS_METAL_3=1";
				GENERATE_INFOPLIST_FILE = YES;
				INFOPLIST_KEY_NSHumanReadableCopyright = "";
				INFOPLIST_KEY_NSMainStoryboardFile = Main;
				INFOPLIST_KEY_NSPrincipalClass = NSApplication;
				INFOPLIST_KEY_UILaunchStoryboardName = "";
				LD_RUNPATH_SEARCH_PATHS = (
					"$(inherited)",
					"@executable_path/../Frameworks",
				);
				LIBRARY_SEARCH_PATHS = (
					"$(inherited)",
					/usr/local/Cellar/tbb/2021.9.0/lib,
					/usr/local/lib,
				);
				MACOSX_DEPLOYMENT_TARGET = 13.0;
				MARKETING_VERSION = 1.0;
				MTL_OPTIMIZATION_LEVEL = default;
				MTL_PREPROCESSOR_DEFINITIONS = "SUPPORTS_METAL_3=1";
				ONLY_ACTIVE_ARCH = YES;
				OTHER_LDFLAGS = (
					"-ltbb",
					"-lopenvdb",
				);
				PRODUCT_BUNDLE_IDENTIFIER = Q.Mimosa;
				PRODUCT_NAME = "$(TARGET_NAME)";
				SWIFT_EMIT_LOC_STRINGS = YES;
				SYSTEM_HEADER_SEARCH_PATHS = (
					/usr/local/Cellar/tbb/2021.9.0/include,
					/usr/local/Cellar/boost/1.82.0_1/include,
					/usr/local/Cellar/openvdb/10.0.1_2/include,
				);
			};
			name = Release;
		};
		5A705AB52A65CB0C00C05171 /* Debug */ = {
			isa = XCBuildConfiguration;
			buildSettings = {
				ALLOW_TARGET_PLATFORM_SPECIALIZATION = YES;
				ASSETCATALOG_COMPILER_APPICON_NAME = AppIcon;
				ASSETCATALOG_COMPILER_GENERATE_SWIFT_ASSET_SYMBOL_EXTENSIONS = YES;
				ASSETCATALOG_COMPILER_GLOBAL_ACCENT_COLOR_NAME = AccentColor;
				CLANG_LINK_OBJC_RUNTIME = YES;
				CODE_SIGN_ENTITLEMENTS = "Mimosa-Swift/Mimosa_Swift.entitlements";
				CODE_SIGN_STYLE = Automatic;
				CURRENT_PROJECT_VERSION = 1;
				DEVELOPMENT_ASSET_PATHS = "\"Mimosa-Swift/Preview Content\"";
				DEVELOPMENT_TEAM = CAB432FF98;
				ENABLE_HARDENED_RUNTIME = YES;
				ENABLE_PREVIEWS = YES;
				ENABLE_TESTING_SEARCH_PATHS = YES;
				ENABLE_USER_SCRIPT_SANDBOXING = YES;
				FRAMEWORK_SEARCH_PATHS = "";
				GCC_C_LANGUAGE_STANDARD = gnu11;
				GCC_PREPROCESSOR_DEFINITIONS = (
					"HAS_SWIFT_UI=1",
					"SUPPORTS_METAL_3=1",
					"$(inherited)",
				);
				GENERATE_INFOPLIST_FILE = YES;
				INFOPLIST_KEY_CFBundleDisplayName = Mimosa;
				INFOPLIST_KEY_LSApplicationCategoryType = "public.app-category.graphics-design";
				"INFOPLIST_KEY_UIApplicationSceneManifest_Generation[sdk=iphoneos*]" = YES;
				"INFOPLIST_KEY_UIApplicationSceneManifest_Generation[sdk=iphonesimulator*]" = YES;
				"INFOPLIST_KEY_UIApplicationSupportsIndirectInputEvents[sdk=iphoneos*]" = YES;
				"INFOPLIST_KEY_UIApplicationSupportsIndirectInputEvents[sdk=iphonesimulator*]" = YES;
				"INFOPLIST_KEY_UILaunchScreen_Generation[sdk=iphoneos*]" = YES;
				"INFOPLIST_KEY_UILaunchScreen_Generation[sdk=iphonesimulator*]" = YES;
				"INFOPLIST_KEY_UIStatusBarStyle[sdk=iphoneos*]" = UIStatusBarStyleDefault;
				"INFOPLIST_KEY_UIStatusBarStyle[sdk=iphonesimulator*]" = UIStatusBarStyleDefault;
				INFOPLIST_KEY_UISupportedInterfaceOrientations_iPad = "UIInterfaceOrientationPortrait UIInterfaceOrientationPortraitUpsideDown UIInterfaceOrientationLandscapeLeft UIInterfaceOrientationLandscapeRight";
				INFOPLIST_KEY_UISupportedInterfaceOrientations_iPhone = "UIInterfaceOrientationPortrait UIInterfaceOrientationLandscapeLeft UIInterfaceOrientationLandscapeRight";
				IPHONEOS_DEPLOYMENT_TARGET = 17.0;
				LD_RUNPATH_SEARCH_PATHS = (
					"$(inherited)",
					"@executable_path/../Frameworks",
				);
				LIBRARY_SEARCH_PATHS = (
					"$(inherited)",
					/usr/local/Cellar/tbb/2021.9.0/lib,
					/usr/local/lib,
					/usr/local/Cellar/boost/1.82.0_1/lib,
					"$(PROJECT_DIR)",
					/usr/local/Cellar/openvdb/10.0.1_2/lib,
				);
				LOCALIZATION_PREFERS_STRING_CATALOGS = YES;
				MACOSX_DEPLOYMENT_TARGET = 13.0;
				MARKETING_VERSION = 1.0;
				MTL_PREPROCESSOR_DEFINITIONS = "SUPPORTS_METAL_3=1";
				ONLY_ACTIVE_ARCH = YES;
				PRODUCT_BUNDLE_IDENTIFIER = "QuintonQ.Mimosa-Swift";
				PRODUCT_NAME = "$(TARGET_NAME)";
				SDKROOT = macosx;
				SUPPORTED_PLATFORMS = macosx;
				SUPPORTS_MACCATALYST = YES;
				SWIFT_ACTIVE_COMPILATION_CONDITIONS = "DEBUG $(inherited)";
				SWIFT_EMIT_LOC_STRINGS = YES;
				SWIFT_OBJC_BRIDGING_HEADER = "./Mimosa-Swift/-Bridging-Header.h";
				SWIFT_OBJC_INTEROP_MODE = objcxx;
				SWIFT_OPTIMIZATION_LEVEL = "-Onone";
				SWIFT_VERSION = 5.0;
				SYSTEM_HEADER_SEARCH_PATHS = (
					/usr/local/Cellar/tbb/2021.9.0/include,
					/usr/local/Cellar/boost/1.82.0_1/include,
					/usr/local/Cellar/openvdb/10.0.1_2/include,
				);
				TARGETED_DEVICE_FAMILY = "1,2,6";
			};
			name = Debug;
		};
		5A705AB62A65CB0C00C05171 /* Release */ = {
			isa = XCBuildConfiguration;
			buildSettings = {
				ALLOW_TARGET_PLATFORM_SPECIALIZATION = YES;
				ASSETCATALOG_COMPILER_APPICON_NAME = AppIcon;
				ASSETCATALOG_COMPILER_GENERATE_SWIFT_ASSET_SYMBOL_EXTENSIONS = YES;
				ASSETCATALOG_COMPILER_GLOBAL_ACCENT_COLOR_NAME = AccentColor;
				CLANG_LINK_OBJC_RUNTIME = YES;
				CODE_SIGN_ENTITLEMENTS = "Mimosa-Swift/Mimosa_Swift.entitlements";
				CODE_SIGN_STYLE = Automatic;
				CURRENT_PROJECT_VERSION = 1;
				DEVELOPMENT_ASSET_PATHS = "\"Mimosa-Swift/Preview Content\"";
				DEVELOPMENT_TEAM = CAB432FF98;
				ENABLE_HARDENED_RUNTIME = YES;
				ENABLE_PREVIEWS = YES;
				ENABLE_TESTING_SEARCH_PATHS = YES;
				ENABLE_USER_SCRIPT_SANDBOXING = YES;
				FRAMEWORK_SEARCH_PATHS = "";
				GCC_C_LANGUAGE_STANDARD = gnu11;
				GCC_PREPROCESSOR_DEFINITIONS = (
					"HAS_SWIFT_UI=1",
					"SUPPORTS_METAL_3=1",
				);
				GENERATE_INFOPLIST_FILE = YES;
				INFOPLIST_KEY_CFBundleDisplayName = Mimosa;
				INFOPLIST_KEY_LSApplicationCategoryType = "public.app-category.graphics-design";
				"INFOPLIST_KEY_UIApplicationSceneManifest_Generation[sdk=iphoneos*]" = YES;
				"INFOPLIST_KEY_UIApplicationSceneManifest_Generation[sdk=iphonesimulator*]" = YES;
				"INFOPLIST_KEY_UIApplicationSupportsIndirectInputEvents[sdk=iphoneos*]" = YES;
				"INFOPLIST_KEY_UIApplicationSupportsIndirectInputEvents[sdk=iphonesimulator*]" = YES;
				"INFOPLIST_KEY_UILaunchScreen_Generation[sdk=iphoneos*]" = YES;
				"INFOPLIST_KEY_UILaunchScreen_Generation[sdk=iphonesimulator*]" = YES;
				"INFOPLIST_KEY_UIStatusBarStyle[sdk=iphoneos*]" = UIStatusBarStyleDefault;
				"INFOPLIST_KEY_UIStatusBarStyle[sdk=iphonesimulator*]" = UIStatusBarStyleDefault;
				INFOPLIST_KEY_UISupportedInterfaceOrientations_iPad = "UIInterfaceOrientationPortrait UIInterfaceOrientationPortraitUpsideDown UIInterfaceOrientationLandscapeLeft UIInterfaceOrientationLandscapeRight";
				INFOPLIST_KEY_UISupportedInterfaceOrientations_iPhone = "UIInterfaceOrientationPortrait UIInterfaceOrientationLandscapeLeft UIInterfaceOrientationLandscapeRight";
				IPHONEOS_DEPLOYMENT_TARGET = 17.0;
				LD_RUNPATH_SEARCH_PATHS = (
					"$(inherited)",
					"@executable_path/../Frameworks",
				);
				LIBRARY_SEARCH_PATHS = (
					"$(inherited)",
					/usr/local/Cellar/tbb/2021.9.0/lib,
					/usr/local/lib,
					/usr/local/Cellar/boost/1.82.0_1/lib,
					"$(PROJECT_DIR)",
					/usr/local/Cellar/openvdb/10.0.1_2/lib,
				);
				LOCALIZATION_PREFERS_STRING_CATALOGS = YES;
				MACOSX_DEPLOYMENT_TARGET = 13.0;
				MARKETING_VERSION = 1.0;
				MTL_PREPROCESSOR_DEFINITIONS = "SUPPORTS_METAL_3=1";
				PRODUCT_BUNDLE_IDENTIFIER = "QuintonQ.Mimosa-Swift";
				PRODUCT_NAME = "$(TARGET_NAME)";
				SDKROOT = macosx;
				SUPPORTED_PLATFORMS = macosx;
				SUPPORTS_MACCATALYST = YES;
				SWIFT_COMPILATION_MODE = wholemodule;
				SWIFT_EMIT_LOC_STRINGS = YES;
				SWIFT_OBJC_BRIDGING_HEADER = "./Mimosa-Swift/-Bridging-Header.h";
				SWIFT_OBJC_INTEROP_MODE = objcxx;
				SWIFT_VERSION = 5.0;
				SYSTEM_HEADER_SEARCH_PATHS = (
					/usr/local/Cellar/tbb/2021.9.0/include,
					/usr/local/Cellar/boost/1.82.0_1/include,
					/usr/local/Cellar/openvdb/10.0.1_2/include,
				);
				TARGETED_DEVICE_FAMILY = "1,2,6";
			};
			name = Release;
		};
		5AD975102A49D6D900168B28 /* Debug */ = {
			isa = XCBuildConfiguration;
			buildSettings = {
				ALLOW_TARGET_PLATFORM_SPECIALIZATION = YES;
				ASSETCATALOG_COMPILER_APPICON_NAME = AppIcon;
				ASSETCATALOG_COMPILER_GENERATE_SWIFT_ASSET_SYMBOL_EXTENSIONS = YES;
				ASSETCATALOG_COMPILER_GLOBAL_ACCENT_COLOR_NAME = AccentColor;
				CODE_SIGN_ENTITLEMENTS = "Mimosa-Swift/Mimosa_Swift.entitlements";
				CODE_SIGN_STYLE = Automatic;
				CURRENT_PROJECT_VERSION = 1;
				DEVELOPMENT_ASSET_PATHS = "\"Mimosa-Swift/Preview Content\"";
				DEVELOPMENT_TEAM = CAB432FF98;
				ENABLE_HARDENED_RUNTIME = YES;
				ENABLE_PREVIEWS = YES;
				ENABLE_USER_SCRIPT_SANDBOXING = YES;
				GCC_C_LANGUAGE_STANDARD = gnu17;
				GCC_PREPROCESSOR_DEFINITIONS = (
					"DEBUG=1",
					"$(inherited)",
					"SUPPORTS_METAL_3=1",
				);
				GENERATE_INFOPLIST_FILE = YES;
				"INFOPLIST_KEY_UIApplicationSceneManifest_Generation[sdk=iphoneos*]" = YES;
				"INFOPLIST_KEY_UIApplicationSceneManifest_Generation[sdk=iphonesimulator*]" = YES;
				"INFOPLIST_KEY_UIApplicationSupportsIndirectInputEvents[sdk=iphoneos*]" = YES;
				"INFOPLIST_KEY_UIApplicationSupportsIndirectInputEvents[sdk=iphonesimulator*]" = YES;
				"INFOPLIST_KEY_UILaunchScreen_Generation[sdk=iphoneos*]" = YES;
				"INFOPLIST_KEY_UILaunchScreen_Generation[sdk=iphonesimulator*]" = YES;
				"INFOPLIST_KEY_UIStatusBarStyle[sdk=iphoneos*]" = UIStatusBarStyleDefault;
				"INFOPLIST_KEY_UIStatusBarStyle[sdk=iphonesimulator*]" = UIStatusBarStyleDefault;
				INFOPLIST_KEY_UISupportedInterfaceOrientations_iPad = "UIInterfaceOrientationPortrait UIInterfaceOrientationPortraitUpsideDown UIInterfaceOrientationLandscapeLeft UIInterfaceOrientationLandscapeRight";
				INFOPLIST_KEY_UISupportedInterfaceOrientations_iPhone = "UIInterfaceOrientationPortrait UIInterfaceOrientationLandscapeLeft UIInterfaceOrientationLandscapeRight";
				IPHONEOS_DEPLOYMENT_TARGET = 17.0;
				LD_RUNPATH_SEARCH_PATHS = "@executable_path/Frameworks";
				"LD_RUNPATH_SEARCH_PATHS[sdk=macosx*]" = "@executable_path/../Frameworks";
				LOCALIZATION_PREFERS_STRING_CATALOGS = YES;
				MACOSX_DEPLOYMENT_TARGET = 14.0;
				MARKETING_VERSION = 1.0;
				PRODUCT_BUNDLE_IDENTIFIER = "QuintonQ.Mimosa-IOS";
				PRODUCT_NAME = "$(TARGET_NAME)";
				SDKROOT = macosx14.0;
				SUPPORTED_PLATFORMS = "xrsimulator xros watchsimulator watchos macosx iphonesimulator iphoneos driverkit appletvsimulator appletvos";
				SUPPORTS_MACCATALYST = YES;
				SWIFT_ACTIVE_COMPILATION_CONDITIONS = "DEBUG $(inherited)";
				SWIFT_EMIT_LOC_STRINGS = YES;
				SWIFT_OBJC_BRIDGING_HEADER = "./Mimosa-Swift/-Bridging-Header.h";
				SWIFT_OBJC_INTEROP_MODE = objcxx;
				SWIFT_OPTIMIZATION_LEVEL = "-Onone";
				SWIFT_VERSION = 5.0;
				TARGETED_DEVICE_FAMILY = "1,2,6";
			};
			name = Debug;
		};
		5AD975112A49D6D900168B28 /* Release */ = {
			isa = XCBuildConfiguration;
			buildSettings = {
				ALLOW_TARGET_PLATFORM_SPECIALIZATION = YES;
				ASSETCATALOG_COMPILER_APPICON_NAME = AppIcon;
				ASSETCATALOG_COMPILER_GENERATE_SWIFT_ASSET_SYMBOL_EXTENSIONS = YES;
				ASSETCATALOG_COMPILER_GLOBAL_ACCENT_COLOR_NAME = AccentColor;
				CODE_SIGN_ENTITLEMENTS = "Mimosa-Swift/Mimosa_Swift.entitlements";
				CODE_SIGN_STYLE = Automatic;
				CURRENT_PROJECT_VERSION = 1;
				DEVELOPMENT_ASSET_PATHS = "\"Mimosa-Swift/Preview Content\"";
				DEVELOPMENT_TEAM = CAB432FF98;
				ENABLE_HARDENED_RUNTIME = YES;
				ENABLE_PREVIEWS = YES;
				ENABLE_USER_SCRIPT_SANDBOXING = YES;
				GCC_C_LANGUAGE_STANDARD = gnu17;
				GCC_PREPROCESSOR_DEFINITIONS = "SUPPORTS_METAL_3=1";
				GENERATE_INFOPLIST_FILE = YES;
				"INFOPLIST_KEY_UIApplicationSceneManifest_Generation[sdk=iphoneos*]" = YES;
				"INFOPLIST_KEY_UIApplicationSceneManifest_Generation[sdk=iphonesimulator*]" = YES;
				"INFOPLIST_KEY_UIApplicationSupportsIndirectInputEvents[sdk=iphoneos*]" = YES;
				"INFOPLIST_KEY_UIApplicationSupportsIndirectInputEvents[sdk=iphonesimulator*]" = YES;
				"INFOPLIST_KEY_UILaunchScreen_Generation[sdk=iphoneos*]" = YES;
				"INFOPLIST_KEY_UILaunchScreen_Generation[sdk=iphonesimulator*]" = YES;
				"INFOPLIST_KEY_UIStatusBarStyle[sdk=iphoneos*]" = UIStatusBarStyleDefault;
				"INFOPLIST_KEY_UIStatusBarStyle[sdk=iphonesimulator*]" = UIStatusBarStyleDefault;
				INFOPLIST_KEY_UISupportedInterfaceOrientations_iPad = "UIInterfaceOrientationPortrait UIInterfaceOrientationPortraitUpsideDown UIInterfaceOrientationLandscapeLeft UIInterfaceOrientationLandscapeRight";
				INFOPLIST_KEY_UISupportedInterfaceOrientations_iPhone = "UIInterfaceOrientationPortrait UIInterfaceOrientationLandscapeLeft UIInterfaceOrientationLandscapeRight";
				IPHONEOS_DEPLOYMENT_TARGET = 17.0;
				LD_RUNPATH_SEARCH_PATHS = "@executable_path/Frameworks";
				"LD_RUNPATH_SEARCH_PATHS[sdk=macosx*]" = "@executable_path/../Frameworks";
				LOCALIZATION_PREFERS_STRING_CATALOGS = YES;
				MACOSX_DEPLOYMENT_TARGET = 14.0;
				MARKETING_VERSION = 1.0;
				PRODUCT_BUNDLE_IDENTIFIER = "QuintonQ.Mimosa-IOS";
				PRODUCT_NAME = "$(TARGET_NAME)";
				SDKROOT = macosx14.0;
				SUPPORTED_PLATFORMS = "xrsimulator xros watchsimulator watchos macosx iphonesimulator iphoneos driverkit appletvsimulator appletvos";
				SUPPORTS_MACCATALYST = YES;
				SWIFT_COMPILATION_MODE = wholemodule;
				SWIFT_EMIT_LOC_STRINGS = YES;
				SWIFT_OBJC_BRIDGING_HEADER = "./Mimosa-Swift/-Bridging-Header.h";
				SWIFT_OBJC_INTEROP_MODE = objcxx;
				SWIFT_VERSION = 5.0;
				TARGETED_DEVICE_FAMILY = "1,2,6";
			};
			name = Release;
		};
		5AD9756C2A4A30F400168B28 /* Debug */ = {
			isa = XCBuildConfiguration;
			buildSettings = {
				ALLOW_TARGET_PLATFORM_SPECIALIZATION = YES;
				ASSETCATALOG_COMPILER_APPICON_NAME = AppIcon;
				ASSETCATALOG_COMPILER_GENERATE_SWIFT_ASSET_SYMBOL_EXTENSIONS = YES;
				ASSETCATALOG_COMPILER_GLOBAL_ACCENT_COLOR_NAME = AccentColor;
				ASSETCATALOG_COMPILER_INCLUDE_ALL_APPICON_ASSETS = YES;
				CLANG_LINK_OBJC_RUNTIME = NO;
				CODE_SIGN_ENTITLEMENTS = "Mimosa-Swift/Mimosa_Swift.entitlements";
				CODE_SIGN_STYLE = Automatic;
				CURRENT_PROJECT_VERSION = 1;
				DEVELOPMENT_ASSET_PATHS = "Mimosa-Swift/Preview\\ Content Mimosa-Swift/Assets.xcassets";
				DEVELOPMENT_TEAM = CAB432FF98;
				ENABLE_HARDENED_RUNTIME = YES;
				ENABLE_PREVIEWS = YES;
				ENABLE_TESTING_SEARCH_PATHS = NO;
				ENABLE_USER_SCRIPT_SANDBOXING = YES;
				FRAMEWORK_SEARCH_PATHS = "";
				GCC_C_LANGUAGE_STANDARD = gnu11;
				GCC_PREPROCESSOR_DEFINITIONS = (
					"HAS_SWIFT_UI=1",
					"SUPPORTS_METAL_3=1",
					"$(inherited)",
				);
				GENERATE_INFOPLIST_FILE = YES;
				INFOPLIST_KEY_CFBundleDisplayName = Mimosa;
				INFOPLIST_KEY_LSApplicationCategoryType = "public.app-category.graphics-design";
				"INFOPLIST_KEY_UIApplicationSceneManifest_Generation[sdk=iphoneos*]" = YES;
				"INFOPLIST_KEY_UIApplicationSceneManifest_Generation[sdk=iphonesimulator*]" = YES;
				"INFOPLIST_KEY_UIApplicationSupportsIndirectInputEvents[sdk=iphoneos*]" = YES;
				"INFOPLIST_KEY_UIApplicationSupportsIndirectInputEvents[sdk=iphonesimulator*]" = YES;
				"INFOPLIST_KEY_UILaunchScreen_Generation[sdk=iphoneos*]" = YES;
				"INFOPLIST_KEY_UILaunchScreen_Generation[sdk=iphonesimulator*]" = YES;
				"INFOPLIST_KEY_UIStatusBarStyle[sdk=iphoneos*]" = UIStatusBarStyleDefault;
				"INFOPLIST_KEY_UIStatusBarStyle[sdk=iphonesimulator*]" = UIStatusBarStyleDefault;
				INFOPLIST_KEY_UISupportedInterfaceOrientations_iPad = "UIInterfaceOrientationPortrait UIInterfaceOrientationPortraitUpsideDown UIInterfaceOrientationLandscapeLeft UIInterfaceOrientationLandscapeRight";
				INFOPLIST_KEY_UISupportedInterfaceOrientations_iPhone = "UIInterfaceOrientationPortrait UIInterfaceOrientationLandscapeLeft UIInterfaceOrientationLandscapeRight";
				IPHONEOS_DEPLOYMENT_TARGET = 17.0;
				LD_QUOTE_LINKER_ARGUMENTS_FOR_COMPILER_DRIVER = YES;
				LD_RUNPATH_SEARCH_PATHS = (
					"$(inherited)",
					"@executable_path/../Frameworks",
				);
				LIBRARY_SEARCH_PATHS = (
					"$(inherited)",
					/usr/local/lib,
				);
				LOCALIZATION_PREFERS_STRING_CATALOGS = YES;
				MACOSX_DEPLOYMENT_TARGET = 13.0;
				MARKETING_VERSION = 1.0;
				MTL_OPTIMIZATION_LEVEL = default;
				MTL_PREPROCESSOR_DEFINITIONS = "SUPPORTS_METAL_3=1";
				ONLY_ACTIVE_ARCH = YES;
				OTHER_LDFLAGS = (
					"/usr/local/Cellar/c-blosc/1.21.3/lib/libblosc.a",
					/usr/local/Cellar/zlib/1.2.13/lib/libz.a,
					/usr/local/Cellar/tbb/2021.9.0/lib/libtbb.a,
					/usr/local/Cellar/boost/1.82.0_1/lib/libboost_iostreams.a,
					/usr/local/Cellar/openvdb/10.0.1_2/lib/libopenvdb.a,
				);
				PRODUCT_BUNDLE_IDENTIFIER = "QuintonQ.Mimosa-Swift";
				PRODUCT_NAME = "$(TARGET_NAME)";
				SDKROOT = macosx;
				SUPPORTED_PLATFORMS = macosx;
				SUPPORTS_MACCATALYST = YES;
				SWIFT_ACTIVE_COMPILATION_CONDITIONS = "DEBUG $(inherited)";
				SWIFT_EMIT_LOC_STRINGS = YES;
				SWIFT_OBJC_BRIDGING_HEADER = "./Mimosa-Swift/-Bridging-Header.h";
				SWIFT_OBJC_INTEROP_MODE = objcxx;
				SWIFT_OPTIMIZATION_LEVEL = "-Onone";
				SWIFT_VERSION = 5.0;
				SYSTEM_HEADER_SEARCH_PATHS = (
					/usr/local/Cellar/openvdb/10.0.1_2/include,
					/usr/local/Cellar/boost/1.82.0_1/include,
					/usr/local/Cellar/tbb/2021.9.0/include,
				);
				TARGETED_DEVICE_FAMILY = "1,2,6";
				USE_HEADERMAP = YES;
			};
			name = Debug;
		};
		5AD9756D2A4A30F400168B28 /* Release */ = {
			isa = XCBuildConfiguration;
			buildSettings = {
				ALLOW_TARGET_PLATFORM_SPECIALIZATION = YES;
				ASSETCATALOG_COMPILER_APPICON_NAME = AppIcon;
				ASSETCATALOG_COMPILER_GENERATE_SWIFT_ASSET_SYMBOL_EXTENSIONS = YES;
				ASSETCATALOG_COMPILER_GLOBAL_ACCENT_COLOR_NAME = AccentColor;
				ASSETCATALOG_COMPILER_INCLUDE_ALL_APPICON_ASSETS = YES;
				CLANG_LINK_OBJC_RUNTIME = NO;
				CODE_SIGN_ENTITLEMENTS = "Mimosa-Swift/Mimosa_Swift.entitlements";
				CODE_SIGN_STYLE = Automatic;
				CURRENT_PROJECT_VERSION = 1;
				DEVELOPMENT_ASSET_PATHS = "Mimosa-Swift/Preview\\ Content Mimosa-Swift/Assets.xcassets";
				DEVELOPMENT_TEAM = CAB432FF98;
				ENABLE_HARDENED_RUNTIME = YES;
				ENABLE_PREVIEWS = YES;
				ENABLE_TESTING_SEARCH_PATHS = NO;
				ENABLE_USER_SCRIPT_SANDBOXING = YES;
				FRAMEWORK_SEARCH_PATHS = "";
				GCC_C_LANGUAGE_STANDARD = gnu11;
				GCC_PREPROCESSOR_DEFINITIONS = (
					"HAS_SWIFT_UI=1",
					"SUPPORTS_METAL_3=1",
				);
				GENERATE_INFOPLIST_FILE = YES;
				INFOPLIST_KEY_CFBundleDisplayName = Mimosa;
				INFOPLIST_KEY_LSApplicationCategoryType = "public.app-category.graphics-design";
				"INFOPLIST_KEY_UIApplicationSceneManifest_Generation[sdk=iphoneos*]" = YES;
				"INFOPLIST_KEY_UIApplicationSceneManifest_Generation[sdk=iphonesimulator*]" = YES;
				"INFOPLIST_KEY_UIApplicationSupportsIndirectInputEvents[sdk=iphoneos*]" = YES;
				"INFOPLIST_KEY_UIApplicationSupportsIndirectInputEvents[sdk=iphonesimulator*]" = YES;
				"INFOPLIST_KEY_UILaunchScreen_Generation[sdk=iphoneos*]" = YES;
				"INFOPLIST_KEY_UILaunchScreen_Generation[sdk=iphonesimulator*]" = YES;
				"INFOPLIST_KEY_UIStatusBarStyle[sdk=iphoneos*]" = UIStatusBarStyleDefault;
				"INFOPLIST_KEY_UIStatusBarStyle[sdk=iphonesimulator*]" = UIStatusBarStyleDefault;
				INFOPLIST_KEY_UISupportedInterfaceOrientations_iPad = "UIInterfaceOrientationPortrait UIInterfaceOrientationPortraitUpsideDown UIInterfaceOrientationLandscapeLeft UIInterfaceOrientationLandscapeRight";
				INFOPLIST_KEY_UISupportedInterfaceOrientations_iPhone = "UIInterfaceOrientationPortrait UIInterfaceOrientationLandscapeLeft UIInterfaceOrientationLandscapeRight";
				IPHONEOS_DEPLOYMENT_TARGET = 17.0;
				LD_QUOTE_LINKER_ARGUMENTS_FOR_COMPILER_DRIVER = YES;
				LD_RUNPATH_SEARCH_PATHS = (
					"$(inherited)",
					"@executable_path/../Frameworks",
				);
				LIBRARY_SEARCH_PATHS = (
					"$(inherited)",
					/usr/local/lib,
				);
				LOCALIZATION_PREFERS_STRING_CATALOGS = YES;
				MACOSX_DEPLOYMENT_TARGET = 13.0;
				MARKETING_VERSION = 1.0;
				MTL_OPTIMIZATION_LEVEL = default;
				MTL_PREPROCESSOR_DEFINITIONS = "SUPPORTS_METAL_3=1";
				ONLY_ACTIVE_ARCH = YES;
				OTHER_LDFLAGS = (
					"/usr/local/Cellar/c-blosc/1.21.3/lib/libblosc.a",
					/usr/local/Cellar/zlib/1.2.13/lib/libz.a,
					/usr/local/Cellar/tbb/2021.9.0/lib/libtbb.a,
					/usr/local/Cellar/boost/1.82.0_1/lib/libboost_iostreams.a,
					/usr/local/Cellar/openvdb/10.0.1_2/lib/libopenvdb.a,
				);
				PRODUCT_BUNDLE_IDENTIFIER = "QuintonQ.Mimosa-Swift";
				PRODUCT_NAME = "$(TARGET_NAME)";
				SDKROOT = macosx;
				SUPPORTED_PLATFORMS = macosx;
				SUPPORTS_MACCATALYST = YES;
				SWIFT_COMPILATION_MODE = wholemodule;
				SWIFT_EMIT_LOC_STRINGS = YES;
				SWIFT_OBJC_BRIDGING_HEADER = "./Mimosa-Swift/-Bridging-Header.h";
				SWIFT_OBJC_INTEROP_MODE = objcxx;
				SWIFT_VERSION = 5.0;
				SYSTEM_HEADER_SEARCH_PATHS = (
					/usr/local/Cellar/openvdb/10.0.1_2/include,
					/usr/local/Cellar/boost/1.82.0_1/include,
					/usr/local/Cellar/tbb/2021.9.0/include,
				);
				TARGETED_DEVICE_FAMILY = "1,2,6";
				USE_HEADERMAP = YES;
			};
			name = Release;
		};
		5AE1954C2A44A47300DD9520 /* Debug */ = {
			isa = XCBuildConfiguration;
			buildSettings = {
				ASSETCATALOG_COMPILER_APPICON_NAME = AppIcon;
				ASSETCATALOG_COMPILER_GENERATE_SWIFT_ASSET_SYMBOL_EXTENSIONS = YES;
				ASSETCATALOG_COMPILER_GLOBAL_ACCENT_COLOR_NAME = AccentColor;
				CODE_SIGN_STYLE = Automatic;
				CURRENT_PROJECT_VERSION = 1;
				DEVELOPMENT_TEAM = CAB432FF98;
				ENABLE_USER_SCRIPT_SANDBOXING = YES;
				GCC_C_LANGUAGE_STANDARD = gnu17;
				GCC_PREPROCESSOR_DEFINITIONS = (
					"DEBUG=1",
					"TARGET_OS_IPHONE=1",
					"SUPPORTS_METAL_3=1",
				);
				GENERATE_INFOPLIST_FILE = YES;
				INFOPLIST_FILE = "Mimosa-IOS/Info.plist";
				INFOPLIST_KEY_CFBundleDisplayName = Mimosa;
				INFOPLIST_KEY_UIApplicationSupportsIndirectInputEvents = YES;
				INFOPLIST_KEY_UILaunchStoryboardName = LaunchScreen;
				INFOPLIST_KEY_UIMainStoryboardFile = Main;
				INFOPLIST_KEY_UISupportedInterfaceOrientations_iPad = "UIInterfaceOrientationPortrait UIInterfaceOrientationPortraitUpsideDown UIInterfaceOrientationLandscapeLeft UIInterfaceOrientationLandscapeRight";
				INFOPLIST_KEY_UISupportedInterfaceOrientations_iPhone = "UIInterfaceOrientationPortrait UIInterfaceOrientationLandscapeLeft UIInterfaceOrientationLandscapeRight";
				IPHONEOS_DEPLOYMENT_TARGET = 17.0;
				LD_RUNPATH_SEARCH_PATHS = (
					"$(inherited)",
					"@executable_path/Frameworks",
				);
				LOCALIZATION_PREFERS_STRING_CATALOGS = YES;
				MARKETING_VERSION = 1.0;
				MTL_PREPROCESSOR_DEFINITIONS = "SUPPORTS_METAL_3=1";
				PRODUCT_BUNDLE_IDENTIFIER = "QuintonQ.Mimosa-IOS";
				PRODUCT_NAME = "$(TARGET_NAME)";
				SDKROOT = iphoneos;
				SWIFT_EMIT_LOC_STRINGS = YES;
				TARGETED_DEVICE_FAMILY = "1,2";
			};
			name = Debug;
		};
		5AE1954D2A44A47300DD9520 /* Release */ = {
			isa = XCBuildConfiguration;
			buildSettings = {
				ASSETCATALOG_COMPILER_APPICON_NAME = AppIcon;
				ASSETCATALOG_COMPILER_GENERATE_SWIFT_ASSET_SYMBOL_EXTENSIONS = YES;
				ASSETCATALOG_COMPILER_GLOBAL_ACCENT_COLOR_NAME = AccentColor;
				CODE_SIGN_STYLE = Automatic;
				CURRENT_PROJECT_VERSION = 1;
				DEVELOPMENT_TEAM = CAB432FF98;
				ENABLE_USER_SCRIPT_SANDBOXING = YES;
				GCC_C_LANGUAGE_STANDARD = gnu17;
				GCC_PREPROCESSOR_DEFINITIONS = (
					"SUPPORTS_METAL_3=1",
					"TARGET_OS_IPHONE=1",
				);
				GENERATE_INFOPLIST_FILE = YES;
				INFOPLIST_FILE = "Mimosa-IOS/Info.plist";
				INFOPLIST_KEY_CFBundleDisplayName = Mimosa;
				INFOPLIST_KEY_UIApplicationSupportsIndirectInputEvents = YES;
				INFOPLIST_KEY_UILaunchStoryboardName = LaunchScreen;
				INFOPLIST_KEY_UIMainStoryboardFile = Main;
				INFOPLIST_KEY_UISupportedInterfaceOrientations_iPad = "UIInterfaceOrientationPortrait UIInterfaceOrientationPortraitUpsideDown UIInterfaceOrientationLandscapeLeft UIInterfaceOrientationLandscapeRight";
				INFOPLIST_KEY_UISupportedInterfaceOrientations_iPhone = "UIInterfaceOrientationPortrait UIInterfaceOrientationLandscapeLeft UIInterfaceOrientationLandscapeRight";
				IPHONEOS_DEPLOYMENT_TARGET = 17.0;
				LD_RUNPATH_SEARCH_PATHS = (
					"$(inherited)",
					"@executable_path/Frameworks",
				);
				LOCALIZATION_PREFERS_STRING_CATALOGS = YES;
				MARKETING_VERSION = 1.0;
				MTL_PREPROCESSOR_DEFINITIONS = "SUPPORTS_METAL_3=1";
				PRODUCT_BUNDLE_IDENTIFIER = "QuintonQ.Mimosa-IOS";
				PRODUCT_NAME = "$(TARGET_NAME)";
				SDKROOT = iphoneos;
				SWIFT_EMIT_LOC_STRINGS = YES;
				TARGETED_DEVICE_FAMILY = "1,2";
				VALIDATE_PRODUCT = YES;
			};
			name = Release;
		};
/* End XCBuildConfiguration section */

/* Begin XCConfigurationList section */
		5A087F5F2A350CA000BDCA99 /* Build configuration list for PBXNativeTarget "helloMetal" */ = {
			isa = XCConfigurationList;
			buildConfigurations = (
				5A087F602A350CA000BDCA99 /* Debug */,
				5A087F612A350CA000BDCA99 /* Release */,
			);
			defaultConfigurationIsVisible = 0;
			defaultConfigurationName = Release;
		};
		5A426A0F2A2E845900EE9F46 /* Build configuration list for PBXProject "Mimosa" */ = {
			isa = XCConfigurationList;
			buildConfigurations = (
				5A426A192A2E845900EE9F46 /* Debug */,
				5A426A1A2A2E845900EE9F46 /* Release */,
			);
			defaultConfigurationIsVisible = 0;
			defaultConfigurationName = Release;
		};
		5A43D6FC2A37AB5B0048C4B4 /* Build configuration list for PBXNativeTarget "helloRayTracing" */ = {
			isa = XCConfigurationList;
			buildConfigurations = (
				5A43D6FA2A37AB5B0048C4B4 /* Debug */,
				5A43D6FB2A37AB5B0048C4B4 /* Release */,
			);
			defaultConfigurationIsVisible = 0;
			defaultConfigurationName = Release;
		};
		5A61A2892A3B8DBE00D9DA5B /* Build configuration list for PBXNativeTarget "Mimosa" */ = {
			isa = XCConfigurationList;
			buildConfigurations = (
				5A61A28A2A3B8DBE00D9DA5B /* Debug */,
				5A61A28B2A3B8DBE00D9DA5B /* Release */,
			);
			defaultConfigurationIsVisible = 0;
			defaultConfigurationName = Release;
		};
		5A705AB42A65CB0C00C05171 /* Build configuration list for PBXNativeTarget "Mimosa-Swift-Mac copy" */ = {
			isa = XCConfigurationList;
			buildConfigurations = (
				5A705AB52A65CB0C00C05171 /* Debug */,
				5A705AB62A65CB0C00C05171 /* Release */,
			);
			defaultConfigurationIsVisible = 0;
			defaultConfigurationName = Release;
		};
		5AD975122A49D6D900168B28 /* Build configuration list for PBXNativeTarget "Mimosa-Swift" */ = {
			isa = XCConfigurationList;
			buildConfigurations = (
				5AD975102A49D6D900168B28 /* Debug */,
				5AD975112A49D6D900168B28 /* Release */,
			);
			defaultConfigurationIsVisible = 0;
			defaultConfigurationName = Release;
		};
		5AD9756B2A4A30F400168B28 /* Build configuration list for PBXNativeTarget "Mimosa-Swift-Mac" */ = {
			isa = XCConfigurationList;
			buildConfigurations = (
				5AD9756C2A4A30F400168B28 /* Debug */,
				5AD9756D2A4A30F400168B28 /* Release */,
			);
			defaultConfigurationIsVisible = 0;
			defaultConfigurationName = Release;
		};
		5AE1954E2A44A47300DD9520 /* Build configuration list for PBXNativeTarget "Mimosa-IOS" */ = {
			isa = XCConfigurationList;
			buildConfigurations = (
				5AE1954C2A44A47300DD9520 /* Debug */,
				5AE1954D2A44A47300DD9520 /* Release */,
			);
			defaultConfigurationIsVisible = 0;
			defaultConfigurationName = Release;
		};
/* End XCConfigurationList section */
	};
	rootObject = 5A426A0C2A2E845900EE9F46 /* Project object */;
}
