// !$*UTF8*$!
{
	archiveVersion = 1;
	classes = {
	};
	objectVersion = 56;
	objects = {

/* Begin PBXBuildFile section */
		5A087F632A350E1300BDCA99 /* Metal.framework in Frameworks */ = {isa = PBXBuildFile; fileRef = 5A426A1F2A2E84EF00EE9F46 /* Metal.framework */; };
		5A087F642A350E2000BDCA99 /* Foundation.framework in Frameworks */ = {isa = PBXBuildFile; fileRef = 5A426A2B2A2E857500EE9F46 /* Foundation.framework */; };
		5A087F652A350E2600BDCA99 /* QuartzCore.framework in Frameworks */ = {isa = PBXBuildFile; fileRef = 5A426A292A2E856200EE9F46 /* QuartzCore.framework */; };
		5A43D6FD2A37ABC60048C4B4 /* Foundation.framework in Frameworks */ = {isa = PBXBuildFile; fileRef = 5A426A2B2A2E857500EE9F46 /* Foundation.framework */; };
		5A43D6FE2A37ABCD0048C4B4 /* Metal.framework in Frameworks */ = {isa = PBXBuildFile; fileRef = 5A426A1F2A2E84EF00EE9F46 /* Metal.framework */; };
		5A43D6FF2A37ABCD0048C4B4 /* MetalKit.framework in Frameworks */ = {isa = PBXBuildFile; fileRef = 5A087F482A3508C100BDCA99 /* MetalKit.framework */; };
		5A43D7032A37B1CE0048C4B4 /* QuartzCore.framework in Frameworks */ = {isa = PBXBuildFile; fileRef = 5A426A292A2E856200EE9F46 /* QuartzCore.framework */; };
		5A61A28C2A3B8E0D00D9DA5B /* Shaders.metal in Sources */ = {isa = PBXBuildFile; fileRef = 5A61A1FD2A3B85D400D9DA5B /* Shaders.metal */; };
		5A61A28D2A3B8E0D00D9DA5B /* Transforms.mm in Sources */ = {isa = PBXBuildFile; fileRef = 5A61A1FF2A3B85D400D9DA5B /* Transforms.mm */; };
		5A61A28E2A3B8E0D00D9DA5B /* RenderScene.mm in Sources */ = {isa = PBXBuildFile; fileRef = 5A61A2002A3B85D400D9DA5B /* RenderScene.mm */; };
		5A61A28F2A3B8E0D00D9DA5B /* Renderer.mm in Sources */ = {isa = PBXBuildFile; fileRef = 5A61A2022A3B85D400D9DA5B /* Renderer.mm */; };
		5A61A2902A3B8E2C00D9DA5B /* AppDelegate.m in Sources */ = {isa = PBXBuildFile; fileRef = 5A61A2192A3B8A7E00D9DA5B /* AppDelegate.m */; };
		5A61A2912A3B8E2C00D9DA5B /* mimosa.m in Sources */ = {isa = PBXBuildFile; fileRef = 5A61A2162A3B8A7E00D9DA5B /* mimosa.m */; };
		5A61A2922A3B8E2C00D9DA5B /* ViewController.mm in Sources */ = {isa = PBXBuildFile; fileRef = 5A61A2182A3B8A7E00D9DA5B /* ViewController.mm */; };
		5A61A2932A3B8E3B00D9DA5B /* Assets.xcassets in Resources */ = {isa = PBXBuildFile; fileRef = 5A61A21D2A3B8B2600D9DA5B /* Assets.xcassets */; };
		5A61A2952A3B8E4500D9DA5B /* MetalKit.framework in Frameworks */ = {isa = PBXBuildFile; fileRef = 5A087F482A3508C100BDCA99 /* MetalKit.framework */; };
		5AD974A72A475E8E00168B28 /* Main.storyboard in Resources */ = {isa = PBXBuildFile; fileRef = 5AD974A82A475E8E00168B28 /* Main.storyboard */; };
		5AD975072A49D6D700168B28 /* Mimosa_SwiftApp.swift in Sources */ = {isa = PBXBuildFile; fileRef = 5AD975062A49D6D700168B28 /* Mimosa_SwiftApp.swift */; };
		5AD975092A49D6D700168B28 /* ContentView.swift in Sources */ = {isa = PBXBuildFile; fileRef = 5AD975082A49D6D700168B28 /* ContentView.swift */; };
		5AD9750B2A49D6D900168B28 /* Assets.xcassets in Resources */ = {isa = PBXBuildFile; fileRef = 5AD9750A2A49D6D900168B28 /* Assets.xcassets */; };
		5AD9750F2A49D6D900168B28 /* Preview Assets.xcassets in Resources */ = {isa = PBXBuildFile; fileRef = 5AD9750E2A49D6D900168B28 /* Preview Assets.xcassets */; };
		5AD975132A49D8C000168B28 /* Shaders.metal in Sources */ = {isa = PBXBuildFile; fileRef = 5A61A1FD2A3B85D400D9DA5B /* Shaders.metal */; };
		5AD975142A49D8C000168B28 /* Transforms.mm in Sources */ = {isa = PBXBuildFile; fileRef = 5A61A1FF2A3B85D400D9DA5B /* Transforms.mm */; };
		5AD975152A49D8C000168B28 /* RenderScene.mm in Sources */ = {isa = PBXBuildFile; fileRef = 5A61A2002A3B85D400D9DA5B /* RenderScene.mm */; };
		5AD975162A49D8C000168B28 /* Renderer.mm in Sources */ = {isa = PBXBuildFile; fileRef = 5A61A2022A3B85D400D9DA5B /* Renderer.mm */; };
		5AD975172A49D8C000168B28 /* ViewController.mm in Sources */ = {isa = PBXBuildFile; fileRef = 5A61A2182A3B8A7E00D9DA5B /* ViewController.mm */; };
		5AD975182A49D8CD00168B28 /* MetalKit.framework in Frameworks */ = {isa = PBXBuildFile; fileRef = 5AE195512A44A7C200DD9520 /* MetalKit.framework */; };
		5AD975192A49D8D700168B28 /* ModelIO.framework in Frameworks */ = {isa = PBXBuildFile; fileRef = 5AE1954F2A44A7AD00DD9520 /* ModelIO.framework */; };
		5AD9751A2A49D8E800168B28 /* floor.mtl in Resources */ = {isa = PBXBuildFile; fileRef = 5AF2352A2A40C59100CD623D /* floor.mtl */; };
		5AD9751B2A49D8E800168B28 /* plate1.mtl in Resources */ = {isa = PBXBuildFile; fileRef = 5AF2352B2A40C59100CD623D /* plate1.mtl */; };
		5AD9751C2A49D8E800168B28 /* plate2.mtl in Resources */ = {isa = PBXBuildFile; fileRef = 5AF235292A40C59100CD623D /* plate2.mtl */; };
		5AD9751D2A49D8E800168B28 /* plate3.mtl in Resources */ = {isa = PBXBuildFile; fileRef = 5AF2352C2A40C59100CD623D /* plate3.mtl */; };
		5AD9751E2A49D8E800168B28 /* plate4.mtl in Resources */ = {isa = PBXBuildFile; fileRef = 5AF2352D2A40C59100CD623D /* plate4.mtl */; };
		5AD9751F2A49D8E800168B28 /* plate4.obj in Resources */ = {isa = PBXBuildFile; fileRef = 5AF2351F2A40BF9E00CD623D /* plate4.obj */; };
		5AD975202A49D8E800168B28 /* plate1.obj in Resources */ = {isa = PBXBuildFile; fileRef = 5AF235202A40BF9E00CD623D /* plate1.obj */; };
		5AD975212A49D8E800168B28 /* plate2.obj in Resources */ = {isa = PBXBuildFile; fileRef = 5AF235212A40BF9E00CD623D /* plate2.obj */; };
		5AD975222A49D8E800168B28 /* plate3.obj in Resources */ = {isa = PBXBuildFile; fileRef = 5AF235222A40BF9E00CD623D /* plate3.obj */; };
		5AD975232A49D8E800168B28 /* floor.obj in Resources */ = {isa = PBXBuildFile; fileRef = 5AF235232A40BF9E00CD623D /* floor.obj */; };
		5AD975242A49D8E900168B28 /* bunny.obj in Resources */ = {isa = PBXBuildFile; fileRef = 5AF2351C2A3F7ADB00CD623D /* bunny.obj */; };
		5AD975252A49D8E900168B28 /* cylinder.obj in Resources */ = {isa = PBXBuildFile; fileRef = 5AF2351A2A3F763500CD623D /* cylinder.obj */; };
		5AD975262A49D8E900168B28 /* teapot.obj in Resources */ = {isa = PBXBuildFile; fileRef = 5AF235182A3F6C0900CD623D /* teapot.obj */; };
		5AD975272A49D8E900168B28 /* cube.obj in Resources */ = {isa = PBXBuildFile; fileRef = 5AF235162A3F5EE900CD623D /* cube.obj */; };
		5AD975282A49D8E900168B28 /* cone.obj in Resources */ = {isa = PBXBuildFile; fileRef = 5AF235142A3F5C7C00CD623D /* cone.obj */; };
		5AD975292A49D8E900168B28 /* bunny-fine.obj in Resources */ = {isa = PBXBuildFile; fileRef = 5AF2350F2A3E415F00CD623D /* bunny-fine.obj */; };
		5AD9752D2A49E8A800168B28 /* RenderScene.storyboard in Resources */ = {isa = PBXBuildFile; fileRef = 5AD9752C2A49E8A800168B28 /* RenderScene.storyboard */; };
		5AD975322A49FEB900168B28 /* 03.png in Resources */ = {isa = PBXBuildFile; fileRef = 5AD9752F2A49FEB900168B28 /* 03.png */; };
		5AD975332A49FEB900168B28 /* 02.png in Resources */ = {isa = PBXBuildFile; fileRef = 5AD975302A49FEB900168B28 /* 02.png */; };
		5AD975342A49FEBA00168B28 /* 01.png in Resources */ = {isa = PBXBuildFile; fileRef = 5AD975312A49FEB900168B28 /* 01.png */; };
		5AE195432A44A47100DD9520 /* Main.storyboard in Resources */ = {isa = PBXBuildFile; fileRef = 5AE195412A44A47100DD9520 /* Main.storyboard */; };
		5AE195452A44A47300DD9520 /* Assets.xcassets in Resources */ = {isa = PBXBuildFile; fileRef = 5AE195442A44A47300DD9520 /* Assets.xcassets */; };
		5AE195482A44A47300DD9520 /* LaunchScreen.storyboard in Resources */ = {isa = PBXBuildFile; fileRef = 5AE195462A44A47300DD9520 /* LaunchScreen.storyboard */; };
		5AE195502A44A7AD00DD9520 /* ModelIO.framework in Frameworks */ = {isa = PBXBuildFile; fileRef = 5AE1954F2A44A7AD00DD9520 /* ModelIO.framework */; };
		5AE195522A44A7C200DD9520 /* MetalKit.framework in Frameworks */ = {isa = PBXBuildFile; fileRef = 5AE195512A44A7C200DD9520 /* MetalKit.framework */; };
		5AE195532A44A7D800DD9520 /* floor.mtl in Resources */ = {isa = PBXBuildFile; fileRef = 5AF2352A2A40C59100CD623D /* floor.mtl */; };
		5AE195542A44A7D800DD9520 /* plate1.mtl in Resources */ = {isa = PBXBuildFile; fileRef = 5AF2352B2A40C59100CD623D /* plate1.mtl */; };
		5AE195552A44A7D800DD9520 /* plate2.mtl in Resources */ = {isa = PBXBuildFile; fileRef = 5AF235292A40C59100CD623D /* plate2.mtl */; };
		5AE195562A44A7D800DD9520 /* plate3.mtl in Resources */ = {isa = PBXBuildFile; fileRef = 5AF2352C2A40C59100CD623D /* plate3.mtl */; };
		5AE195572A44A7D800DD9520 /* plate4.mtl in Resources */ = {isa = PBXBuildFile; fileRef = 5AF2352D2A40C59100CD623D /* plate4.mtl */; };
		5AE195582A44A7D800DD9520 /* plate4.obj in Resources */ = {isa = PBXBuildFile; fileRef = 5AF2351F2A40BF9E00CD623D /* plate4.obj */; };
		5AE195592A44A7D800DD9520 /* plate1.obj in Resources */ = {isa = PBXBuildFile; fileRef = 5AF235202A40BF9E00CD623D /* plate1.obj */; };
		5AE1955A2A44A7D800DD9520 /* plate2.obj in Resources */ = {isa = PBXBuildFile; fileRef = 5AF235212A40BF9E00CD623D /* plate2.obj */; };
		5AE1955B2A44A7D800DD9520 /* plate3.obj in Resources */ = {isa = PBXBuildFile; fileRef = 5AF235222A40BF9E00CD623D /* plate3.obj */; };
		5AE1955C2A44A7D800DD9520 /* floor.obj in Resources */ = {isa = PBXBuildFile; fileRef = 5AF235232A40BF9E00CD623D /* floor.obj */; };
		5AE1955D2A44A7D800DD9520 /* bunny.obj in Resources */ = {isa = PBXBuildFile; fileRef = 5AF2351C2A3F7ADB00CD623D /* bunny.obj */; };
		5AE1955E2A44A7D800DD9520 /* cylinder.obj in Resources */ = {isa = PBXBuildFile; fileRef = 5AF2351A2A3F763500CD623D /* cylinder.obj */; };
		5AE1955F2A44A7D800DD9520 /* teapot.obj in Resources */ = {isa = PBXBuildFile; fileRef = 5AF235182A3F6C0900CD623D /* teapot.obj */; };
		5AE195602A44A7D800DD9520 /* cube.obj in Resources */ = {isa = PBXBuildFile; fileRef = 5AF235162A3F5EE900CD623D /* cube.obj */; };
		5AE195612A44A7D800DD9520 /* cone.obj in Resources */ = {isa = PBXBuildFile; fileRef = 5AF235142A3F5C7C00CD623D /* cone.obj */; };
		5AE195622A44A7D800DD9520 /* bunny-fine.obj in Resources */ = {isa = PBXBuildFile; fileRef = 5AF2350F2A3E415F00CD623D /* bunny-fine.obj */; };
		5AE195642A44A7F600DD9520 /* Transforms.mm in Sources */ = {isa = PBXBuildFile; fileRef = 5A61A1FF2A3B85D400D9DA5B /* Transforms.mm */; };
		5AE195652A44A7F600DD9520 /* RenderScene.mm in Sources */ = {isa = PBXBuildFile; fileRef = 5A61A2002A3B85D400D9DA5B /* RenderScene.mm */; };
		5AE195662A44A7F600DD9520 /* Renderer.mm in Sources */ = {isa = PBXBuildFile; fileRef = 5A61A2022A3B85D400D9DA5B /* Renderer.mm */; };
		5AE195672A44A87300DD9520 /* mimosa.m in Sources */ = {isa = PBXBuildFile; fileRef = 5A61A2162A3B8A7E00D9DA5B /* mimosa.m */; };
		5AE195692A44A8F200DD9520 /* ViewController.mm in Sources */ = {isa = PBXBuildFile; fileRef = 5A61A2182A3B8A7E00D9DA5B /* ViewController.mm */; };
		5AE1956A2A44AF2800DD9520 /* Shaders.metal in Sources */ = {isa = PBXBuildFile; fileRef = 5A61A1FD2A3B85D400D9DA5B /* Shaders.metal */; };
		5AE1956B2A44AF5900DD9520 /* AppDelegate.m in Sources */ = {isa = PBXBuildFile; fileRef = 5A61A2192A3B8A7E00D9DA5B /* AppDelegate.m */; };
		5AF235122A3E4E5F00CD623D /* ModelIO.framework in Frameworks */ = {isa = PBXBuildFile; fileRef = 5AF235102A3E4C2700CD623D /* ModelIO.framework */; };
		5AF235132A3F586B00CD623D /* bunny-fine.obj in Resources */ = {isa = PBXBuildFile; fileRef = 5AF2350F2A3E415F00CD623D /* bunny-fine.obj */; };
		5AF235152A3F5C7C00CD623D /* cone.obj in Resources */ = {isa = PBXBuildFile; fileRef = 5AF235142A3F5C7C00CD623D /* cone.obj */; };
		5AF235172A3F5EE900CD623D /* cube.obj in Resources */ = {isa = PBXBuildFile; fileRef = 5AF235162A3F5EE900CD623D /* cube.obj */; };
		5AF235192A3F6C0900CD623D /* teapot.obj in Resources */ = {isa = PBXBuildFile; fileRef = 5AF235182A3F6C0900CD623D /* teapot.obj */; };
		5AF2351B2A3F763500CD623D /* cylinder.obj in Resources */ = {isa = PBXBuildFile; fileRef = 5AF2351A2A3F763500CD623D /* cylinder.obj */; };
		5AF2351D2A3F7ADB00CD623D /* bunny.obj in Resources */ = {isa = PBXBuildFile; fileRef = 5AF2351C2A3F7ADB00CD623D /* bunny.obj */; };
		5AF235242A40BF9E00CD623D /* plate4.obj in Resources */ = {isa = PBXBuildFile; fileRef = 5AF2351F2A40BF9E00CD623D /* plate4.obj */; };
		5AF235252A40BF9E00CD623D /* plate1.obj in Resources */ = {isa = PBXBuildFile; fileRef = 5AF235202A40BF9E00CD623D /* plate1.obj */; };
		5AF235262A40BF9E00CD623D /* plate2.obj in Resources */ = {isa = PBXBuildFile; fileRef = 5AF235212A40BF9E00CD623D /* plate2.obj */; };
		5AF235272A40BF9E00CD623D /* plate3.obj in Resources */ = {isa = PBXBuildFile; fileRef = 5AF235222A40BF9E00CD623D /* plate3.obj */; };
		5AF235282A40BF9E00CD623D /* floor.obj in Resources */ = {isa = PBXBuildFile; fileRef = 5AF235232A40BF9E00CD623D /* floor.obj */; };
		5AF2352E2A40C59100CD623D /* plate2.mtl in Resources */ = {isa = PBXBuildFile; fileRef = 5AF235292A40C59100CD623D /* plate2.mtl */; };
		5AF2352F2A40C59100CD623D /* floor.mtl in Resources */ = {isa = PBXBuildFile; fileRef = 5AF2352A2A40C59100CD623D /* floor.mtl */; };
		5AF235302A40C59100CD623D /* plate1.mtl in Resources */ = {isa = PBXBuildFile; fileRef = 5AF2352B2A40C59100CD623D /* plate1.mtl */; };
		5AF235312A40C59100CD623D /* plate3.mtl in Resources */ = {isa = PBXBuildFile; fileRef = 5AF2352C2A40C59100CD623D /* plate3.mtl */; };
		5AF235322A40C59100CD623D /* plate4.mtl in Resources */ = {isa = PBXBuildFile; fileRef = 5AF2352D2A40C59100CD623D /* plate4.mtl */; };
/* End PBXBuildFile section */

/* Begin PBXCopyFilesBuildPhase section */
		5A087F592A350CA000BDCA99 /* CopyFiles */ = {
			isa = PBXCopyFilesBuildPhase;
			buildActionMask = 2147483647;
			dstPath = /usr/share/man/man1/;
			dstSubfolderSpec = 0;
			files = (
			);
			runOnlyForDeploymentPostprocessing = 1;
		};
		5A43D6F42A37AB5A0048C4B4 /* CopyFiles */ = {
			isa = PBXCopyFilesBuildPhase;
			buildActionMask = 2147483647;
			dstPath = /usr/share/man/man1/;
			dstSubfolderSpec = 0;
			files = (
			);
			runOnlyForDeploymentPostprocessing = 1;
		};
/* End PBXCopyFilesBuildPhase section */

/* Begin PBXFileReference section */
		5A087F482A3508C100BDCA99 /* MetalKit.framework */ = {isa = PBXFileReference; lastKnownFileType = wrapper.framework; name = MetalKit.framework; path = System/Library/Frameworks/MetalKit.framework; sourceTree = SDKROOT; };
		5A087F5B2A350CA000BDCA99 /* helloMetal */ = {isa = PBXFileReference; explicitFileType = "compiled.mach-o.executable"; includeInIndex = 0; path = helloMetal; sourceTree = BUILT_PRODUCTS_DIR; };
		5A426A1F2A2E84EF00EE9F46 /* Metal.framework */ = {isa = PBXFileReference; lastKnownFileType = wrapper.framework; name = Metal.framework; path = System/Library/Frameworks/Metal.framework; sourceTree = SDKROOT; };
		5A426A292A2E856200EE9F46 /* QuartzCore.framework */ = {isa = PBXFileReference; lastKnownFileType = wrapper.framework; name = QuartzCore.framework; path = System/Library/Frameworks/QuartzCore.framework; sourceTree = SDKROOT; };
		5A426A2B2A2E857500EE9F46 /* Foundation.framework */ = {isa = PBXFileReference; lastKnownFileType = wrapper.framework; name = Foundation.framework; path = System/Library/Frameworks/Foundation.framework; sourceTree = SDKROOT; };
		5A43D6F62A37AB5A0048C4B4 /* helloRayTracing */ = {isa = PBXFileReference; explicitFileType = "compiled.mach-o.executable"; includeInIndex = 0; path = helloRayTracing; sourceTree = BUILT_PRODUCTS_DIR; };
		5A61A1FC2A3B85D400D9DA5B /* Renderer.h */ = {isa = PBXFileReference; fileEncoding = 4; lastKnownFileType = sourcecode.c.h; path = Renderer.h; sourceTree = "<group>"; };
		5A61A1FD2A3B85D400D9DA5B /* Shaders.metal */ = {isa = PBXFileReference; fileEncoding = 4; lastKnownFileType = sourcecode.metal; path = Shaders.metal; sourceTree = "<group>"; };
		5A61A1FE2A3B85D400D9DA5B /* ShaderTypes.h */ = {isa = PBXFileReference; fileEncoding = 4; lastKnownFileType = sourcecode.c.h; path = ShaderTypes.h; sourceTree = "<group>"; };
		5A61A1FF2A3B85D400D9DA5B /* Transforms.mm */ = {isa = PBXFileReference; fileEncoding = 4; lastKnownFileType = sourcecode.cpp.objcpp; path = Transforms.mm; sourceTree = "<group>"; };
		5A61A2002A3B85D400D9DA5B /* RenderScene.mm */ = {isa = PBXFileReference; fileEncoding = 4; lastKnownFileType = sourcecode.cpp.objcpp; path = RenderScene.mm; sourceTree = "<group>"; };
		5A61A2012A3B85D400D9DA5B /* Transforms.h */ = {isa = PBXFileReference; fileEncoding = 4; lastKnownFileType = sourcecode.c.h; path = Transforms.h; sourceTree = "<group>"; };
		5A61A2022A3B85D400D9DA5B /* Renderer.mm */ = {isa = PBXFileReference; fileEncoding = 4; lastKnownFileType = sourcecode.cpp.objcpp; path = Renderer.mm; sourceTree = "<group>"; };
		5A61A2032A3B85D400D9DA5B /* RenderScene.h */ = {isa = PBXFileReference; fileEncoding = 4; lastKnownFileType = sourcecode.c.h; path = RenderScene.h; sourceTree = "<group>"; };
		5A61A20B2A3B85FD00D9DA5B /* Base */ = {isa = PBXFileReference; lastKnownFileType = file.storyboard; name = Base; path = Base.lproj/LaunchScreen.storyboard; sourceTree = "<group>"; };
		5A61A20D2A3B85FD00D9DA5B /* Base */ = {isa = PBXFileReference; lastKnownFileType = file.storyboard; name = Base; path = Base.lproj/Main.storyboard; sourceTree = "<group>"; };
		5A61A20E2A3B85FD00D9DA5B /* Info.plist */ = {isa = PBXFileReference; fileEncoding = 4; lastKnownFileType = text.plist.xml; path = Info.plist; sourceTree = "<group>"; };
		5A61A2122A3B85FD00D9DA5B /* Info.plist */ = {isa = PBXFileReference; fileEncoding = 4; lastKnownFileType = text.plist.xml; path = Info.plist; sourceTree = "<group>"; };
		5A61A2152A3B8A7E00D9DA5B /* AppDelegate.h */ = {isa = PBXFileReference; fileEncoding = 4; lastKnownFileType = sourcecode.c.h; path = AppDelegate.h; sourceTree = "<group>"; };
		5A61A2162A3B8A7E00D9DA5B /* mimosa.m */ = {isa = PBXFileReference; fileEncoding = 4; lastKnownFileType = sourcecode.c.objc; path = mimosa.m; sourceTree = "<group>"; };
		5A61A2172A3B8A7E00D9DA5B /* ViewController.h */ = {isa = PBXFileReference; fileEncoding = 4; lastKnownFileType = sourcecode.c.h; path = ViewController.h; sourceTree = "<group>"; };
		5A61A2182A3B8A7E00D9DA5B /* ViewController.mm */ = {isa = PBXFileReference; fileEncoding = 4; lastKnownFileType = sourcecode.cpp.objcpp; path = ViewController.mm; sourceTree = "<group>"; };
		5A61A2192A3B8A7E00D9DA5B /* AppDelegate.m */ = {isa = PBXFileReference; fileEncoding = 4; lastKnownFileType = sourcecode.c.objc; path = AppDelegate.m; sourceTree = "<group>"; };
		5A61A21D2A3B8B2600D9DA5B /* Assets.xcassets */ = {isa = PBXFileReference; lastKnownFileType = folder.assetcatalog; path = Assets.xcassets; sourceTree = "<group>"; };
		5A61A2792A3B8DBC00D9DA5B /* Mimosa.app */ = {isa = PBXFileReference; explicitFileType = wrapper.application; includeInIndex = 0; path = Mimosa.app; sourceTree = BUILT_PRODUCTS_DIR; };
		5A84AFFA2A3DFD6E00100842 /* README.md */ = {isa = PBXFileReference; fileEncoding = 4; lastKnownFileType = net.daringfireball.markdown; path = README.md; sourceTree = "<group>"; };
		5AD974A82A475E8E00168B28 /* Main.storyboard */ = {isa = PBXFileReference; lastKnownFileType = file.storyboard; path = Main.storyboard; sourceTree = "<group>"; };
		5AD975042A49D6D700168B28 /* Mimosa-Swift.app */ = {isa = PBXFileReference; explicitFileType = wrapper.application; includeInIndex = 0; path = "Mimosa-Swift.app"; sourceTree = BUILT_PRODUCTS_DIR; };
		5AD975062A49D6D700168B28 /* Mimosa_SwiftApp.swift */ = {isa = PBXFileReference; lastKnownFileType = sourcecode.swift; path = Mimosa_SwiftApp.swift; sourceTree = "<group>"; };
		5AD975082A49D6D700168B28 /* ContentView.swift */ = {isa = PBXFileReference; lastKnownFileType = sourcecode.swift; path = ContentView.swift; sourceTree = "<group>"; };
		5AD9750A2A49D6D900168B28 /* Assets.xcassets */ = {isa = PBXFileReference; lastKnownFileType = folder.assetcatalog; path = Assets.xcassets; sourceTree = "<group>"; };
		5AD9750C2A49D6D900168B28 /* Mimosa_Swift.entitlements */ = {isa = PBXFileReference; lastKnownFileType = text.plist.entitlements; path = Mimosa_Swift.entitlements; sourceTree = "<group>"; };
		5AD9750E2A49D6D900168B28 /* Preview Assets.xcassets */ = {isa = PBXFileReference; lastKnownFileType = folder.assetcatalog; path = "Preview Assets.xcassets"; sourceTree = "<group>"; };
		5AD9752A2A49DAA000168B28 /* -Bridging-Header.h */ = {isa = PBXFileReference; lastKnownFileType = sourcecode.c.h; path = "-Bridging-Header.h"; sourceTree = "<group>"; };
		5AD9752C2A49E8A800168B28 /* RenderScene.storyboard */ = {isa = PBXFileReference; fileEncoding = 4; lastKnownFileType = file.storyboard; path = RenderScene.storyboard; sourceTree = "<group>"; };
		5AD9752F2A49FEB900168B28 /* 03.png */ = {isa = PBXFileReference; lastKnownFileType = image.png; path = 03.png; sourceTree = "<group>"; };
		5AD975302A49FEB900168B28 /* 02.png */ = {isa = PBXFileReference; lastKnownFileType = image.png; path = 02.png; sourceTree = "<group>"; };
		5AD975312A49FEB900168B28 /* 01.png */ = {isa = PBXFileReference; lastKnownFileType = image.png; path = 01.png; sourceTree = "<group>"; };
		5AE195362A44A47100DD9520 /* Mimosa-IOS.app */ = {isa = PBXFileReference; explicitFileType = wrapper.application; includeInIndex = 0; path = "Mimosa-IOS.app"; sourceTree = BUILT_PRODUCTS_DIR; };
		5AE195422A44A47100DD9520 /* Base */ = {isa = PBXFileReference; lastKnownFileType = file.storyboard; name = Base; path = Base.lproj/Main.storyboard; sourceTree = "<group>"; };
		5AE195442A44A47300DD9520 /* Assets.xcassets */ = {isa = PBXFileReference; lastKnownFileType = folder.assetcatalog; path = Assets.xcassets; sourceTree = "<group>"; };
		5AE195472A44A47300DD9520 /* Base */ = {isa = PBXFileReference; lastKnownFileType = file.storyboard; name = Base; path = Base.lproj/LaunchScreen.storyboard; sourceTree = "<group>"; };
		5AE195492A44A47300DD9520 /* Info.plist */ = {isa = PBXFileReference; lastKnownFileType = text.plist.xml; path = Info.plist; sourceTree = "<group>"; };
		5AE1954F2A44A7AD00DD9520 /* ModelIO.framework */ = {isa = PBXFileReference; lastKnownFileType = wrapper.framework; name = ModelIO.framework; path = Platforms/iPhoneOS.platform/Developer/SDKs/iPhoneOS17.0.sdk/System/Library/Frameworks/ModelIO.framework; sourceTree = DEVELOPER_DIR; };
		5AE195512A44A7C200DD9520 /* MetalKit.framework */ = {isa = PBXFileReference; lastKnownFileType = wrapper.framework; name = MetalKit.framework; path = Platforms/iPhoneOS.platform/Developer/SDKs/iPhoneOS17.0.sdk/System/Library/Frameworks/MetalKit.framework; sourceTree = DEVELOPER_DIR; };
		5AE1956C2A44B48800DD9520 /* SceneDelegate.h */ = {isa = PBXFileReference; fileEncoding = 4; lastKnownFileType = sourcecode.c.h; path = SceneDelegate.h; sourceTree = "<group>"; };
		5AE1956D2A44B4BB00DD9520 /* SceneDelegate.m */ = {isa = PBXFileReference; fileEncoding = 4; lastKnownFileType = sourcecode.c.objc; path = SceneDelegate.m; sourceTree = "<group>"; };
		5AF2350F2A3E415F00CD623D /* bunny-fine.obj */ = {isa = PBXFileReference; lastKnownFileType = text; path = "bunny-fine.obj"; sourceTree = "<group>"; };
		5AF235102A3E4C2700CD623D /* ModelIO.framework */ = {isa = PBXFileReference; lastKnownFileType = wrapper.framework; name = ModelIO.framework; path = System/Library/Frameworks/ModelIO.framework; sourceTree = SDKROOT; };
		5AF235142A3F5C7C00CD623D /* cone.obj */ = {isa = PBXFileReference; fileEncoding = 4; lastKnownFileType = text; path = cone.obj; sourceTree = "<group>"; };
		5AF235162A3F5EE900CD623D /* cube.obj */ = {isa = PBXFileReference; fileEncoding = 4; lastKnownFileType = text; path = cube.obj; sourceTree = "<group>"; };
		5AF235182A3F6C0900CD623D /* teapot.obj */ = {isa = PBXFileReference; fileEncoding = 4; lastKnownFileType = text; path = teapot.obj; sourceTree = "<group>"; };
		5AF2351A2A3F763500CD623D /* cylinder.obj */ = {isa = PBXFileReference; fileEncoding = 4; lastKnownFileType = text; path = cylinder.obj; sourceTree = "<group>"; };
		5AF2351C2A3F7ADB00CD623D /* bunny.obj */ = {isa = PBXFileReference; fileEncoding = 4; lastKnownFileType = text; path = bunny.obj; sourceTree = "<group>"; };
		5AF2351F2A40BF9E00CD623D /* plate4.obj */ = {isa = PBXFileReference; fileEncoding = 4; lastKnownFileType = text; path = plate4.obj; sourceTree = "<group>"; };
		5AF235202A40BF9E00CD623D /* plate1.obj */ = {isa = PBXFileReference; fileEncoding = 4; lastKnownFileType = text; path = plate1.obj; sourceTree = "<group>"; };
		5AF235212A40BF9E00CD623D /* plate2.obj */ = {isa = PBXFileReference; fileEncoding = 4; lastKnownFileType = text; path = plate2.obj; sourceTree = "<group>"; };
		5AF235222A40BF9E00CD623D /* plate3.obj */ = {isa = PBXFileReference; fileEncoding = 4; lastKnownFileType = text; path = plate3.obj; sourceTree = "<group>"; };
		5AF235232A40BF9E00CD623D /* floor.obj */ = {isa = PBXFileReference; fileEncoding = 4; lastKnownFileType = text; path = floor.obj; sourceTree = "<group>"; };
		5AF235292A40C59100CD623D /* plate2.mtl */ = {isa = PBXFileReference; fileEncoding = 4; lastKnownFileType = text; path = plate2.mtl; sourceTree = "<group>"; };
		5AF2352A2A40C59100CD623D /* floor.mtl */ = {isa = PBXFileReference; fileEncoding = 4; lastKnownFileType = text; path = floor.mtl; sourceTree = "<group>"; };
		5AF2352B2A40C59100CD623D /* plate1.mtl */ = {isa = PBXFileReference; fileEncoding = 4; lastKnownFileType = text; path = plate1.mtl; sourceTree = "<group>"; };
		5AF2352C2A40C59100CD623D /* plate3.mtl */ = {isa = PBXFileReference; fileEncoding = 4; lastKnownFileType = text; path = plate3.mtl; sourceTree = "<group>"; };
		5AF2352D2A40C59100CD623D /* plate4.mtl */ = {isa = PBXFileReference; fileEncoding = 4; lastKnownFileType = text; path = plate4.mtl; sourceTree = "<group>"; };
/* End PBXFileReference section */

/* Begin PBXFrameworksBuildPhase section */
		5A087F582A350CA000BDCA99 /* Frameworks */ = {
			isa = PBXFrameworksBuildPhase;
			buildActionMask = 2147483647;
			files = (
				5A087F632A350E1300BDCA99 /* Metal.framework in Frameworks */,
				5A087F642A350E2000BDCA99 /* Foundation.framework in Frameworks */,
				5A087F652A350E2600BDCA99 /* QuartzCore.framework in Frameworks */,
			);
			runOnlyForDeploymentPostprocessing = 0;
		};
		5A43D6F32A37AB5A0048C4B4 /* Frameworks */ = {
			isa = PBXFrameworksBuildPhase;
			buildActionMask = 2147483647;
			files = (
				5A43D7032A37B1CE0048C4B4 /* QuartzCore.framework in Frameworks */,
				5A43D6FF2A37ABCD0048C4B4 /* MetalKit.framework in Frameworks */,
				5A43D6FE2A37ABCD0048C4B4 /* Metal.framework in Frameworks */,
				5A43D6FD2A37ABC60048C4B4 /* Foundation.framework in Frameworks */,
			);
			runOnlyForDeploymentPostprocessing = 0;
		};
		5A61A2762A3B8DBC00D9DA5B /* Frameworks */ = {
			isa = PBXFrameworksBuildPhase;
			buildActionMask = 2147483647;
			files = (
				5AF235122A3E4E5F00CD623D /* ModelIO.framework in Frameworks */,
				5A61A2952A3B8E4500D9DA5B /* MetalKit.framework in Frameworks */,
			);
			runOnlyForDeploymentPostprocessing = 0;
		};
		5AD975012A49D6D700168B28 /* Frameworks */ = {
			isa = PBXFrameworksBuildPhase;
			buildActionMask = 2147483647;
			files = (
				5AD975192A49D8D700168B28 /* ModelIO.framework in Frameworks */,
				5AD975182A49D8CD00168B28 /* MetalKit.framework in Frameworks */,
			);
			runOnlyForDeploymentPostprocessing = 0;
		};
		5AE195332A44A47100DD9520 /* Frameworks */ = {
			isa = PBXFrameworksBuildPhase;
			buildActionMask = 2147483647;
			files = (
				5AE195522A44A7C200DD9520 /* MetalKit.framework in Frameworks */,
				5AE195502A44A7AD00DD9520 /* ModelIO.framework in Frameworks */,
			);
			runOnlyForDeploymentPostprocessing = 0;
		};
/* End PBXFrameworksBuildPhase section */

/* Begin PBXGroup section */
		5A426A0B2A2E845900EE9F46 = {
			isa = PBXGroup;
			children = (
				5AF2350E2A3E415F00CD623D /* Model */,
				5A84AFFA2A3DFD6E00100842 /* README.md */,
				5A61A1FB2A3B85D400D9DA5B /* Renderer */,
				5A426A162A2E845900EE9F46 /* Mimosa */,
				5AE195372A44A47100DD9520 /* Mimosa-IOS */,
				5AD975052A49D6D700168B28 /* Mimosa-Swift */,
				5A426A152A2E845900EE9F46 /* Products */,
				5A426A1E2A2E84EF00EE9F46 /* Frameworks */,
			);
			sourceTree = "<group>";
		};
		5A426A152A2E845900EE9F46 /* Products */ = {
			isa = PBXGroup;
			children = (
				5A087F5B2A350CA000BDCA99 /* helloMetal */,
				5A43D6F62A37AB5A0048C4B4 /* helloRayTracing */,
				5A61A2792A3B8DBC00D9DA5B /* Mimosa.app */,
				5AE195362A44A47100DD9520 /* Mimosa-IOS.app */,
				5AD975042A49D6D700168B28 /* Mimosa-Swift.app */,
			);
			name = Products;
			sourceTree = "<group>";
		};
		5A426A162A2E845900EE9F46 /* Mimosa */ = {
			isa = PBXGroup;
			children = (
				5AE1956D2A44B4BB00DD9520 /* SceneDelegate.m */,
				5AE1956C2A44B48800DD9520 /* SceneDelegate.h */,
				5A61A21D2A3B8B2600D9DA5B /* Assets.xcassets */,
				5A61A2152A3B8A7E00D9DA5B /* AppDelegate.h */,
				5A61A2192A3B8A7E00D9DA5B /* AppDelegate.m */,
				5A61A2162A3B8A7E00D9DA5B /* mimosa.m */,
				5A61A2172A3B8A7E00D9DA5B /* ViewController.h */,
				5A61A2182A3B8A7E00D9DA5B /* ViewController.mm */,
				5A61A2092A3B85FD00D9DA5B /* iOS */,
				5A61A20F2A3B85FD00D9DA5B /* macOS */,
			);
			path = Mimosa;
			sourceTree = "<group>";
		};
		5A426A1E2A2E84EF00EE9F46 /* Frameworks */ = {
			isa = PBXGroup;
			children = (
				5AE195512A44A7C200DD9520 /* MetalKit.framework */,
				5AF235102A3E4C2700CD623D /* ModelIO.framework */,
				5AE1954F2A44A7AD00DD9520 /* ModelIO.framework */,
				5A087F482A3508C100BDCA99 /* MetalKit.framework */,
				5A426A2B2A2E857500EE9F46 /* Foundation.framework */,
				5A426A292A2E856200EE9F46 /* QuartzCore.framework */,
				5A426A1F2A2E84EF00EE9F46 /* Metal.framework */,
			);
			name = Frameworks;
			sourceTree = "<group>";
		};
		5A61A1FB2A3B85D400D9DA5B /* Renderer */ = {
			isa = PBXGroup;
			children = (
				5A61A1FC2A3B85D400D9DA5B /* Renderer.h */,
				5A61A1FD2A3B85D400D9DA5B /* Shaders.metal */,
				5A61A1FE2A3B85D400D9DA5B /* ShaderTypes.h */,
				5A61A1FF2A3B85D400D9DA5B /* Transforms.mm */,
				5A61A2002A3B85D400D9DA5B /* RenderScene.mm */,
				5A61A2012A3B85D400D9DA5B /* Transforms.h */,
				5A61A2022A3B85D400D9DA5B /* Renderer.mm */,
				5A61A2032A3B85D400D9DA5B /* RenderScene.h */,
			);
			path = Renderer;
			sourceTree = "<group>";
		};
		5A61A2092A3B85FD00D9DA5B /* iOS */ = {
			isa = PBXGroup;
			children = (
				5A61A20A2A3B85FD00D9DA5B /* LaunchScreen.storyboard */,
				5A61A20C2A3B85FD00D9DA5B /* Main.storyboard */,
				5A61A20E2A3B85FD00D9DA5B /* Info.plist */,
			);
			path = iOS;
			sourceTree = "<group>";
		};
		5A61A20F2A3B85FD00D9DA5B /* macOS */ = {
			isa = PBXGroup;
			children = (
				5AD974A82A475E8E00168B28 /* Main.storyboard */,
				5A61A2122A3B85FD00D9DA5B /* Info.plist */,
			);
			path = macOS;
			sourceTree = "<group>";
		};
		5AD975052A49D6D700168B28 /* Mimosa-Swift */ = {
			isa = PBXGroup;
			children = (
				5AD9752E2A49FDB800168B28 /* scene_image */,
				5AD9752C2A49E8A800168B28 /* RenderScene.storyboard */,
				5AD975062A49D6D700168B28 /* Mimosa_SwiftApp.swift */,
				5AD975082A49D6D700168B28 /* ContentView.swift */,
				5AD9752A2A49DAA000168B28 /* -Bridging-Header.h */,
				5AD9750A2A49D6D900168B28 /* Assets.xcassets */,
				5AD9750C2A49D6D900168B28 /* Mimosa_Swift.entitlements */,
				5AD9750D2A49D6D900168B28 /* Preview Content */,
			);
			path = "Mimosa-Swift";
			sourceTree = "<group>";
		};
		5AD9750D2A49D6D900168B28 /* Preview Content */ = {
			isa = PBXGroup;
			children = (
				5AD9750E2A49D6D900168B28 /* Preview Assets.xcassets */,
			);
			path = "Preview Content";
			sourceTree = "<group>";
		};
		5AD9752E2A49FDB800168B28 /* scene_image */ = {
			isa = PBXGroup;
			children = (
				5AD975312A49FEB900168B28 /* 01.png */,
				5AD975302A49FEB900168B28 /* 02.png */,
				5AD9752F2A49FEB900168B28 /* 03.png */,
			);
			path = scene_image;
			sourceTree = "<group>";
		};
		5AE195372A44A47100DD9520 /* Mimosa-IOS */ = {
			isa = PBXGroup;
			children = (
				5AE195412A44A47100DD9520 /* Main.storyboard */,
				5AE195442A44A47300DD9520 /* Assets.xcassets */,
				5AE195462A44A47300DD9520 /* LaunchScreen.storyboard */,
				5AE195492A44A47300DD9520 /* Info.plist */,
			);
			path = "Mimosa-IOS";
			sourceTree = "<group>";
		};
		5AF2350E2A3E415F00CD623D /* Model */ = {
			isa = PBXGroup;
			children = (
				5AF2351E2A40BF9E00CD623D /* veach */,
				5AF2351C2A3F7ADB00CD623D /* bunny.obj */,
				5AF2351A2A3F763500CD623D /* cylinder.obj */,
				5AF235182A3F6C0900CD623D /* teapot.obj */,
				5AF235162A3F5EE900CD623D /* cube.obj */,
				5AF235142A3F5C7C00CD623D /* cone.obj */,
				5AF2350F2A3E415F00CD623D /* bunny-fine.obj */,
			);
			path = Model;
			sourceTree = "<group>";
		};
		5AF2351E2A40BF9E00CD623D /* veach */ = {
			isa = PBXGroup;
			children = (
				5AF2352A2A40C59100CD623D /* floor.mtl */,
				5AF2352B2A40C59100CD623D /* plate1.mtl */,
				5AF235292A40C59100CD623D /* plate2.mtl */,
				5AF2352C2A40C59100CD623D /* plate3.mtl */,
				5AF2352D2A40C59100CD623D /* plate4.mtl */,
				5AF2351F2A40BF9E00CD623D /* plate4.obj */,
				5AF235202A40BF9E00CD623D /* plate1.obj */,
				5AF235212A40BF9E00CD623D /* plate2.obj */,
				5AF235222A40BF9E00CD623D /* plate3.obj */,
				5AF235232A40BF9E00CD623D /* floor.obj */,
			);
			path = veach;
			sourceTree = "<group>";
		};
/* End PBXGroup section */

/* Begin PBXNativeTarget section */
		5A087F5A2A350CA000BDCA99 /* helloMetal */ = {
			isa = PBXNativeTarget;
			buildConfigurationList = 5A087F5F2A350CA000BDCA99 /* Build configuration list for PBXNativeTarget "helloMetal" */;
			buildPhases = (
				5A087F572A350CA000BDCA99 /* Sources */,
				5A087F582A350CA000BDCA99 /* Frameworks */,
				5A087F592A350CA000BDCA99 /* CopyFiles */,
			);
			buildRules = (
			);
			dependencies = (
			);
			name = helloMetal;
			productName = helloMetal;
			productReference = 5A087F5B2A350CA000BDCA99 /* helloMetal */;
			productType = "com.apple.product-type.tool";
		};
		5A43D6F52A37AB5A0048C4B4 /* helloRayTracing */ = {
			isa = PBXNativeTarget;
			buildConfigurationList = 5A43D6FC2A37AB5B0048C4B4 /* Build configuration list for PBXNativeTarget "helloRayTracing" */;
			buildPhases = (
				5A43D6F22A37AB5A0048C4B4 /* Sources */,
				5A43D6F32A37AB5A0048C4B4 /* Frameworks */,
				5A43D6F42A37AB5A0048C4B4 /* CopyFiles */,
			);
			buildRules = (
			);
			dependencies = (
			);
			name = helloRayTracing;
			productName = helloRayTracing;
			productReference = 5A43D6F62A37AB5A0048C4B4 /* helloRayTracing */;
			productType = "com.apple.product-type.tool";
		};
		5A61A2782A3B8DBC00D9DA5B /* Mimosa */ = {
			isa = PBXNativeTarget;
			buildConfigurationList = 5A61A2892A3B8DBE00D9DA5B /* Build configuration list for PBXNativeTarget "Mimosa" */;
			buildPhases = (
				5A61A2752A3B8DBC00D9DA5B /* Sources */,
				5A61A2762A3B8DBC00D9DA5B /* Frameworks */,
				5A61A2772A3B8DBC00D9DA5B /* Resources */,
			);
			buildRules = (
			);
			dependencies = (
			);
			name = Mimosa;
			productName = Mimosa;
			productReference = 5A61A2792A3B8DBC00D9DA5B /* Mimosa.app */;
			productType = "com.apple.product-type.application";
		};
		5AD975032A49D6D700168B28 /* Mimosa-Swift */ = {
			isa = PBXNativeTarget;
			buildConfigurationList = 5AD975122A49D6D900168B28 /* Build configuration list for PBXNativeTarget "Mimosa-Swift" */;
			buildPhases = (
				5AD975002A49D6D700168B28 /* Sources */,
				5AD975012A49D6D700168B28 /* Frameworks */,
				5AD975022A49D6D700168B28 /* Resources */,
			);
			buildRules = (
			);
			dependencies = (
			);
			name = "Mimosa-Swift";
			productName = "Mimosa-Swift";
			productReference = 5AD975042A49D6D700168B28 /* Mimosa-Swift.app */;
			productType = "com.apple.product-type.application";
		};
		5AE195352A44A47100DD9520 /* Mimosa-IOS */ = {
			isa = PBXNativeTarget;
			buildConfigurationList = 5AE1954E2A44A47300DD9520 /* Build configuration list for PBXNativeTarget "Mimosa-IOS" */;
			buildPhases = (
				5AE195322A44A47100DD9520 /* Sources */,
				5AE195332A44A47100DD9520 /* Frameworks */,
				5AE195342A44A47100DD9520 /* Resources */,
			);
			buildRules = (
			);
			dependencies = (
			);
			name = "Mimosa-IOS";
			productName = "Mimosa-IOS";
			productReference = 5AE195362A44A47100DD9520 /* Mimosa-IOS.app */;
			productType = "com.apple.product-type.application";
		};
/* End PBXNativeTarget section */

/* Begin PBXProject section */
		5A426A0C2A2E845900EE9F46 /* Project object */ = {
			isa = PBXProject;
			attributes = {
				BuildIndependentTargetsInParallel = 1;
				LastSwiftUpdateCheck = 1500;
				LastUpgradeCheck = 1500;
				TargetAttributes = {
					5A087F5A2A350CA000BDCA99 = {
						CreatedOnToolsVersion = 14.3.1;
					};
					5A43D6F52A37AB5A0048C4B4 = {
						CreatedOnToolsVersion = 14.3.1;
					};
					5A61A2782A3B8DBC00D9DA5B = {
						CreatedOnToolsVersion = 14.3.1;
					};
					5AD975032A49D6D700168B28 = {
						CreatedOnToolsVersion = 15.0;
					};
					5AE195352A44A47100DD9520 = {
						CreatedOnToolsVersion = 15.0;
					};
				};
			};
			buildConfigurationList = 5A426A0F2A2E845900EE9F46 /* Build configuration list for PBXProject "Mimosa" */;
			compatibilityVersion = "Xcode 14.0";
			developmentRegion = en;
			hasScannedForEncodings = 0;
			knownRegions = (
				en,
				Base,
			);
			mainGroup = 5A426A0B2A2E845900EE9F46;
			productRefGroup = 5A426A152A2E845900EE9F46 /* Products */;
			projectDirPath = "";
			projectRoot = "";
			targets = (
				5A61A2782A3B8DBC00D9DA5B /* Mimosa */,
				5AE195352A44A47100DD9520 /* Mimosa-IOS */,
				5A087F5A2A350CA000BDCA99 /* helloMetal */,
				5A43D6F52A37AB5A0048C4B4 /* helloRayTracing */,
				5AD975032A49D6D700168B28 /* Mimosa-Swift */,
			);
		};
/* End PBXProject section */

/* Begin PBXResourcesBuildPhase section */
		5A61A2772A3B8DBC00D9DA5B /* Resources */ = {
			isa = PBXResourcesBuildPhase;
			buildActionMask = 2147483647;
			files = (
				5AF235272A40BF9E00CD623D /* plate3.obj in Resources */,
				5AF2352E2A40C59100CD623D /* plate2.mtl in Resources */,
				5AF2351B2A3F763500CD623D /* cylinder.obj in Resources */,
				5AF2352F2A40C59100CD623D /* floor.mtl in Resources */,
				5AF235132A3F586B00CD623D /* bunny-fine.obj in Resources */,
				5AF235312A40C59100CD623D /* plate3.mtl in Resources */,
				5AF235172A3F5EE900CD623D /* cube.obj in Resources */,
				5AF235192A3F6C0900CD623D /* teapot.obj in Resources */,
				5A61A2932A3B8E3B00D9DA5B /* Assets.xcassets in Resources */,
				5AF235152A3F5C7C00CD623D /* cone.obj in Resources */,
				5AF235252A40BF9E00CD623D /* plate1.obj in Resources */,
				5AF235322A40C59100CD623D /* plate4.mtl in Resources */,
				5AF235262A40BF9E00CD623D /* plate2.obj in Resources */,
				5AF235282A40BF9E00CD623D /* floor.obj in Resources */,
				5AF235302A40C59100CD623D /* plate1.mtl in Resources */,
				5AF2351D2A3F7ADB00CD623D /* bunny.obj in Resources */,
				5AD974A72A475E8E00168B28 /* Main.storyboard in Resources */,
				5AF235242A40BF9E00CD623D /* plate4.obj in Resources */,
			);
			runOnlyForDeploymentPostprocessing = 0;
		};
		5AD975022A49D6D700168B28 /* Resources */ = {
			isa = PBXResourcesBuildPhase;
			buildActionMask = 2147483647;
			files = (
				5AD975322A49FEB900168B28 /* 03.png in Resources */,
				5AD9751A2A49D8E800168B28 /* floor.mtl in Resources */,
				5AD9751B2A49D8E800168B28 /* plate1.mtl in Resources */,
				5AD9751C2A49D8E800168B28 /* plate2.mtl in Resources */,
				5AD9751D2A49D8E800168B28 /* plate3.mtl in Resources */,
				5AD9751E2A49D8E800168B28 /* plate4.mtl in Resources */,
				5AD9751F2A49D8E800168B28 /* plate4.obj in Resources */,
				5AD975202A49D8E800168B28 /* plate1.obj in Resources */,
				5AD975212A49D8E800168B28 /* plate2.obj in Resources */,
				5AD975222A49D8E800168B28 /* plate3.obj in Resources */,
				5AD975232A49D8E800168B28 /* floor.obj in Resources */,
				5AD975242A49D8E900168B28 /* bunny.obj in Resources */,
				5AD975342A49FEBA00168B28 /* 01.png in Resources */,
				5AD975252A49D8E900168B28 /* cylinder.obj in Resources */,
				5AD975262A49D8E900168B28 /* teapot.obj in Resources */,
				5AD975272A49D8E900168B28 /* cube.obj in Resources */,
				5AD9752D2A49E8A800168B28 /* RenderScene.storyboard in Resources */,
				5AD975282A49D8E900168B28 /* cone.obj in Resources */,
				5AD975332A49FEB900168B28 /* 02.png in Resources */,
				5AD975292A49D8E900168B28 /* bunny-fine.obj in Resources */,
				5AD9750F2A49D6D900168B28 /* Preview Assets.xcassets in Resources */,
				5AD9750B2A49D6D900168B28 /* Assets.xcassets in Resources */,
			);
			runOnlyForDeploymentPostprocessing = 0;
		};
		5AE195342A44A47100DD9520 /* Resources */ = {
			isa = PBXResourcesBuildPhase;
			buildActionMask = 2147483647;
			files = (
				5AE195532A44A7D800DD9520 /* floor.mtl in Resources */,
				5AE195542A44A7D800DD9520 /* plate1.mtl in Resources */,
				5AE195552A44A7D800DD9520 /* plate2.mtl in Resources */,
				5AE195562A44A7D800DD9520 /* plate3.mtl in Resources */,
				5AE195572A44A7D800DD9520 /* plate4.mtl in Resources */,
				5AE195582A44A7D800DD9520 /* plate4.obj in Resources */,
				5AE195592A44A7D800DD9520 /* plate1.obj in Resources */,
				5AE1955A2A44A7D800DD9520 /* plate2.obj in Resources */,
				5AE1955B2A44A7D800DD9520 /* plate3.obj in Resources */,
				5AE1955C2A44A7D800DD9520 /* floor.obj in Resources */,
				5AE1955D2A44A7D800DD9520 /* bunny.obj in Resources */,
				5AE1955E2A44A7D800DD9520 /* cylinder.obj in Resources */,
				5AE1955F2A44A7D800DD9520 /* teapot.obj in Resources */,
				5AE195602A44A7D800DD9520 /* cube.obj in Resources */,
				5AE195612A44A7D800DD9520 /* cone.obj in Resources */,
				5AE195622A44A7D800DD9520 /* bunny-fine.obj in Resources */,
				5AE195482A44A47300DD9520 /* LaunchScreen.storyboard in Resources */,
				5AE195452A44A47300DD9520 /* Assets.xcassets in Resources */,
				5AE195432A44A47100DD9520 /* Main.storyboard in Resources */,
			);
			runOnlyForDeploymentPostprocessing = 0;
		};
/* End PBXResourcesBuildPhase section */

/* Begin PBXSourcesBuildPhase section */
		5A087F572A350CA000BDCA99 /* Sources */ = {
			isa = PBXSourcesBuildPhase;
			buildActionMask = 2147483647;
			files = (
			);
			runOnlyForDeploymentPostprocessing = 0;
		};
		5A43D6F22A37AB5A0048C4B4 /* Sources */ = {
			isa = PBXSourcesBuildPhase;
			buildActionMask = 2147483647;
			files = (
			);
			runOnlyForDeploymentPostprocessing = 0;
		};
		5A61A2752A3B8DBC00D9DA5B /* Sources */ = {
			isa = PBXSourcesBuildPhase;
			buildActionMask = 2147483647;
			files = (
				5A61A2902A3B8E2C00D9DA5B /* AppDelegate.m in Sources */,
				5A61A2912A3B8E2C00D9DA5B /* mimosa.m in Sources */,
				5A61A2922A3B8E2C00D9DA5B /* ViewController.mm in Sources */,
				5A61A28C2A3B8E0D00D9DA5B /* Shaders.metal in Sources */,
				5A61A28D2A3B8E0D00D9DA5B /* Transforms.mm in Sources */,
				5A61A28E2A3B8E0D00D9DA5B /* RenderScene.mm in Sources */,
				5A61A28F2A3B8E0D00D9DA5B /* Renderer.mm in Sources */,
			);
			runOnlyForDeploymentPostprocessing = 0;
		};
		5AD975002A49D6D700168B28 /* Sources */ = {
			isa = PBXSourcesBuildPhase;
			buildActionMask = 2147483647;
			files = (
				5AD975132A49D8C000168B28 /* Shaders.metal in Sources */,
				5AD975142A49D8C000168B28 /* Transforms.mm in Sources */,
				5AD975152A49D8C000168B28 /* RenderScene.mm in Sources */,
				5AD975162A49D8C000168B28 /* Renderer.mm in Sources */,
				5AD975172A49D8C000168B28 /* ViewController.mm in Sources */,
				5AD975092A49D6D700168B28 /* ContentView.swift in Sources */,
				5AD975072A49D6D700168B28 /* Mimosa_SwiftApp.swift in Sources */,
			);
			runOnlyForDeploymentPostprocessing = 0;
		};
		5AE195322A44A47100DD9520 /* Sources */ = {
			isa = PBXSourcesBuildPhase;
			buildActionMask = 2147483647;
			files = (
				5AE1956B2A44AF5900DD9520 /* AppDelegate.m in Sources */,
				5AE1956A2A44AF2800DD9520 /* Shaders.metal in Sources */,
				5AE195692A44A8F200DD9520 /* ViewController.mm in Sources */,
				5AE195672A44A87300DD9520 /* mimosa.m in Sources */,
				5AE195642A44A7F600DD9520 /* Transforms.mm in Sources */,
				5AE195652A44A7F600DD9520 /* RenderScene.mm in Sources */,
				5AE195662A44A7F600DD9520 /* Renderer.mm in Sources */,
			);
			runOnlyForDeploymentPostprocessing = 0;
		};
/* End PBXSourcesBuildPhase section */

/* Begin PBXVariantGroup section */
		5A61A20A2A3B85FD00D9DA5B /* LaunchScreen.storyboard */ = {
			isa = PBXVariantGroup;
			children = (
				5A61A20B2A3B85FD00D9DA5B /* Base */,
			);
			name = LaunchScreen.storyboard;
			sourceTree = "<group>";
		};
		5A61A20C2A3B85FD00D9DA5B /* Main.storyboard */ = {
			isa = PBXVariantGroup;
			children = (
				5A61A20D2A3B85FD00D9DA5B /* Base */,
			);
			name = Main.storyboard;
			sourceTree = "<group>";
		};
		5AE195412A44A47100DD9520 /* Main.storyboard */ = {
			isa = PBXVariantGroup;
			children = (
				5AE195422A44A47100DD9520 /* Base */,
			);
			name = Main.storyboard;
			sourceTree = "<group>";
		};
		5AE195462A44A47300DD9520 /* LaunchScreen.storyboard */ = {
			isa = PBXVariantGroup;
			children = (
				5AE195472A44A47300DD9520 /* Base */,
			);
			name = LaunchScreen.storyboard;
			sourceTree = "<group>";
		};
/* End PBXVariantGroup section */

/* Begin XCBuildConfiguration section */
		5A087F602A350CA000BDCA99 /* Debug */ = {
			isa = XCBuildConfiguration;
			buildSettings = {
				CODE_SIGN_STYLE = Automatic;
				DEAD_CODE_STRIPPING = YES;
				DEVELOPMENT_TEAM = CAB432FF98;
				ENABLE_HARDENED_RUNTIME = YES;
				HEADER_SEARCH_PATHS = "/Users/quinton/Documents/Mimosa/metal-cpp";
				PRODUCT_NAME = "$(TARGET_NAME)";
			};
			name = Debug;
		};
		5A087F612A350CA000BDCA99 /* Release */ = {
			isa = XCBuildConfiguration;
			buildSettings = {
				CODE_SIGN_STYLE = Automatic;
				DEAD_CODE_STRIPPING = YES;
				DEVELOPMENT_TEAM = CAB432FF98;
				ENABLE_HARDENED_RUNTIME = YES;
				HEADER_SEARCH_PATHS = "/Users/quinton/Documents/Mimosa/metal-cpp";
				PRODUCT_NAME = "$(TARGET_NAME)";
			};
			name = Release;
		};
		5A426A192A2E845900EE9F46 /* Debug */ = {
			isa = XCBuildConfiguration;
			buildSettings = {
				ALWAYS_SEARCH_USER_PATHS = NO;
				CLANG_ANALYZER_NONNULL = YES;
				CLANG_ANALYZER_NUMBER_OBJECT_CONVERSION = YES_AGGRESSIVE;
				CLANG_CXX_LANGUAGE_STANDARD = "gnu++20";
				CLANG_ENABLE_MODULES = YES;
				CLANG_ENABLE_OBJC_ARC = YES;
				CLANG_ENABLE_OBJC_WEAK = YES;
				CLANG_WARN_BLOCK_CAPTURE_AUTORELEASING = YES;
				CLANG_WARN_BOOL_CONVERSION = YES;
				CLANG_WARN_COMMA = YES;
				CLANG_WARN_CONSTANT_CONVERSION = YES;
				CLANG_WARN_DEPRECATED_OBJC_IMPLEMENTATIONS = YES;
				CLANG_WARN_DIRECT_OBJC_ISA_USAGE = YES_ERROR;
				CLANG_WARN_DOCUMENTATION_COMMENTS = YES;
				CLANG_WARN_EMPTY_BODY = YES;
				CLANG_WARN_ENUM_CONVERSION = YES;
				CLANG_WARN_INFINITE_RECURSION = YES;
				CLANG_WARN_INT_CONVERSION = YES;
				CLANG_WARN_NON_LITERAL_NULL_CONVERSION = YES;
				CLANG_WARN_OBJC_IMPLICIT_RETAIN_SELF = YES;
				CLANG_WARN_OBJC_LITERAL_CONVERSION = YES;
				CLANG_WARN_OBJC_ROOT_CLASS = YES_ERROR;
				CLANG_WARN_QUOTED_INCLUDE_IN_FRAMEWORK_HEADER = YES;
				CLANG_WARN_RANGE_LOOP_ANALYSIS = YES;
				CLANG_WARN_STRICT_PROTOTYPES = YES;
				CLANG_WARN_SUSPICIOUS_MOVE = YES;
				CLANG_WARN_UNGUARDED_AVAILABILITY = YES_AGGRESSIVE;
				CLANG_WARN_UNREACHABLE_CODE = YES;
				CLANG_WARN__DUPLICATE_METHOD_MATCH = YES;
				COPY_PHASE_STRIP = NO;
				DEAD_CODE_STRIPPING = YES;
				DEBUG_INFORMATION_FORMAT = dwarf;
				ENABLE_STRICT_OBJC_MSGSEND = YES;
				ENABLE_TESTABILITY = YES;
				GCC_C_LANGUAGE_STANDARD = gnu11;
				GCC_DYNAMIC_NO_PIC = NO;
				GCC_NO_COMMON_BLOCKS = YES;
				GCC_OPTIMIZATION_LEVEL = 0;
				GCC_PREPROCESSOR_DEFINITIONS = (
					"DEBUG=1",
					"$(inherited)",
				);
				GCC_WARN_64_TO_32_BIT_CONVERSION = YES;
				GCC_WARN_ABOUT_RETURN_TYPE = YES_ERROR;
				GCC_WARN_UNDECLARED_SELECTOR = YES;
				GCC_WARN_UNINITIALIZED_AUTOS = YES_AGGRESSIVE;
				GCC_WARN_UNUSED_FUNCTION = YES;
				GCC_WARN_UNUSED_VARIABLE = YES;
				HEADER_SEARCH_PATHS = /Users/quinton/Documents/Mimosa/Mimosa;
				MACOSX_DEPLOYMENT_TARGET = 13.3;
				MTL_ENABLE_DEBUG_INFO = INCLUDE_SOURCE;
				MTL_FAST_MATH = YES;
				ONLY_ACTIVE_ARCH = YES;
				SDKROOT = macosx;
			};
			name = Debug;
		};
		5A426A1A2A2E845900EE9F46 /* Release */ = {
			isa = XCBuildConfiguration;
			buildSettings = {
				ALWAYS_SEARCH_USER_PATHS = NO;
				CLANG_ANALYZER_NONNULL = YES;
				CLANG_ANALYZER_NUMBER_OBJECT_CONVERSION = YES_AGGRESSIVE;
				CLANG_CXX_LANGUAGE_STANDARD = "gnu++20";
				CLANG_ENABLE_MODULES = YES;
				CLANG_ENABLE_OBJC_ARC = YES;
				CLANG_ENABLE_OBJC_WEAK = YES;
				CLANG_WARN_BLOCK_CAPTURE_AUTORELEASING = YES;
				CLANG_WARN_BOOL_CONVERSION = YES;
				CLANG_WARN_COMMA = YES;
				CLANG_WARN_CONSTANT_CONVERSION = YES;
				CLANG_WARN_DEPRECATED_OBJC_IMPLEMENTATIONS = YES;
				CLANG_WARN_DIRECT_OBJC_ISA_USAGE = YES_ERROR;
				CLANG_WARN_DOCUMENTATION_COMMENTS = YES;
				CLANG_WARN_EMPTY_BODY = YES;
				CLANG_WARN_ENUM_CONVERSION = YES;
				CLANG_WARN_INFINITE_RECURSION = YES;
				CLANG_WARN_INT_CONVERSION = YES;
				CLANG_WARN_NON_LITERAL_NULL_CONVERSION = YES;
				CLANG_WARN_OBJC_IMPLICIT_RETAIN_SELF = YES;
				CLANG_WARN_OBJC_LITERAL_CONVERSION = YES;
				CLANG_WARN_OBJC_ROOT_CLASS = YES_ERROR;
				CLANG_WARN_QUOTED_INCLUDE_IN_FRAMEWORK_HEADER = YES;
				CLANG_WARN_RANGE_LOOP_ANALYSIS = YES;
				CLANG_WARN_STRICT_PROTOTYPES = YES;
				CLANG_WARN_SUSPICIOUS_MOVE = YES;
				CLANG_WARN_UNGUARDED_AVAILABILITY = YES_AGGRESSIVE;
				CLANG_WARN_UNREACHABLE_CODE = YES;
				CLANG_WARN__DUPLICATE_METHOD_MATCH = YES;
				COPY_PHASE_STRIP = NO;
				DEAD_CODE_STRIPPING = YES;
				DEBUG_INFORMATION_FORMAT = "dwarf-with-dsym";
				ENABLE_NS_ASSERTIONS = NO;
				ENABLE_STRICT_OBJC_MSGSEND = YES;
				GCC_C_LANGUAGE_STANDARD = gnu11;
				GCC_NO_COMMON_BLOCKS = YES;
				GCC_WARN_64_TO_32_BIT_CONVERSION = YES;
				GCC_WARN_ABOUT_RETURN_TYPE = YES_ERROR;
				GCC_WARN_UNDECLARED_SELECTOR = YES;
				GCC_WARN_UNINITIALIZED_AUTOS = YES_AGGRESSIVE;
				GCC_WARN_UNUSED_FUNCTION = YES;
				GCC_WARN_UNUSED_VARIABLE = YES;
				HEADER_SEARCH_PATHS = /Users/quinton/Documents/Mimosa/Mimosa;
				MACOSX_DEPLOYMENT_TARGET = 13.3;
				MTL_ENABLE_DEBUG_INFO = NO;
				MTL_FAST_MATH = YES;
				SDKROOT = macosx;
			};
			name = Release;
		};
		5A43D6FA2A37AB5B0048C4B4 /* Debug */ = {
			isa = XCBuildConfiguration;
			buildSettings = {
				CODE_SIGN_STYLE = Automatic;
				DEAD_CODE_STRIPPING = YES;
				DEVELOPMENT_TEAM = CAB432FF98;
				ENABLE_HARDENED_RUNTIME = YES;
				HEADER_SEARCH_PATHS = (
					"/Users/quinton/Documents/Mimosa/metal-cpp",
					"/Users/quinton/Documents/Mimosa/metal-cpp-extensions",
				);
				PRODUCT_NAME = "$(TARGET_NAME)";
			};
			name = Debug;
		};
		5A43D6FB2A37AB5B0048C4B4 /* Release */ = {
			isa = XCBuildConfiguration;
			buildSettings = {
				CODE_SIGN_STYLE = Automatic;
				DEAD_CODE_STRIPPING = YES;
				DEVELOPMENT_TEAM = CAB432FF98;
				ENABLE_HARDENED_RUNTIME = YES;
				HEADER_SEARCH_PATHS = (
					"/Users/quinton/Documents/Mimosa/metal-cpp",
					"/Users/quinton/Documents/Mimosa/metal-cpp-extensions",
				);
				PRODUCT_NAME = "$(TARGET_NAME)";
			};
			name = Release;
		};
		5A61A28A2A3B8DBE00D9DA5B /* Debug */ = {
			isa = XCBuildConfiguration;
			buildSettings = {
				ASSETCATALOG_COMPILER_APPICON_NAME = AppIcon;
				ASSETCATALOG_COMPILER_GLOBAL_ACCENT_COLOR_NAME = AccentColor;
				ASSETCATALOG_COMPILER_INCLUDE_ALL_APPICON_ASSETS = NO;
				CODE_SIGN_ENTITLEMENTS = Mimosa/Mimosa.entitlements;
				CODE_SIGN_STYLE = Automatic;
				COMBINE_HIDPI_IMAGES = YES;
				CURRENT_PROJECT_VERSION = 1;
				DEAD_CODE_STRIPPING = YES;
				DEVELOPMENT_TEAM = CAB432FF98;
				ENABLE_HARDENED_RUNTIME = YES;
				GCC_PREPROCESSOR_DEFINITIONS = (
					"DEBUG=1",
					"$(inherited)",
					"SUPPORTS_METAL_3=1",
				);
				GENERATE_INFOPLIST_FILE = YES;
				INFOPLIST_KEY_NSHumanReadableCopyright = "";
				INFOPLIST_KEY_NSMainStoryboardFile = Main;
				INFOPLIST_KEY_NSPrincipalClass = NSApplication;
				INFOPLIST_KEY_UILaunchStoryboardName = "";
				LD_RUNPATH_SEARCH_PATHS = (
					"$(inherited)",
					"@executable_path/../Frameworks",
				);
				MACOSX_DEPLOYMENT_TARGET = 13.0;
				MARKETING_VERSION = 1.0;
				MTL_PREPROCESSOR_DEFINITIONS = "SUPPORTS_METAL_3=1";
				PRODUCT_BUNDLE_IDENTIFIER = Q.Mimosa;
				PRODUCT_NAME = "$(TARGET_NAME)";
				SWIFT_EMIT_LOC_STRINGS = YES;
			};
			name = Debug;
		};
		5A61A28B2A3B8DBE00D9DA5B /* Release */ = {
			isa = XCBuildConfiguration;
			buildSettings = {
				ASSETCATALOG_COMPILER_APPICON_NAME = AppIcon;
				ASSETCATALOG_COMPILER_GLOBAL_ACCENT_COLOR_NAME = AccentColor;
				ASSETCATALOG_COMPILER_INCLUDE_ALL_APPICON_ASSETS = NO;
				CODE_SIGN_ENTITLEMENTS = Mimosa/Mimosa.entitlements;
				CODE_SIGN_STYLE = Automatic;
				COMBINE_HIDPI_IMAGES = YES;
				CURRENT_PROJECT_VERSION = 1;
				DEAD_CODE_STRIPPING = YES;
				DEVELOPMENT_TEAM = CAB432FF98;
				ENABLE_HARDENED_RUNTIME = YES;
				GCC_PREPROCESSOR_DEFINITIONS = "SUPPORTS_METAL_3=1";
				GENERATE_INFOPLIST_FILE = YES;
				INFOPLIST_KEY_NSHumanReadableCopyright = "";
				INFOPLIST_KEY_NSMainStoryboardFile = Main;
				INFOPLIST_KEY_NSPrincipalClass = NSApplication;
				INFOPLIST_KEY_UILaunchStoryboardName = "";
				LD_RUNPATH_SEARCH_PATHS = (
					"$(inherited)",
					"@executable_path/../Frameworks",
				);
				MACOSX_DEPLOYMENT_TARGET = 13.0;
				MARKETING_VERSION = 1.0;
				MTL_PREPROCESSOR_DEFINITIONS = "SUPPORTS_METAL_3=1";
				PRODUCT_BUNDLE_IDENTIFIER = Q.Mimosa;
				PRODUCT_NAME = "$(TARGET_NAME)";
				SWIFT_EMIT_LOC_STRINGS = YES;
			};
			name = Release;
		};
		5AD975102A49D6D900168B28 /* Debug */ = {
			isa = XCBuildConfiguration;
			buildSettings = {
				ALLOW_TARGET_PLATFORM_SPECIALIZATION = YES;
				ASSETCATALOG_COMPILER_APPICON_NAME = AppIcon;
				ASSETCATALOG_COMPILER_GENERATE_SWIFT_ASSET_SYMBOL_EXTENSIONS = YES;
				ASSETCATALOG_COMPILER_GLOBAL_ACCENT_COLOR_NAME = AccentColor;
				CODE_SIGN_ENTITLEMENTS = "Mimosa-Swift/Mimosa_Swift.entitlements";
				CODE_SIGN_STYLE = Automatic;
				CURRENT_PROJECT_VERSION = 1;
				DEVELOPMENT_ASSET_PATHS = "\"Mimosa-Swift/Preview Content\"";
				DEVELOPMENT_TEAM = CAB432FF98;
				ENABLE_HARDENED_RUNTIME = YES;
				ENABLE_PREVIEWS = YES;
				ENABLE_USER_SCRIPT_SANDBOXING = YES;
				GCC_C_LANGUAGE_STANDARD = gnu17;
				GCC_PREPROCESSOR_DEFINITIONS = (
					"DEBUG=1",
					"$(inherited)",
					"SUPPORTS_METAL_3=1",
				);
				GENERATE_INFOPLIST_FILE = YES;
				"INFOPLIST_KEY_UIApplicationSceneManifest_Generation[sdk=iphoneos*]" = YES;
				"INFOPLIST_KEY_UIApplicationSceneManifest_Generation[sdk=iphonesimulator*]" = YES;
				"INFOPLIST_KEY_UIApplicationSupportsIndirectInputEvents[sdk=iphoneos*]" = YES;
				"INFOPLIST_KEY_UIApplicationSupportsIndirectInputEvents[sdk=iphonesimulator*]" = YES;
				"INFOPLIST_KEY_UILaunchScreen_Generation[sdk=iphoneos*]" = YES;
				"INFOPLIST_KEY_UILaunchScreen_Generation[sdk=iphonesimulator*]" = YES;
				"INFOPLIST_KEY_UIStatusBarStyle[sdk=iphoneos*]" = UIStatusBarStyleDefault;
				"INFOPLIST_KEY_UIStatusBarStyle[sdk=iphonesimulator*]" = UIStatusBarStyleDefault;
				INFOPLIST_KEY_UISupportedInterfaceOrientations_iPad = "UIInterfaceOrientationPortrait UIInterfaceOrientationPortraitUpsideDown UIInterfaceOrientationLandscapeLeft UIInterfaceOrientationLandscapeRight";
				INFOPLIST_KEY_UISupportedInterfaceOrientations_iPhone = "UIInterfaceOrientationPortrait UIInterfaceOrientationLandscapeLeft UIInterfaceOrientationLandscapeRight";
				IPHONEOS_DEPLOYMENT_TARGET = 17.0;
				LD_RUNPATH_SEARCH_PATHS = "@executable_path/Frameworks";
				"LD_RUNPATH_SEARCH_PATHS[sdk=macosx*]" = "@executable_path/../Frameworks";
				LOCALIZATION_PREFERS_STRING_CATALOGS = YES;
				MACOSX_DEPLOYMENT_TARGET = 14.0;
				MARKETING_VERSION = 1.0;
				PRODUCT_BUNDLE_IDENTIFIER = "QuintonQ.Mimosa-Swift";
				PRODUCT_NAME = "$(TARGET_NAME)";
				SDKROOT = macosx14.0;
				SUPPORTED_PLATFORMS = "xrsimulator xros watchsimulator watchos macosx iphonesimulator iphoneos driverkit appletvsimulator appletvos";
				SUPPORTS_MACCATALYST = YES;
				SWIFT_ACTIVE_COMPILATION_CONDITIONS = "DEBUG $(inherited)";
				SWIFT_EMIT_LOC_STRINGS = YES;
				SWIFT_OBJC_BRIDGING_HEADER = "./Mimosa-Swift/-Bridging-Header.h";
				SWIFT_OBJC_INTEROP_MODE = objcxx;
				SWIFT_OPTIMIZATION_LEVEL = "-Onone";
				SWIFT_VERSION = 5.0;
				TARGETED_DEVICE_FAMILY = "1,2";
			};
			name = Debug;
		};
		5AD975112A49D6D900168B28 /* Release */ = {
			isa = XCBuildConfiguration;
			buildSettings = {
				ALLOW_TARGET_PLATFORM_SPECIALIZATION = YES;
				ASSETCATALOG_COMPILER_APPICON_NAME = AppIcon;
				ASSETCATALOG_COMPILER_GENERATE_SWIFT_ASSET_SYMBOL_EXTENSIONS = YES;
				ASSETCATALOG_COMPILER_GLOBAL_ACCENT_COLOR_NAME = AccentColor;
				CODE_SIGN_ENTITLEMENTS = "Mimosa-Swift/Mimosa_Swift.entitlements";
				CODE_SIGN_STYLE = Automatic;
				CURRENT_PROJECT_VERSION = 1;
				DEVELOPMENT_ASSET_PATHS = "\"Mimosa-Swift/Preview Content\"";
				DEVELOPMENT_TEAM = CAB432FF98;
				ENABLE_HARDENED_RUNTIME = YES;
				ENABLE_PREVIEWS = YES;
				ENABLE_USER_SCRIPT_SANDBOXING = YES;
				GCC_C_LANGUAGE_STANDARD = gnu17;
				GCC_PREPROCESSOR_DEFINITIONS = "SUPPORTS_METAL_3=1";
				GENERATE_INFOPLIST_FILE = YES;
				"INFOPLIST_KEY_UIApplicationSceneManifest_Generation[sdk=iphoneos*]" = YES;
				"INFOPLIST_KEY_UIApplicationSceneManifest_Generation[sdk=iphonesimulator*]" = YES;
				"INFOPLIST_KEY_UIApplicationSupportsIndirectInputEvents[sdk=iphoneos*]" = YES;
				"INFOPLIST_KEY_UIApplicationSupportsIndirectInputEvents[sdk=iphonesimulator*]" = YES;
				"INFOPLIST_KEY_UILaunchScreen_Generation[sdk=iphoneos*]" = YES;
				"INFOPLIST_KEY_UILaunchScreen_Generation[sdk=iphonesimulator*]" = YES;
				"INFOPLIST_KEY_UIStatusBarStyle[sdk=iphoneos*]" = UIStatusBarStyleDefault;
				"INFOPLIST_KEY_UIStatusBarStyle[sdk=iphonesimulator*]" = UIStatusBarStyleDefault;
				INFOPLIST_KEY_UISupportedInterfaceOrientations_iPad = "UIInterfaceOrientationPortrait UIInterfaceOrientationPortraitUpsideDown UIInterfaceOrientationLandscapeLeft UIInterfaceOrientationLandscapeRight";
				INFOPLIST_KEY_UISupportedInterfaceOrientations_iPhone = "UIInterfaceOrientationPortrait UIInterfaceOrientationLandscapeLeft UIInterfaceOrientationLandscapeRight";
				IPHONEOS_DEPLOYMENT_TARGET = 17.0;
				LD_RUNPATH_SEARCH_PATHS = "@executable_path/Frameworks";
				"LD_RUNPATH_SEARCH_PATHS[sdk=macosx*]" = "@executable_path/../Frameworks";
				LOCALIZATION_PREFERS_STRING_CATALOGS = YES;
				MACOSX_DEPLOYMENT_TARGET = 14.0;
				MARKETING_VERSION = 1.0;
				PRODUCT_BUNDLE_IDENTIFIER = "QuintonQ.Mimosa-Swift";
				PRODUCT_NAME = "$(TARGET_NAME)";
				SDKROOT = macosx14.0;
				SUPPORTED_PLATFORMS = "xrsimulator xros watchsimulator watchos macosx iphonesimulator iphoneos driverkit appletvsimulator appletvos";
				SUPPORTS_MACCATALYST = YES;
				SWIFT_COMPILATION_MODE = wholemodule;
				SWIFT_EMIT_LOC_STRINGS = YES;
				SWIFT_OBJC_BRIDGING_HEADER = "./Mimosa-Swift/-Bridging-Header.h";
				SWIFT_OBJC_INTEROP_MODE = objcxx;
				SWIFT_VERSION = 5.0;
				TARGETED_DEVICE_FAMILY = "1,2";
			};
			name = Release;
		};
		5AE1954C2A44A47300DD9520 /* Debug */ = {
			isa = XCBuildConfiguration;
			buildSettings = {
				ASSETCATALOG_COMPILER_APPICON_NAME = AppIcon;
				ASSETCATALOG_COMPILER_GENERATE_SWIFT_ASSET_SYMBOL_EXTENSIONS = YES;
				ASSETCATALOG_COMPILER_GLOBAL_ACCENT_COLOR_NAME = AccentColor;
				CODE_SIGN_STYLE = Automatic;
				CURRENT_PROJECT_VERSION = 1;
				DEVELOPMENT_TEAM = CAB432FF98;
				ENABLE_USER_SCRIPT_SANDBOXING = YES;
				GCC_C_LANGUAGE_STANDARD = gnu17;
				GCC_PREPROCESSOR_DEFINITIONS = (
					"DEBUG=1",
					"$(inherited)",
					"SUPPORTS_METAL_3=1",
				);
				GENERATE_INFOPLIST_FILE = YES;
				INFOPLIST_FILE = "Mimosa-IOS/Info.plist";
				INFOPLIST_KEY_CFBundleDisplayName = Mimosa;
				INFOPLIST_KEY_UIApplicationSupportsIndirectInputEvents = YES;
				INFOPLIST_KEY_UILaunchStoryboardName = LaunchScreen;
				INFOPLIST_KEY_UIMainStoryboardFile = Main;
				INFOPLIST_KEY_UISupportedInterfaceOrientations_iPad = "UIInterfaceOrientationPortrait UIInterfaceOrientationPortraitUpsideDown UIInterfaceOrientationLandscapeLeft UIInterfaceOrientationLandscapeRight";
				INFOPLIST_KEY_UISupportedInterfaceOrientations_iPhone = "UIInterfaceOrientationPortrait UIInterfaceOrientationLandscapeLeft UIInterfaceOrientationLandscapeRight";
				IPHONEOS_DEPLOYMENT_TARGET = 17.0;
				LD_RUNPATH_SEARCH_PATHS = (
					"$(inherited)",
					"@executable_path/Frameworks",
				);
				LOCALIZATION_PREFERS_STRING_CATALOGS = YES;
				MARKETING_VERSION = 1.0;
				PRODUCT_BUNDLE_IDENTIFIER = "QuintonQ.Mimosa-IOS";
				PRODUCT_NAME = "$(TARGET_NAME)";
				SDKROOT = iphoneos;
				SWIFT_EMIT_LOC_STRINGS = YES;
				TARGETED_DEVICE_FAMILY = "1,2";
			};
			name = Debug;
		};
		5AE1954D2A44A47300DD9520 /* Release */ = {
			isa = XCBuildConfiguration;
			buildSettings = {
				ASSETCATALOG_COMPILER_APPICON_NAME = AppIcon;
				ASSETCATALOG_COMPILER_GENERATE_SWIFT_ASSET_SYMBOL_EXTENSIONS = YES;
				ASSETCATALOG_COMPILER_GLOBAL_ACCENT_COLOR_NAME = AccentColor;
				CODE_SIGN_STYLE = Automatic;
				CURRENT_PROJECT_VERSION = 1;
				DEVELOPMENT_TEAM = CAB432FF98;
				ENABLE_USER_SCRIPT_SANDBOXING = YES;
				GCC_C_LANGUAGE_STANDARD = gnu17;
				GCC_PREPROCESSOR_DEFINITIONS = "SUPPORTS_METAL_3=1";
				GENERATE_INFOPLIST_FILE = YES;
				INFOPLIST_FILE = "Mimosa-IOS/Info.plist";
				INFOPLIST_KEY_CFBundleDisplayName = Mimosa;
				INFOPLIST_KEY_UIApplicationSupportsIndirectInputEvents = YES;
				INFOPLIST_KEY_UILaunchStoryboardName = LaunchScreen;
				INFOPLIST_KEY_UIMainStoryboardFile = Main;
				INFOPLIST_KEY_UISupportedInterfaceOrientations_iPad = "UIInterfaceOrientationPortrait UIInterfaceOrientationPortraitUpsideDown UIInterfaceOrientationLandscapeLeft UIInterfaceOrientationLandscapeRight";
				INFOPLIST_KEY_UISupportedInterfaceOrientations_iPhone = "UIInterfaceOrientationPortrait UIInterfaceOrientationLandscapeLeft UIInterfaceOrientationLandscapeRight";
				IPHONEOS_DEPLOYMENT_TARGET = 17.0;
				LD_RUNPATH_SEARCH_PATHS = (
					"$(inherited)",
					"@executable_path/Frameworks",
				);
				LOCALIZATION_PREFERS_STRING_CATALOGS = YES;
				MARKETING_VERSION = 1.0;
				PRODUCT_BUNDLE_IDENTIFIER = "QuintonQ.Mimosa-IOS";
				PRODUCT_NAME = "$(TARGET_NAME)";
				SDKROOT = iphoneos;
				SWIFT_EMIT_LOC_STRINGS = YES;
				TARGETED_DEVICE_FAMILY = "1,2";
				VALIDATE_PRODUCT = YES;
			};
			name = Release;
		};
/* End XCBuildConfiguration section */

/* Begin XCConfigurationList section */
		5A087F5F2A350CA000BDCA99 /* Build configuration list for PBXNativeTarget "helloMetal" */ = {
			isa = XCConfigurationList;
			buildConfigurations = (
				5A087F602A350CA000BDCA99 /* Debug */,
				5A087F612A350CA000BDCA99 /* Release */,
			);
			defaultConfigurationIsVisible = 0;
			defaultConfigurationName = Release;
		};
		5A426A0F2A2E845900EE9F46 /* Build configuration list for PBXProject "Mimosa" */ = {
			isa = XCConfigurationList;
			buildConfigurations = (
				5A426A192A2E845900EE9F46 /* Debug */,
				5A426A1A2A2E845900EE9F46 /* Release */,
			);
			defaultConfigurationIsVisible = 0;
			defaultConfigurationName = Release;
		};
		5A43D6FC2A37AB5B0048C4B4 /* Build configuration list for PBXNativeTarget "helloRayTracing" */ = {
			isa = XCConfigurationList;
			buildConfigurations = (
				5A43D6FA2A37AB5B0048C4B4 /* Debug */,
				5A43D6FB2A37AB5B0048C4B4 /* Release */,
			);
			defaultConfigurationIsVisible = 0;
			defaultConfigurationName = Release;
		};
		5A61A2892A3B8DBE00D9DA5B /* Build configuration list for PBXNativeTarget "Mimosa" */ = {
			isa = XCConfigurationList;
			buildConfigurations = (
				5A61A28A2A3B8DBE00D9DA5B /* Debug */,
				5A61A28B2A3B8DBE00D9DA5B /* Release */,
			);
			defaultConfigurationIsVisible = 0;
			defaultConfigurationName = Release;
		};
		5AD975122A49D6D900168B28 /* Build configuration list for PBXNativeTarget "Mimosa-Swift" */ = {
			isa = XCConfigurationList;
			buildConfigurations = (
				5AD975102A49D6D900168B28 /* Debug */,
				5AD975112A49D6D900168B28 /* Release */,
			);
			defaultConfigurationIsVisible = 0;
			defaultConfigurationName = Release;
		};
		5AE1954E2A44A47300DD9520 /* Build configuration list for PBXNativeTarget "Mimosa-IOS" */ = {
			isa = XCConfigurationList;
			buildConfigurations = (
				5AE1954C2A44A47300DD9520 /* Debug */,
				5AE1954D2A44A47300DD9520 /* Release */,
			);
			defaultConfigurationIsVisible = 0;
			defaultConfigurationName = Release;
		};
/* End XCConfigurationList section */
	};
	rootObject = 5A426A0C2A2E845900EE9F46 /* Project object */;
}
